// !$*UTF8*$!
{
	archiveVersion = 1;
	classes = {
	};
	objectVersion = 46;
	objects = {

/* Begin PBXBuildFile section */
		186C899A1A3697AF00051DEE /* AppDelegate.swift in Sources */ = {isa = PBXBuildFile; fileRef = 186C89991A3697AF00051DEE /* AppDelegate.swift */; };
		186C899C1A3697AF00051DEE /* ViewController.swift in Sources */ = {isa = PBXBuildFile; fileRef = 186C899B1A3697AF00051DEE /* ViewController.swift */; };
		186C899F1A3697AF00051DEE /* Main.storyboard in Resources */ = {isa = PBXBuildFile; fileRef = 186C899D1A3697AF00051DEE /* Main.storyboard */; };
		186C89A11A3697AF00051DEE /* Images.xcassets in Resources */ = {isa = PBXBuildFile; fileRef = 186C89A01A3697AF00051DEE /* Images.xcassets */; };
		186C89A41A3697AF00051DEE /* LaunchScreen.xib in Resources */ = {isa = PBXBuildFile; fileRef = 186C89A21A3697AF00051DEE /* LaunchScreen.xib */; };
		186C89B01A3697AF00051DEE /* Cat_YearsTests.swift in Sources */ = {isa = PBXBuildFile; fileRef = 186C89AF1A3697AF00051DEE /* Cat_YearsTests.swift */; };
		186E56191A39A968009CBB5C /* cat.jpg in Resources */ = {isa = PBXBuildFile; fileRef = 186E56181A39A968009CBB5C /* cat.jpg */; };
/* End PBXBuildFile section */

/* Begin PBXContainerItemProxy section */
		186C89AA1A3697AF00051DEE /* PBXContainerItemProxy */ = {
			isa = PBXContainerItemProxy;
			containerPortal = 186C898C1A3697AF00051DEE /* Project object */;
			proxyType = 1;
			remoteGlobalIDString = 186C89931A3697AF00051DEE;
			remoteInfo = "Cat Years";
		};
/* End PBXContainerItemProxy section */

/* Begin PBXFileReference section */
		186C89941A3697AF00051DEE /* Cat Years.app */ = {isa = PBXFileReference; explicitFileType = wrapper.application; includeInIndex = 0; path = "Cat Years.app"; sourceTree = BUILT_PRODUCTS_DIR; };
		186C89981A3697AF00051DEE /* Info.plist */ = {isa = PBXFileReference; lastKnownFileType = text.plist.xml; path = Info.plist; sourceTree = "<group>"; };
		186C89991A3697AF00051DEE /* AppDelegate.swift */ = {isa = PBXFileReference; lastKnownFileType = sourcecode.swift; path = AppDelegate.swift; sourceTree = "<group>"; };
		186C899B1A3697AF00051DEE /* ViewController.swift */ = {isa = PBXFileReference; lastKnownFileType = sourcecode.swift; path = ViewController.swift; sourceTree = "<group>"; };
		186C899E1A3697AF00051DEE /* Base */ = {isa = PBXFileReference; lastKnownFileType = file.storyboard; name = Base; path = Base.lproj/Main.storyboard; sourceTree = "<group>"; };
		186C89A01A3697AF00051DEE /* Images.xcassets */ = {isa = PBXFileReference; lastKnownFileType = folder.assetcatalog; path = Images.xcassets; sourceTree = "<group>"; };
		186C89A31A3697AF00051DEE /* Base */ = {isa = PBXFileReference; lastKnownFileType = file.xib; name = Base; path = Base.lproj/LaunchScreen.xib; sourceTree = "<group>"; };
		186C89A91A3697AF00051DEE /* Cat YearsTests.xctest */ = {isa = PBXFileReference; explicitFileType = wrapper.cfbundle; includeInIndex = 0; path = "Cat YearsTests.xctest"; sourceTree = BUILT_PRODUCTS_DIR; };
		186C89AE1A3697AF00051DEE /* Info.plist */ = {isa = PBXFileReference; lastKnownFileType = text.plist.xml; path = Info.plist; sourceTree = "<group>"; };
		186C89AF1A3697AF00051DEE /* Cat_YearsTests.swift */ = {isa = PBXFileReference; lastKnownFileType = sourcecode.swift; path = Cat_YearsTests.swift; sourceTree = "<group>"; };
		186E56181A39A968009CBB5C /* cat.jpg */ = {isa = PBXFileReference; lastKnownFileType = image.jpeg; path = cat.jpg; sourceTree = "<group>"; };
/* End PBXFileReference section */

/* Begin PBXFrameworksBuildPhase section */
		186C89911A3697AF00051DEE /* Frameworks */ = {
			isa = PBXFrameworksBuildPhase;
			buildActionMask = 2147483647;
			files = (
			);
			runOnlyForDeploymentPostprocessing = 0;
		};
		186C89A61A3697AF00051DEE /* Frameworks */ = {
			isa = PBXFrameworksBuildPhase;
			buildActionMask = 2147483647;
			files = (
			);
			runOnlyForDeploymentPostprocessing = 0;
		};
/* End PBXFrameworksBuildPhase section */

/* Begin PBXGroup section */
		186C898B1A3697AF00051DEE = {
			isa = PBXGroup;
			children = (
				186C89961A3697AF00051DEE /* Cat Years */,
				186C89AC1A3697AF00051DEE /* Cat YearsTests */,
				186C89951A3697AF00051DEE /* Products */,
			);
			sourceTree = "<group>";
		};
		186C89951A3697AF00051DEE /* Products */ = {
			isa = PBXGroup;
			children = (
				186C89941A3697AF00051DEE /* Cat Years.app */,
				186C89A91A3697AF00051DEE /* Cat YearsTests.xctest */,
			);
			name = Products;
			sourceTree = "<group>";
		};
		186C89961A3697AF00051DEE /* Cat Years */ = {
			isa = PBXGroup;
			children = (
				186E56181A39A968009CBB5C /* cat.jpg */,
				186C89991A3697AF00051DEE /* AppDelegate.swift */,
				186C899B1A3697AF00051DEE /* ViewController.swift */,
				186C899D1A3697AF00051DEE /* Main.storyboard */,
				186C89A01A3697AF00051DEE /* Images.xcassets */,
				186C89A21A3697AF00051DEE /* LaunchScreen.xib */,
				186C89971A3697AF00051DEE /* Supporting Files */,
			);
			path = "Cat Years";
			sourceTree = "<group>";
		};
		186C89971A3697AF00051DEE /* Supporting Files */ = {
			isa = PBXGroup;
			children = (
				186C89981A3697AF00051DEE /* Info.plist */,
			);
			name = "Supporting Files";
			sourceTree = "<group>";
		};
		186C89AC1A3697AF00051DEE /* Cat YearsTests */ = {
			isa = PBXGroup;
			children = (
				186C89AF1A3697AF00051DEE /* Cat_YearsTests.swift */,
				186C89AD1A3697AF00051DEE /* Supporting Files */,
			);
			path = "Cat YearsTests";
			sourceTree = "<group>";
		};
		186C89AD1A3697AF00051DEE /* Supporting Files */ = {
			isa = PBXGroup;
			children = (
				186C89AE1A3697AF00051DEE /* Info.plist */,
			);
			name = "Supporting Files";
			sourceTree = "<group>";
		};
/* End PBXGroup section */

/* Begin PBXNativeTarget section */
		186C89931A3697AF00051DEE /* Cat Years */ = {
			isa = PBXNativeTarget;
			buildConfigurationList = 186C89B31A3697AF00051DEE /* Build configuration list for PBXNativeTarget "Cat Years" */;
			buildPhases = (
				186C89901A3697AF00051DEE /* Sources */,
				186C89911A3697AF00051DEE /* Frameworks */,
				186C89921A3697AF00051DEE /* Resources */,
			);
			buildRules = (
			);
			dependencies = (
			);
			name = "Cat Years";
			productName = "Cat Years";
			productReference = 186C89941A3697AF00051DEE /* Cat Years.app */;
			productType = "com.apple.product-type.application";
		};
		186C89A81A3697AF00051DEE /* Cat YearsTests */ = {
			isa = PBXNativeTarget;
			buildConfigurationList = 186C89B61A3697AF00051DEE /* Build configuration list for PBXNativeTarget "Cat YearsTests" */;
			buildPhases = (
				186C89A51A3697AF00051DEE /* Sources */,
				186C89A61A3697AF00051DEE /* Frameworks */,
				186C89A71A3697AF00051DEE /* Resources */,
			);
			buildRules = (
			);
			dependencies = (
				186C89AB1A3697AF00051DEE /* PBXTargetDependency */,
			);
			name = "Cat YearsTests";
			productName = "Cat YearsTests";
			productReference = 186C89A91A3697AF00051DEE /* Cat YearsTests.xctest */;
			productType = "com.apple.product-type.bundle.unit-test";
		};
/* End PBXNativeTarget section */

/* Begin PBXProject section */
		186C898C1A3697AF00051DEE /* Project object */ = {
			isa = PBXProject;
			attributes = {
				LastUpgradeCheck = 0610;
				ORGANIZATIONNAME = Appfish;
				TargetAttributes = {
					186C89931A3697AF00051DEE = {
						CreatedOnToolsVersion = 6.1.1;
					};
					186C89A81A3697AF00051DEE = {
						CreatedOnToolsVersion = 6.1.1;
						TestTargetID = 186C89931A3697AF00051DEE;
					};
				};
			};
			buildConfigurationList = 186C898F1A3697AF00051DEE /* Build configuration list for PBXProject "Cat Years" */;
			compatibilityVersion = "Xcode 3.2";
			developmentRegion = English;
			hasScannedForEncodings = 0;
			knownRegions = (
				en,
				Base,
			);
			mainGroup = 186C898B1A3697AF00051DEE;
			productRefGroup = 186C89951A3697AF00051DEE /* Products */;
			projectDirPath = "";
			projectRoot = "";
			targets = (
				186C89931A3697AF00051DEE /* Cat Years */,
				186C89A81A3697AF00051DEE /* Cat YearsTests */,
			);
		};
/* End PBXProject section */

/* Begin PBXResourcesBuildPhase section */
		186C89921A3697AF00051DEE /* Resources */ = {
			isa = PBXResourcesBuildPhase;
			buildActionMask = 2147483647;
			files = (
				186C899F1A3697AF00051DEE /* Main.storyboard in Resources */,
				186C89A41A3697AF00051DEE /* LaunchScreen.xib in Resources */,
				186E56191A39A968009CBB5C /* cat.jpg in Resources */,
				186C89A11A3697AF00051DEE /* Images.xcassets in Resources */,
			);
			runOnlyForDeploymentPostprocessing = 0;
		};
		186C89A71A3697AF00051DEE /* Resources */ = {
			isa = PBXResourcesBuildPhase;
			buildActionMask = 2147483647;
			files = (
			);
			runOnlyForDeploymentPostprocessing = 0;
		};
/* End PBXResourcesBuildPhase section */

/* Begin PBXSourcesBuildPhase section */
		186C89901A3697AF00051DEE /* Sources */ = {
			isa = PBXSourcesBuildPhase;
			buildActionMask = 2147483647;
			files = (
				186C899C1A3697AF00051DEE /* ViewController.swift in Sources */,
				186C899A1A3697AF00051DEE /* AppDelegate.swift in Sources */,
			);
			runOnlyForDeploymentPostprocessing = 0;
		};
		186C89A51A3697AF00051DEE /* Sources */ = {
			isa = PBXSourcesBuildPhase;
			buildActionMask = 2147483647;
			files = (
				186C89B01A3697AF00051DEE /* Cat_YearsTests.swift in Sources */,
			);
			runOnlyForDeploymentPostprocessing = 0;
		};
/* End PBXSourcesBuildPhase section */

/* Begin PBXTargetDependency section */
		186C89AB1A3697AF00051DEE /* PBXTargetDependency */ = {
			isa = PBXTargetDependency;
			target = 186C89931A3697AF00051DEE /* Cat Years */;
			targetProxy = 186C89AA1A3697AF00051DEE /* PBXContainerItemProxy */;
		};
/* End PBXTargetDependency section */

/* Begin PBXVariantGroup section */
		186C899D1A3697AF00051DEE /* Main.storyboard */ = {
			isa = PBXVariantGroup;
			children = (
				186C899E1A3697AF00051DEE /* Base */,
			);
			name = Main.storyboard;
			sourceTree = "<group>";
		};
		186C89A21A3697AF00051DEE /* LaunchScreen.xib */ = {
			isa = PBXVariantGroup;
			children = (
				186C89A31A3697AF00051DEE /* Base */,
			);
			name = LaunchScreen.xib;
			sourceTree = "<group>";
		};
/* End PBXVariantGroup section */

/* Begin XCBuildConfiguration section */
		186C89B11A3697AF00051DEE /* Debug */ = {
			isa = XCBuildConfiguration;
			buildSettings = {
				ALWAYS_SEARCH_USER_PATHS = NO;
				CLANG_CXX_LANGUAGE_STANDARD = "gnu++0x";
				CLANG_CXX_LIBRARY = "libc++";
				CLANG_ENABLE_MODULES = YES;
				CLANG_ENABLE_OBJC_ARC = YES;
				CLANG_WARN_BOOL_CONVERSION = YES;
				CLANG_WARN_CONSTANT_CONVERSION = YES;
				CLANG_WARN_DIRECT_OBJC_ISA_USAGE = YES_ERROR;
				CLANG_WARN_EMPTY_BODY = YES;
				CLANG_WARN_ENUM_CONVERSION = YES;
				CLANG_WARN_INT_CONVERSION = YES;
				CLANG_WARN_OBJC_ROOT_CLASS = YES_ERROR;
				CLANG_WARN_UNREACHABLE_CODE = YES;
				CLANG_WARN__DUPLICATE_METHOD_MATCH = YES;
				"CODE_SIGN_IDENTITY[sdk=iphoneos*]" = "iPhone Developer";
				COPY_PHASE_STRIP = NO;
				ENABLE_STRICT_OBJC_MSGSEND = YES;
				GCC_C_LANGUAGE_STANDARD = gnu99;
				GCC_DYNAMIC_NO_PIC = NO;
				GCC_OPTIMIZATION_LEVEL = 0;
				GCC_PREPROCESSOR_DEFINITIONS = (
					"DEBUG=1",
					"$(inherited)",
				);
				GCC_SYMBOLS_PRIVATE_EXTERN = NO;
				GCC_WARN_64_TO_32_BIT_CONVERSION = YES;
				GCC_WARN_ABOUT_RETURN_TYPE = YES_ERROR;
				GCC_WARN_UNDECLARED_SELECTOR = YES;
				GCC_WARN_UNINITIALIZED_AUTOS = YES_AGGRESSIVE;
				GCC_WARN_UNUSED_FUNCTION = YES;
				GCC_WARN_UNUSED_VARIABLE = YES;
				IPHONEOS_DEPLOYMENT_TARGET = 8.1;
				MTL_ENABLE_DEBUG_INFO = YES;
				ONLY_ACTIVE_ARCH = YES;
				SDKROOT = iphoneos;
				SWIFT_OPTIMIZATION_LEVEL = "-Onone";
			};
			name = Debug;
		};
		186C89B21A3697AF00051DEE /* Release */ = {
			isa = XCBuildConfiguration;
			buildSettings = {
				ALWAYS_SEARCH_USER_PATHS = NO;
				CLANG_CXX_LANGUAGE_STANDARD = "gnu++0x";
				CLANG_CXX_LIBRARY = "libc++";
				CLANG_ENABLE_MODULES = YES;
				CLANG_ENABLE_OBJC_ARC = YES;
				CLANG_WARN_BOOL_CONVERSION = YES;
				CLANG_WARN_CONSTANT_CONVERSION = YES;
				CLANG_WARN_DIRECT_OBJC_ISA_USAGE = YES_ERROR;
				CLANG_WARN_EMPTY_BODY = YES;
				CLANG_WARN_ENUM_CONVERSION = YES;
				CLANG_WARN_INT_CONVERSION = YES;
				CLANG_WARN_OBJC_ROOT_CLASS = YES_ERROR;
				CLANG_WARN_UNREACHABLE_CODE = YES;
				CLANG_WARN__DUPLICATE_METHOD_MATCH = YES;
				"CODE_SIGN_IDENTITY[sdk=iphoneos*]" = "iPhone Developer";
				COPY_PHASE_STRIP = YES;
				ENABLE_NS_ASSERTIONS = NO;
				ENABLE_STRICT_OBJC_MSGSEND = YES;
				GCC_C_LANGUAGE_STANDARD = gnu99;
				GCC_WARN_64_TO_32_BIT_CONVERSION = YES;
				GCC_WARN_ABOUT_RETURN_TYPE = YES_ERROR;
				GCC_WARN_UNDECLARED_SELECTOR = YES;
				GCC_WARN_UNINITIALIZED_AUTOS = YES_AGGRESSIVE;
				GCC_WARN_UNUSED_FUNCTION = YES;
				GCC_WARN_UNUSED_VARIABLE = YES;
				IPHONEOS_DEPLOYMENT_TARGET = 8.1;
				MTL_ENABLE_DEBUG_INFO = NO;
				SDKROOT = iphoneos;
				VALIDATE_PRODUCT = YES;
			};
			name = Release;
		};
		186C89B41A3697AF00051DEE /* Debug */ = {
			isa = XCBuildConfiguration;
			buildSettings = {
				ASSETCATALOG_COMPILER_APPICON_NAME = AppIcon;
				INFOPLIST_FILE = "Cat Years/Info.plist";
				LD_RUNPATH_SEARCH_PATHS = "$(inherited) @executable_path/Frameworks";
				PRODUCT_NAME = "$(TARGET_NAME)";
			};
			name = Debug;
		};
		186C89B51A3697AF00051DEE /* Release */ = {
			isa = XCBuildConfiguration;
			buildSettings = {
				ASSETCATALOG_COMPILER_APPICON_NAME = AppIcon;
				INFOPLIST_FILE = "Cat Years/Info.plist";
				LD_RUNPATH_SEARCH_PATHS = "$(inherited) @executable_path/Frameworks";
				PRODUCT_NAME = "$(TARGET_NAME)";
			};
			name = Release;
		};
		186C89B71A3697AF00051DEE /* Debug */ = {
			isa = XCBuildConfiguration;
			buildSettings = {
				BUNDLE_LOADER = "$(TEST_HOST)";
				FRAMEWORK_SEARCH_PATHS = (
					"$(SDKROOT)/Developer/Library/Frameworks",
					"$(inherited)",
				);
				GCC_PREPROCESSOR_DEFINITIONS = (
					"DEBUG=1",
					"$(inherited)",
				);
				INFOPLIST_FILE = "Cat YearsTests/Info.plist";
				LD_RUNPATH_SEARCH_PATHS = "$(inherited) @executable_path/Frameworks @loader_path/Frameworks";
				PRODUCT_NAME = "$(TARGET_NAME)";
				TEST_HOST = "$(BUILT_PRODUCTS_DIR)/Cat Years.app/Cat Years";
			};
			name = Debug;
		};
		186C89B81A3697AF00051DEE /* Release */ = {
			isa = XCBuildConfiguration;
			buildSettings = {
				BUNDLE_LOADER = "$(TEST_HOST)";
				FRAMEWORK_SEARCH_PATHS = (
					"$(SDKROOT)/Developer/Library/Frameworks",
					"$(inherited)",
				);
				INFOPLIST_FILE = "Cat YearsTests/Info.plist";
				LD_RUNPATH_SEARCH_PATHS = "$(inherited) @executable_path/Frameworks @loader_path/Frameworks";
				PRODUCT_NAME = "$(TARGET_NAME)";
				TEST_HOST = "$(BUILT_PRODUCTS_DIR)/Cat Years.app/Cat Years";
			};
			name = Release;
		};
/* End XCBuildConfiguration section */

/* Begin XCConfigurationList section */
		186C898F1A3697AF00051DEE /* Build configuration list for PBXProject "Cat Years" */ = {
			isa = XCConfigurationList;
			buildConfigurations = (
				186C89B11A3697AF00051DEE /* Debug */,
				186C89B21A3697AF00051DEE /* Release */,
			);
			defaultConfigurationIsVisible = 0;
			defaultConfigurationName = Release;
		};
		186C89B31A3697AF00051DEE /* Build configuration list for PBXNativeTarget "Cat Years" */ = {
			isa = XCConfigurationList;
			buildConfigurations = (
				186C89B41A3697AF00051DEE /* Debug */,
				186C89B51A3697AF00051DEE /* Release */,
			);
			defaultConfigurationIsVisible = 0;
			defaultConfigurationName = Release;
		};
		186C89B61A3697AF00051DEE /* Build configuration list for PBXNativeTarget "Cat YearsTests" */ = {
			isa = XCConfigurationList;
			buildConfigurations = (
				186C89B71A3697AF00051DEE /* Debug */,
				186C89B81A3697AF00051DEE /* Release */,
			);
			defaultConfigurationIsVisible = 0;
			defaultConfigurationName = Release;
		};
/* End XCConfigurationList section */
	};
	rootObject = 186C898C1A3697AF00051DEE /* Project object */;
}
