// !$*UTF8*$!
{
	archiveVersion = 1;
	classes = {
	};
	objectVersion = 46;
	objects = {

/* Begin PBXBuildFile section */
		1842F0E91A36ABEE00853468 /* AppDelegate.swift in Sources */ = {isa = PBXBuildFile; fileRef = 1842F0E81A36ABEE00853468 /* AppDelegate.swift */; };
		1842F0EB1A36ABEE00853468 /* ViewController.swift in Sources */ = {isa = PBXBuildFile; fileRef = 1842F0EA1A36ABEE00853468 /* ViewController.swift */; };
		1842F0EE1A36ABEE00853468 /* Main.storyboard in Resources */ = {isa = PBXBuildFile; fileRef = 1842F0EC1A36ABEE00853468 /* Main.storyboard */; };
		1842F0F01A36ABEE00853468 /* Images.xcassets in Resources */ = {isa = PBXBuildFile; fileRef = 1842F0EF1A36ABEE00853468 /* Images.xcassets */; };
		1842F0F31A36ABEE00853468 /* LaunchScreen.xib in Resources */ = {isa = PBXBuildFile; fileRef = 1842F0F11A36ABEE00853468 /* LaunchScreen.xib */; };
		1842F0FF1A36ABEE00853468 /* Learning_SwiftTests.swift in Sources */ = {isa = PBXBuildFile; fileRef = 1842F0FE1A36ABEE00853468 /* Learning_SwiftTests.swift */; };
/* End PBXBuildFile section */

/* Begin PBXContainerItemProxy section */
		1842F0F91A36ABEE00853468 /* PBXContainerItemProxy */ = {
			isa = PBXContainerItemProxy;
			containerPortal = 1842F0DB1A36ABEE00853468 /* Project object */;
			proxyType = 1;
			remoteGlobalIDString = 1842F0E21A36ABEE00853468;
			remoteInfo = "Learning Swift";
		};
/* End PBXContainerItemProxy section */

/* Begin PBXFileReference section */
		181894691A36E56B00AF4A59 /* HowManyFingers.playground */ = {isa = PBXFileReference; lastKnownFileType = file.playground; path = HowManyFingers.playground; sourceTree = "<group>"; };
		1842F0E31A36ABEE00853468 /* Learning Swift.app */ = {isa = PBXFileReference; explicitFileType = wrapper.application; includeInIndex = 0; path = "Learning Swift.app"; sourceTree = BUILT_PRODUCTS_DIR; };
		1842F0E71A36ABEE00853468 /* Info.plist */ = {isa = PBXFileReference; lastKnownFileType = text.plist.xml; path = Info.plist; sourceTree = "<group>"; };
		1842F0E81A36ABEE00853468 /* AppDelegate.swift */ = {isa = PBXFileReference; lastKnownFileType = sourcecode.swift; path = AppDelegate.swift; sourceTree = "<group>"; };
		1842F0EA1A36ABEE00853468 /* ViewController.swift */ = {isa = PBXFileReference; lastKnownFileType = sourcecode.swift; path = ViewController.swift; sourceTree = "<group>"; };
		1842F0ED1A36ABEE00853468 /* Base */ = {isa = PBXFileReference; lastKnownFileType = file.storyboard; name = Base; path = Base.lproj/Main.storyboard; sourceTree = "<group>"; };
		1842F0EF1A36ABEE00853468 /* Images.xcassets */ = {isa = PBXFileReference; lastKnownFileType = folder.assetcatalog; path = Images.xcassets; sourceTree = "<group>"; };
		1842F0F21A36ABEE00853468 /* Base */ = {isa = PBXFileReference; lastKnownFileType = file.xib; name = Base; path = Base.lproj/LaunchScreen.xib; sourceTree = "<group>"; };
		1842F0F81A36ABEE00853468 /* Learning SwiftTests.xctest */ = {isa = PBXFileReference; explicitFileType = wrapper.cfbundle; includeInIndex = 0; path = "Learning SwiftTests.xctest"; sourceTree = BUILT_PRODUCTS_DIR; };
		1842F0FD1A36ABEE00853468 /* Info.plist */ = {isa = PBXFileReference; lastKnownFileType = text.plist.xml; path = Info.plist; sourceTree = "<group>"; };
		1842F0FE1A36ABEE00853468 /* Learning_SwiftTests.swift */ = {isa = PBXFileReference; lastKnownFileType = sourcecode.swift; path = Learning_SwiftTests.swift; sourceTree = "<group>"; };
		1842F1081A36AC2F00853468 /* MyPlayground.playground */ = {isa = PBXFileReference; lastKnownFileType = file.playground; path = MyPlayground.playground; sourceTree = "<group>"; };
		1842F1091A36E00D00853468 /* MyPlayground1.playground */ = {isa = PBXFileReference; lastKnownFileType = file.playground; path = MyPlayground1.playground; sourceTree = "<group>"; };
/* End PBXFileReference section */

/* Begin PBXFrameworksBuildPhase section */
		1842F0E01A36ABEE00853468 /* Frameworks */ = {
			isa = PBXFrameworksBuildPhase;
			buildActionMask = 2147483647;
			files = (
			);
			runOnlyForDeploymentPostprocessing = 0;
		};
		1842F0F51A36ABEE00853468 /* Frameworks */ = {
			isa = PBXFrameworksBuildPhase;
			buildActionMask = 2147483647;
			files = (
			);
			runOnlyForDeploymentPostprocessing = 0;
		};
/* End PBXFrameworksBuildPhase section */

/* Begin PBXGroup section */
		1842F0DA1A36ABEE00853468 = {
			isa = PBXGroup;
			children = (
				181894691A36E56B00AF4A59 /* HowManyFingers.playground */,
				1842F1081A36AC2F00853468 /* MyPlayground.playground */,
				1842F1091A36E00D00853468 /* MyPlayground1.playground */,
				1842F0E51A36ABEE00853468 /* Learning Swift */,
				1842F0FB1A36ABEE00853468 /* Learning SwiftTests */,
				1842F0E41A36ABEE00853468 /* Products */,
			);
			sourceTree = "<group>";
		};
		1842F0E41A36ABEE00853468 /* Products */ = {
			isa = PBXGroup;
			children = (
				1842F0E31A36ABEE00853468 /* Learning Swift.app */,
				1842F0F81A36ABEE00853468 /* Learning SwiftTests.xctest */,
			);
			name = Products;
			sourceTree = "<group>";
		};
		1842F0E51A36ABEE00853468 /* Learning Swift */ = {
			isa = PBXGroup;
			children = (
				1842F0E81A36ABEE00853468 /* AppDelegate.swift */,
				1842F0EA1A36ABEE00853468 /* ViewController.swift */,
				1842F0EC1A36ABEE00853468 /* Main.storyboard */,
				1842F0EF1A36ABEE00853468 /* Images.xcassets */,
				1842F0F11A36ABEE00853468 /* LaunchScreen.xib */,
				1842F0E61A36ABEE00853468 /* Supporting Files */,
			);
			path = "Learning Swift";
			sourceTree = "<group>";
		};
		1842F0E61A36ABEE00853468 /* Supporting Files */ = {
			isa = PBXGroup;
			children = (
				1842F0E71A36ABEE00853468 /* Info.plist */,
			);
			name = "Supporting Files";
			sourceTree = "<group>";
		};
		1842F0FB1A36ABEE00853468 /* Learning SwiftTests */ = {
			isa = PBXGroup;
			children = (
				1842F0FE1A36ABEE00853468 /* Learning_SwiftTests.swift */,
				1842F0FC1A36ABEE00853468 /* Supporting Files */,
			);
			path = "Learning SwiftTests";
			sourceTree = "<group>";
		};
		1842F0FC1A36ABEE00853468 /* Supporting Files */ = {
			isa = PBXGroup;
			children = (
				1842F0FD1A36ABEE00853468 /* Info.plist */,
			);
			name = "Supporting Files";
			sourceTree = "<group>";
		};
/* End PBXGroup section */

/* Begin PBXNativeTarget section */
		1842F0E21A36ABEE00853468 /* Learning Swift */ = {
			isa = PBXNativeTarget;
			buildConfigurationList = 1842F1021A36ABEE00853468 /* Build configuration list for PBXNativeTarget "Learning Swift" */;
			buildPhases = (
				1842F0DF1A36ABEE00853468 /* Sources */,
				1842F0E01A36ABEE00853468 /* Frameworks */,
				1842F0E11A36ABEE00853468 /* Resources */,
			);
			buildRules = (
			);
			dependencies = (
			);
			name = "Learning Swift";
			productName = "Learning Swift";
			productReference = 1842F0E31A36ABEE00853468 /* Learning Swift.app */;
			productType = "com.apple.product-type.application";
		};
		1842F0F71A36ABEE00853468 /* Learning SwiftTests */ = {
			isa = PBXNativeTarget;
			buildConfigurationList = 1842F1051A36ABEE00853468 /* Build configuration list for PBXNativeTarget "Learning SwiftTests" */;
			buildPhases = (
				1842F0F41A36ABEE00853468 /* Sources */,
				1842F0F51A36ABEE00853468 /* Frameworks */,
				1842F0F61A36ABEE00853468 /* Resources */,
			);
			buildRules = (
			);
			dependencies = (
				1842F0FA1A36ABEE00853468 /* PBXTargetDependency */,
			);
			name = "Learning SwiftTests";
			productName = "Learning SwiftTests";
			productReference = 1842F0F81A36ABEE00853468 /* Learning SwiftTests.xctest */;
			productType = "com.apple.product-type.bundle.unit-test";
		};
/* End PBXNativeTarget section */

/* Begin PBXProject section */
		1842F0DB1A36ABEE00853468 /* Project object */ = {
			isa = PBXProject;
			attributes = {
				LastUpgradeCheck = 0610;
				ORGANIZATIONNAME = Appfish;
				TargetAttributes = {
					1842F0E21A36ABEE00853468 = {
						CreatedOnToolsVersion = 6.1.1;
					};
					1842F0F71A36ABEE00853468 = {
						CreatedOnToolsVersion = 6.1.1;
						TestTargetID = 1842F0E21A36ABEE00853468;
					};
				};
			};
			buildConfigurationList = 1842F0DE1A36ABEE00853468 /* Build configuration list for PBXProject "Learning Swift" */;
			compatibilityVersion = "Xcode 3.2";
			developmentRegion = English;
			hasScannedForEncodings = 0;
			knownRegions = (
				en,
				Base,
			);
			mainGroup = 1842F0DA1A36ABEE00853468;
			productRefGroup = 1842F0E41A36ABEE00853468 /* Products */;
			projectDirPath = "";
			projectRoot = "";
			targets = (
				1842F0E21A36ABEE00853468 /* Learning Swift */,
				1842F0F71A36ABEE00853468 /* Learning SwiftTests */,
			);
		};
/* End PBXProject section */

/* Begin PBXResourcesBuildPhase section */
		1842F0E11A36ABEE00853468 /* Resources */ = {
			isa = PBXResourcesBuildPhase;
			buildActionMask = 2147483647;
			files = (
				1842F0EE1A36ABEE00853468 /* Main.storyboard in Resources */,
				1842F0F31A36ABEE00853468 /* LaunchScreen.xib in Resources */,
				1842F0F01A36ABEE00853468 /* Images.xcassets in Resources */,
			);
			runOnlyForDeploymentPostprocessing = 0;
		};
		1842F0F61A36ABEE00853468 /* Resources */ = {
			isa = PBXResourcesBuildPhase;
			buildActionMask = 2147483647;
			files = (
			);
			runOnlyForDeploymentPostprocessing = 0;
		};
/* End PBXResourcesBuildPhase section */

/* Begin PBXSourcesBuildPhase section */
		1842F0DF1A36ABEE00853468 /* Sources */ = {
			isa = PBXSourcesBuildPhase;
			buildActionMask = 2147483647;
			files = (
				1842F0EB1A36ABEE00853468 /* ViewController.swift in Sources */,
				1842F0E91A36ABEE00853468 /* AppDelegate.swift in Sources */,
			);
			runOnlyForDeploymentPostprocessing = 0;
		};
		1842F0F41A36ABEE00853468 /* Sources */ = {
			isa = PBXSourcesBuildPhase;
			buildActionMask = 2147483647;
			files = (
				1842F0FF1A36ABEE00853468 /* Learning_SwiftTests.swift in Sources */,
			);
			runOnlyForDeploymentPostprocessing = 0;
		};
/* End PBXSourcesBuildPhase section */

/* Begin PBXTargetDependency section */
		1842F0FA1A36ABEE00853468 /* PBXTargetDependency */ = {
			isa = PBXTargetDependency;
			target = 1842F0E21A36ABEE00853468 /* Learning Swift */;
			targetProxy = 1842F0F91A36ABEE00853468 /* PBXContainerItemProxy */;
		};
/* End PBXTargetDependency section */

/* Begin PBXVariantGroup section */
		1842F0EC1A36ABEE00853468 /* Main.storyboard */ = {
			isa = PBXVariantGroup;
			children = (
				1842F0ED1A36ABEE00853468 /* Base */,
			);
			name = Main.storyboard;
			sourceTree = "<group>";
		};
		1842F0F11A36ABEE00853468 /* LaunchScreen.xib */ = {
			isa = PBXVariantGroup;
			children = (
				1842F0F21A36ABEE00853468 /* Base */,
			);
			name = LaunchScreen.xib;
			sourceTree = "<group>";
		};
/* End PBXVariantGroup section */

/* Begin XCBuildConfiguration section */
		1842F1001A36ABEE00853468 /* Debug */ = {
			isa = XCBuildConfiguration;
			buildSettings = {
				ALWAYS_SEARCH_USER_PATHS = NO;
				CLANG_CXX_LANGUAGE_STANDARD = "gnu++0x";
				CLANG_CXX_LIBRARY = "libc++";
				CLANG_ENABLE_MODULES = YES;
				CLANG_ENABLE_OBJC_ARC = YES;
				CLANG_WARN_BOOL_CONVERSION = YES;
				CLANG_WARN_CONSTANT_CONVERSION = YES;
				CLANG_WARN_DIRECT_OBJC_ISA_USAGE = YES_ERROR;
				CLANG_WARN_EMPTY_BODY = YES;
				CLANG_WARN_ENUM_CONVERSION = YES;
				CLANG_WARN_INT_CONVERSION = YES;
				CLANG_WARN_OBJC_ROOT_CLASS = YES_ERROR;
				CLANG_WARN_UNREACHABLE_CODE = YES;
				CLANG_WARN__DUPLICATE_METHOD_MATCH = YES;
				"CODE_SIGN_IDENTITY[sdk=iphoneos*]" = "iPhone Developer";
				COPY_PHASE_STRIP = NO;
				ENABLE_STRICT_OBJC_MSGSEND = YES;
				GCC_C_LANGUAGE_STANDARD = gnu99;
				GCC_DYNAMIC_NO_PIC = NO;
				GCC_OPTIMIZATION_LEVEL = 0;
				GCC_PREPROCESSOR_DEFINITIONS = (
					"DEBUG=1",
					"$(inherited)",
				);
				GCC_SYMBOLS_PRIVATE_EXTERN = NO;
				GCC_WARN_64_TO_32_BIT_CONVERSION = YES;
				GCC_WARN_ABOUT_RETURN_TYPE = YES_ERROR;
				GCC_WARN_UNDECLARED_SELECTOR = YES;
				GCC_WARN_UNINITIALIZED_AUTOS = YES_AGGRESSIVE;
				GCC_WARN_UNUSED_FUNCTION = YES;
				GCC_WARN_UNUSED_VARIABLE = YES;
				IPHONEOS_DEPLOYMENT_TARGET = 8.1;
				MTL_ENABLE_DEBUG_INFO = YES;
				ONLY_ACTIVE_ARCH = YES;
				SDKROOT = iphoneos;
				SWIFT_OPTIMIZATION_LEVEL = "-Onone";
			};
			name = Debug;
		};
		1842F1011A36ABEE00853468 /* Release */ = {
			isa = XCBuildConfiguration;
			buildSettings = {
				ALWAYS_SEARCH_USER_PATHS = NO;
				CLANG_CXX_LANGUAGE_STANDARD = "gnu++0x";
				CLANG_CXX_LIBRARY = "libc++";
				CLANG_ENABLE_MODULES = YES;
				CLANG_ENABLE_OBJC_ARC = YES;
				CLANG_WARN_BOOL_CONVERSION = YES;
				CLANG_WARN_CONSTANT_CONVERSION = YES;
				CLANG_WARN_DIRECT_OBJC_ISA_USAGE = YES_ERROR;
				CLANG_WARN_EMPTY_BODY = YES;
				CLANG_WARN_ENUM_CONVERSION = YES;
				CLANG_WARN_INT_CONVERSION = YES;
				CLANG_WARN_OBJC_ROOT_CLASS = YES_ERROR;
				CLANG_WARN_UNREACHABLE_CODE = YES;
				CLANG_WARN__DUPLICATE_METHOD_MATCH = YES;
				"CODE_SIGN_IDENTITY[sdk=iphoneos*]" = "iPhone Developer";
				COPY_PHASE_STRIP = YES;
				ENABLE_NS_ASSERTIONS = NO;
				ENABLE_STRICT_OBJC_MSGSEND = YES;
				GCC_C_LANGUAGE_STANDARD = gnu99;
				GCC_WARN_64_TO_32_BIT_CONVERSION = YES;
				GCC_WARN_ABOUT_RETURN_TYPE = YES_ERROR;
				GCC_WARN_UNDECLARED_SELECTOR = YES;
				GCC_WARN_UNINITIALIZED_AUTOS = YES_AGGRESSIVE;
				GCC_WARN_UNUSED_FUNCTION = YES;
				GCC_WARN_UNUSED_VARIABLE = YES;
				IPHONEOS_DEPLOYMENT_TARGET = 8.1;
				MTL_ENABLE_DEBUG_INFO = NO;
				SDKROOT = iphoneos;
				VALIDATE_PRODUCT = YES;
			};
			name = Release;
		};
		1842F1031A36ABEE00853468 /* Debug */ = {
			isa = XCBuildConfiguration;
			buildSettings = {
				ASSETCATALOG_COMPILER_APPICON_NAME = AppIcon;
				INFOPLIST_FILE = "Learning Swift/Info.plist";
				LD_RUNPATH_SEARCH_PATHS = "$(inherited) @executable_path/Frameworks";
				PRODUCT_NAME = "$(TARGET_NAME)";
			};
			name = Debug;
		};
		1842F1041A36ABEE00853468 /* Release */ = {
			isa = XCBuildConfiguration;
			buildSettings = {
				ASSETCATALOG_COMPILER_APPICON_NAME = AppIcon;
				INFOPLIST_FILE = "Learning Swift/Info.plist";
				LD_RUNPATH_SEARCH_PATHS = "$(inherited) @executable_path/Frameworks";
				PRODUCT_NAME = "$(TARGET_NAME)";
			};
			name = Release;
		};
		1842F1061A36ABEE00853468 /* Debug */ = {
			isa = XCBuildConfiguration;
			buildSettings = {
				BUNDLE_LOADER = "$(TEST_HOST)";
				FRAMEWORK_SEARCH_PATHS = (
					"$(SDKROOT)/Developer/Library/Frameworks",
					"$(inherited)",
				);
				GCC_PREPROCESSOR_DEFINITIONS = (
					"DEBUG=1",
					"$(inherited)",
				);
				INFOPLIST_FILE = "Learning SwiftTests/Info.plist";
				LD_RUNPATH_SEARCH_PATHS = "$(inherited) @executable_path/Frameworks @loader_path/Frameworks";
				PRODUCT_NAME = "$(TARGET_NAME)";
				TEST_HOST = "$(BUILT_PRODUCTS_DIR)/Learning Swift.app/Learning Swift";
			};
			name = Debug;
		};
		1842F1071A36ABEE00853468 /* Release */ = {
			isa = XCBuildConfiguration;
			buildSettings = {
				BUNDLE_LOADER = "$(TEST_HOST)";
				FRAMEWORK_SEARCH_PATHS = (
					"$(SDKROOT)/Developer/Library/Frameworks",
					"$(inherited)",
				);
				INFOPLIST_FILE = "Learning SwiftTests/Info.plist";
				LD_RUNPATH_SEARCH_PATHS = "$(inherited) @executable_path/Frameworks @loader_path/Frameworks";
				PRODUCT_NAME = "$(TARGET_NAME)";
				TEST_HOST = "$(BUILT_PRODUCTS_DIR)/Learning Swift.app/Learning Swift";
			};
			name = Release;
		};
/* End XCBuildConfiguration section */

/* Begin XCConfigurationList section */
		1842F0DE1A36ABEE00853468 /* Build configuration list for PBXProject "Learning Swift" */ = {
			isa = XCConfigurationList;
			buildConfigurations = (
				1842F1001A36ABEE00853468 /* Debug */,
				1842F1011A36ABEE00853468 /* Release */,
			);
			defaultConfigurationIsVisible = 0;
			defaultConfigurationName = Release;
		};
		1842F1021A36ABEE00853468 /* Build configuration list for PBXNativeTarget "Learning Swift" */ = {
			isa = XCConfigurationList;
			buildConfigurations = (
				1842F1031A36ABEE00853468 /* Debug */,
				1842F1041A36ABEE00853468 /* Release */,
			);
			defaultConfigurationIsVisible = 0;
			defaultConfigurationName = Release;
		};
		1842F1051A36ABEE00853468 /* Build configuration list for PBXNativeTarget "Learning SwiftTests" */ = {
			isa = XCConfigurationList;
			buildConfigurations = (
				1842F1061A36ABEE00853468 /* Debug */,
				1842F1071A36ABEE00853468 /* Release */,
			);
			defaultConfigurationIsVisible = 0;
			defaultConfigurationName = Release;
		};
/* End XCConfigurationList section */
	};
	rootObject = 1842F0DB1A36ABEE00853468 /* Project object */;
}
