// !$*UTF8*$!
{
	archiveVersion = 1;
	classes = {
	};
	objectVersion = 46;
	objects = {

/* Begin PBXBuildFile section */
		187B85D91A38097A003E9A46 /* AppDelegate.swift in Sources */ = {isa = PBXBuildFile; fileRef = 187B85D81A38097A003E9A46 /* AppDelegate.swift */; };
		187B85DB1A38097A003E9A46 /* ViewController.swift in Sources */ = {isa = PBXBuildFile; fileRef = 187B85DA1A38097A003E9A46 /* ViewController.swift */; };
		187B85DE1A38097A003E9A46 /* Main.storyboard in Resources */ = {isa = PBXBuildFile; fileRef = 187B85DC1A38097A003E9A46 /* Main.storyboard */; };
		187B85E01A38097A003E9A46 /* Images.xcassets in Resources */ = {isa = PBXBuildFile; fileRef = 187B85DF1A38097A003E9A46 /* Images.xcassets */; };
		187B85E31A38097A003E9A46 /* LaunchScreen.xib in Resources */ = {isa = PBXBuildFile; fileRef = 187B85E11A38097A003E9A46 /* LaunchScreen.xib */; };
		187B85EF1A38097A003E9A46 /* StopwatchTests.swift in Sources */ = {isa = PBXBuildFile; fileRef = 187B85EE1A38097A003E9A46 /* StopwatchTests.swift */; };
/* End PBXBuildFile section */

/* Begin PBXContainerItemProxy section */
		187B85E91A38097A003E9A46 /* PBXContainerItemProxy */ = {
			isa = PBXContainerItemProxy;
			containerPortal = 187B85CB1A38097A003E9A46 /* Project object */;
			proxyType = 1;
			remoteGlobalIDString = 187B85D21A38097A003E9A46;
			remoteInfo = Stopwatch;
		};
/* End PBXContainerItemProxy section */

/* Begin PBXFileReference section */
		187B85D31A38097A003E9A46 /* Stopwatch.app */ = {isa = PBXFileReference; explicitFileType = wrapper.application; includeInIndex = 0; path = Stopwatch.app; sourceTree = BUILT_PRODUCTS_DIR; };
		187B85D71A38097A003E9A46 /* Info.plist */ = {isa = PBXFileReference; lastKnownFileType = text.plist.xml; path = Info.plist; sourceTree = "<group>"; };
		187B85D81A38097A003E9A46 /* AppDelegate.swift */ = {isa = PBXFileReference; lastKnownFileType = sourcecode.swift; path = AppDelegate.swift; sourceTree = "<group>"; };
		187B85DA1A38097A003E9A46 /* ViewController.swift */ = {isa = PBXFileReference; lastKnownFileType = sourcecode.swift; path = ViewController.swift; sourceTree = "<group>"; };
		187B85DD1A38097A003E9A46 /* Base */ = {isa = PBXFileReference; lastKnownFileType = file.storyboard; name = Base; path = Base.lproj/Main.storyboard; sourceTree = "<group>"; };
		187B85DF1A38097A003E9A46 /* Images.xcassets */ = {isa = PBXFileReference; lastKnownFileType = folder.assetcatalog; path = Images.xcassets; sourceTree = "<group>"; };
		187B85E21A38097A003E9A46 /* Base */ = {isa = PBXFileReference; lastKnownFileType = file.xib; name = Base; path = Base.lproj/LaunchScreen.xib; sourceTree = "<group>"; };
		187B85E81A38097A003E9A46 /* StopwatchTests.xctest */ = {isa = PBXFileReference; explicitFileType = wrapper.cfbundle; includeInIndex = 0; path = StopwatchTests.xctest; sourceTree = BUILT_PRODUCTS_DIR; };
		187B85ED1A38097A003E9A46 /* Info.plist */ = {isa = PBXFileReference; lastKnownFileType = text.plist.xml; path = Info.plist; sourceTree = "<group>"; };
		187B85EE1A38097A003E9A46 /* StopwatchTests.swift */ = {isa = PBXFileReference; lastKnownFileType = sourcecode.swift; path = StopwatchTests.swift; sourceTree = "<group>"; };
/* End PBXFileReference section */

/* Begin PBXFrameworksBuildPhase section */
		187B85D01A38097A003E9A46 /* Frameworks */ = {
			isa = PBXFrameworksBuildPhase;
			buildActionMask = 2147483647;
			files = (
			);
			runOnlyForDeploymentPostprocessing = 0;
		};
		187B85E51A38097A003E9A46 /* Frameworks */ = {
			isa = PBXFrameworksBuildPhase;
			buildActionMask = 2147483647;
			files = (
			);
			runOnlyForDeploymentPostprocessing = 0;
		};
/* End PBXFrameworksBuildPhase section */

/* Begin PBXGroup section */
		187B85CA1A38097A003E9A46 = {
			isa = PBXGroup;
			children = (
				187B85D51A38097A003E9A46 /* Stopwatch */,
				187B85EB1A38097A003E9A46 /* StopwatchTests */,
				187B85D41A38097A003E9A46 /* Products */,
			);
			sourceTree = "<group>";
		};
		187B85D41A38097A003E9A46 /* Products */ = {
			isa = PBXGroup;
			children = (
				187B85D31A38097A003E9A46 /* Stopwatch.app */,
				187B85E81A38097A003E9A46 /* StopwatchTests.xctest */,
			);
			name = Products;
			sourceTree = "<group>";
		};
		187B85D51A38097A003E9A46 /* Stopwatch */ = {
			isa = PBXGroup;
			children = (
				187B85D81A38097A003E9A46 /* AppDelegate.swift */,
				187B85DA1A38097A003E9A46 /* ViewController.swift */,
				187B85DC1A38097A003E9A46 /* Main.storyboard */,
				187B85DF1A38097A003E9A46 /* Images.xcassets */,
				187B85E11A38097A003E9A46 /* LaunchScreen.xib */,
				187B85D61A38097A003E9A46 /* Supporting Files */,
			);
			path = Stopwatch;
			sourceTree = "<group>";
		};
		187B85D61A38097A003E9A46 /* Supporting Files */ = {
			isa = PBXGroup;
			children = (
				187B85D71A38097A003E9A46 /* Info.plist */,
			);
			name = "Supporting Files";
			sourceTree = "<group>";
		};
		187B85EB1A38097A003E9A46 /* StopwatchTests */ = {
			isa = PBXGroup;
			children = (
				187B85EE1A38097A003E9A46 /* StopwatchTests.swift */,
				187B85EC1A38097A003E9A46 /* Supporting Files */,
			);
			path = StopwatchTests;
			sourceTree = "<group>";
		};
		187B85EC1A38097A003E9A46 /* Supporting Files */ = {
			isa = PBXGroup;
			children = (
				187B85ED1A38097A003E9A46 /* Info.plist */,
			);
			name = "Supporting Files";
			sourceTree = "<group>";
		};
/* End PBXGroup section */

/* Begin PBXNativeTarget section */
		187B85D21A38097A003E9A46 /* Stopwatch */ = {
			isa = PBXNativeTarget;
			buildConfigurationList = 187B85F21A38097A003E9A46 /* Build configuration list for PBXNativeTarget "Stopwatch" */;
			buildPhases = (
				187B85CF1A38097A003E9A46 /* Sources */,
				187B85D01A38097A003E9A46 /* Frameworks */,
				187B85D11A38097A003E9A46 /* Resources */,
			);
			buildRules = (
			);
			dependencies = (
			);
			name = Stopwatch;
			productName = Stopwatch;
			productReference = 187B85D31A38097A003E9A46 /* Stopwatch.app */;
			productType = "com.apple.product-type.application";
		};
		187B85E71A38097A003E9A46 /* StopwatchTests */ = {
			isa = PBXNativeTarget;
			buildConfigurationList = 187B85F51A38097A003E9A46 /* Build configuration list for PBXNativeTarget "StopwatchTests" */;
			buildPhases = (
				187B85E41A38097A003E9A46 /* Sources */,
				187B85E51A38097A003E9A46 /* Frameworks */,
				187B85E61A38097A003E9A46 /* Resources */,
			);
			buildRules = (
			);
			dependencies = (
				187B85EA1A38097A003E9A46 /* PBXTargetDependency */,
			);
			name = StopwatchTests;
			productName = StopwatchTests;
			productReference = 187B85E81A38097A003E9A46 /* StopwatchTests.xctest */;
			productType = "com.apple.product-type.bundle.unit-test";
		};
/* End PBXNativeTarget section */

/* Begin PBXProject section */
		187B85CB1A38097A003E9A46 /* Project object */ = {
			isa = PBXProject;
			attributes = {
				LastUpgradeCheck = 0610;
				ORGANIZATIONNAME = Appfish;
				TargetAttributes = {
					187B85D21A38097A003E9A46 = {
						CreatedOnToolsVersion = 6.1.1;
					};
					187B85E71A38097A003E9A46 = {
						CreatedOnToolsVersion = 6.1.1;
						TestTargetID = 187B85D21A38097A003E9A46;
					};
				};
			};
			buildConfigurationList = 187B85CE1A38097A003E9A46 /* Build configuration list for PBXProject "Stopwatch" */;
			compatibilityVersion = "Xcode 3.2";
			developmentRegion = English;
			hasScannedForEncodings = 0;
			knownRegions = (
				en,
				Base,
			);
			mainGroup = 187B85CA1A38097A003E9A46;
			productRefGroup = 187B85D41A38097A003E9A46 /* Products */;
			projectDirPath = "";
			projectRoot = "";
			targets = (
				187B85D21A38097A003E9A46 /* Stopwatch */,
				187B85E71A38097A003E9A46 /* StopwatchTests */,
			);
		};
/* End PBXProject section */

/* Begin PBXResourcesBuildPhase section */
		187B85D11A38097A003E9A46 /* Resources */ = {
			isa = PBXResourcesBuildPhase;
			buildActionMask = 2147483647;
			files = (
				187B85DE1A38097A003E9A46 /* Main.storyboard in Resources */,
				187B85E31A38097A003E9A46 /* LaunchScreen.xib in Resources */,
				187B85E01A38097A003E9A46 /* Images.xcassets in Resources */,
			);
			runOnlyForDeploymentPostprocessing = 0;
		};
		187B85E61A38097A003E9A46 /* Resources */ = {
			isa = PBXResourcesBuildPhase;
			buildActionMask = 2147483647;
			files = (
			);
			runOnlyForDeploymentPostprocessing = 0;
		};
/* End PBXResourcesBuildPhase section */

/* Begin PBXSourcesBuildPhase section */
		187B85CF1A38097A003E9A46 /* Sources */ = {
			isa = PBXSourcesBuildPhase;
			buildActionMask = 2147483647;
			files = (
				187B85DB1A38097A003E9A46 /* ViewController.swift in Sources */,
				187B85D91A38097A003E9A46 /* AppDelegate.swift in Sources */,
			);
			runOnlyForDeploymentPostprocessing = 0;
		};
		187B85E41A38097A003E9A46 /* Sources */ = {
			isa = PBXSourcesBuildPhase;
			buildActionMask = 2147483647;
			files = (
				187B85EF1A38097A003E9A46 /* StopwatchTests.swift in Sources */,
			);
			runOnlyForDeploymentPostprocessing = 0;
		};
/* End PBXSourcesBuildPhase section */

/* Begin PBXTargetDependency section */
		187B85EA1A38097A003E9A46 /* PBXTargetDependency */ = {
			isa = PBXTargetDependency;
			target = 187B85D21A38097A003E9A46 /* Stopwatch */;
			targetProxy = 187B85E91A38097A003E9A46 /* PBXContainerItemProxy */;
		};
/* End PBXTargetDependency section */

/* Begin PBXVariantGroup section */
		187B85DC1A38097A003E9A46 /* Main.storyboard */ = {
			isa = PBXVariantGroup;
			children = (
				187B85DD1A38097A003E9A46 /* Base */,
			);
			name = Main.storyboard;
			sourceTree = "<group>";
		};
		187B85E11A38097A003E9A46 /* LaunchScreen.xib */ = {
			isa = PBXVariantGroup;
			children = (
				187B85E21A38097A003E9A46 /* Base */,
			);
			name = LaunchScreen.xib;
			sourceTree = "<group>";
		};
/* End PBXVariantGroup section */

/* Begin XCBuildConfiguration section */
		187B85F01A38097A003E9A46 /* Debug */ = {
			isa = XCBuildConfiguration;
			buildSettings = {
				ALWAYS_SEARCH_USER_PATHS = NO;
				CLANG_CXX_LANGUAGE_STANDARD = "gnu++0x";
				CLANG_CXX_LIBRARY = "libc++";
				CLANG_ENABLE_MODULES = YES;
				CLANG_ENABLE_OBJC_ARC = YES;
				CLANG_WARN_BOOL_CONVERSION = YES;
				CLANG_WARN_CONSTANT_CONVERSION = YES;
				CLANG_WARN_DIRECT_OBJC_ISA_USAGE = YES_ERROR;
				CLANG_WARN_EMPTY_BODY = YES;
				CLANG_WARN_ENUM_CONVERSION = YES;
				CLANG_WARN_INT_CONVERSION = YES;
				CLANG_WARN_OBJC_ROOT_CLASS = YES_ERROR;
				CLANG_WARN_UNREACHABLE_CODE = YES;
				CLANG_WARN__DUPLICATE_METHOD_MATCH = YES;
				"CODE_SIGN_IDENTITY[sdk=iphoneos*]" = "iPhone Developer";
				COPY_PHASE_STRIP = NO;
				ENABLE_STRICT_OBJC_MSGSEND = YES;
				GCC_C_LANGUAGE_STANDARD = gnu99;
				GCC_DYNAMIC_NO_PIC = NO;
				GCC_OPTIMIZATION_LEVEL = 0;
				GCC_PREPROCESSOR_DEFINITIONS = (
					"DEBUG=1",
					"$(inherited)",
				);
				GCC_SYMBOLS_PRIVATE_EXTERN = NO;
				GCC_WARN_64_TO_32_BIT_CONVERSION = YES;
				GCC_WARN_ABOUT_RETURN_TYPE = YES_ERROR;
				GCC_WARN_UNDECLARED_SELECTOR = YES;
				GCC_WARN_UNINITIALIZED_AUTOS = YES_AGGRESSIVE;
				GCC_WARN_UNUSED_FUNCTION = YES;
				GCC_WARN_UNUSED_VARIABLE = YES;
				IPHONEOS_DEPLOYMENT_TARGET = 8.1;
				MTL_ENABLE_DEBUG_INFO = YES;
				ONLY_ACTIVE_ARCH = YES;
				SDKROOT = iphoneos;
				SWIFT_OPTIMIZATION_LEVEL = "-Onone";
			};
			name = Debug;
		};
		187B85F11A38097A003E9A46 /* Release */ = {
			isa = XCBuildConfiguration;
			buildSettings = {
				ALWAYS_SEARCH_USER_PATHS = NO;
				CLANG_CXX_LANGUAGE_STANDARD = "gnu++0x";
				CLANG_CXX_LIBRARY = "libc++";
				CLANG_ENABLE_MODULES = YES;
				CLANG_ENABLE_OBJC_ARC = YES;
				CLANG_WARN_BOOL_CONVERSION = YES;
				CLANG_WARN_CONSTANT_CONVERSION = YES;
				CLANG_WARN_DIRECT_OBJC_ISA_USAGE = YES_ERROR;
				CLANG_WARN_EMPTY_BODY = YES;
				CLANG_WARN_ENUM_CONVERSION = YES;
				CLANG_WARN_INT_CONVERSION = YES;
				CLANG_WARN_OBJC_ROOT_CLASS = YES_ERROR;
				CLANG_WARN_UNREACHABLE_CODE = YES;
				CLANG_WARN__DUPLICATE_METHOD_MATCH = YES;
				"CODE_SIGN_IDENTITY[sdk=iphoneos*]" = "iPhone Developer";
				COPY_PHASE_STRIP = YES;
				ENABLE_NS_ASSERTIONS = NO;
				ENABLE_STRICT_OBJC_MSGSEND = YES;
				GCC_C_LANGUAGE_STANDARD = gnu99;
				GCC_WARN_64_TO_32_BIT_CONVERSION = YES;
				GCC_WARN_ABOUT_RETURN_TYPE = YES_ERROR;
				GCC_WARN_UNDECLARED_SELECTOR = YES;
				GCC_WARN_UNINITIALIZED_AUTOS = YES_AGGRESSIVE;
				GCC_WARN_UNUSED_FUNCTION = YES;
				GCC_WARN_UNUSED_VARIABLE = YES;
				IPHONEOS_DEPLOYMENT_TARGET = 8.1;
				MTL_ENABLE_DEBUG_INFO = NO;
				SDKROOT = iphoneos;
				VALIDATE_PRODUCT = YES;
			};
			name = Release;
		};
		187B85F31A38097A003E9A46 /* Debug */ = {
			isa = XCBuildConfiguration;
			buildSettings = {
				ASSETCATALOG_COMPILER_APPICON_NAME = AppIcon;
				INFOPLIST_FILE = Stopwatch/Info.plist;
				LD_RUNPATH_SEARCH_PATHS = "$(inherited) @executable_path/Frameworks";
				PRODUCT_NAME = "$(TARGET_NAME)";
			};
			name = Debug;
		};
		187B85F41A38097A003E9A46 /* Release */ = {
			isa = XCBuildConfiguration;
			buildSettings = {
				ASSETCATALOG_COMPILER_APPICON_NAME = AppIcon;
				INFOPLIST_FILE = Stopwatch/Info.plist;
				LD_RUNPATH_SEARCH_PATHS = "$(inherited) @executable_path/Frameworks";
				PRODUCT_NAME = "$(TARGET_NAME)";
			};
			name = Release;
		};
		187B85F61A38097A003E9A46 /* Debug */ = {
			isa = XCBuildConfiguration;
			buildSettings = {
				BUNDLE_LOADER = "$(TEST_HOST)";
				FRAMEWORK_SEARCH_PATHS = (
					"$(SDKROOT)/Developer/Library/Frameworks",
					"$(inherited)",
				);
				GCC_PREPROCESSOR_DEFINITIONS = (
					"DEBUG=1",
					"$(inherited)",
				);
				INFOPLIST_FILE = StopwatchTests/Info.plist;
				LD_RUNPATH_SEARCH_PATHS = "$(inherited) @executable_path/Frameworks @loader_path/Frameworks";
				PRODUCT_NAME = "$(TARGET_NAME)";
				TEST_HOST = "$(BUILT_PRODUCTS_DIR)/Stopwatch.app/Stopwatch";
			};
			name = Debug;
		};
		187B85F71A38097A003E9A46 /* Release */ = {
			isa = XCBuildConfiguration;
			buildSettings = {
				BUNDLE_LOADER = "$(TEST_HOST)";
				FRAMEWORK_SEARCH_PATHS = (
					"$(SDKROOT)/Developer/Library/Frameworks",
					"$(inherited)",
				);
				INFOPLIST_FILE = StopwatchTests/Info.plist;
				LD_RUNPATH_SEARCH_PATHS = "$(inherited) @executable_path/Frameworks @loader_path/Frameworks";
				PRODUCT_NAME = "$(TARGET_NAME)";
				TEST_HOST = "$(BUILT_PRODUCTS_DIR)/Stopwatch.app/Stopwatch";
			};
			name = Release;
		};
/* End XCBuildConfiguration section */

/* Begin XCConfigurationList section */
		187B85CE1A38097A003E9A46 /* Build configuration list for PBXProject "Stopwatch" */ = {
			isa = XCConfigurationList;
			buildConfigurations = (
				187B85F01A38097A003E9A46 /* Debug */,
				187B85F11A38097A003E9A46 /* Release */,
			);
			defaultConfigurationIsVisible = 0;
			defaultConfigurationName = Release;
		};
		187B85F21A38097A003E9A46 /* Build configuration list for PBXNativeTarget "Stopwatch" */ = {
			isa = XCConfigurationList;
			buildConfigurations = (
				187B85F31A38097A003E9A46 /* Debug */,
				187B85F41A38097A003E9A46 /* Release */,
			);
			defaultConfigurationIsVisible = 0;
		};
		187B85F51A38097A003E9A46 /* Build configuration list for PBXNativeTarget "StopwatchTests" */ = {
			isa = XCConfigurationList;
			buildConfigurations = (
				187B85F61A38097A003E9A46 /* Debug */,
				187B85F71A38097A003E9A46 /* Release */,
			);
			defaultConfigurationIsVisible = 0;
		};
/* End XCConfigurationList section */
	};
	rootObject = 187B85CB1A38097A003E9A46 /* Project object */;
}
