// !$*UTF8*$!
{
	archiveVersion = 1;
	classes = {
	};
	objectVersion = 46;
	objects = {

/* Begin PBXBuildFile section */
		18E3625E1A3AB7F00003709A /* AppDelegate.swift in Sources */ = {isa = PBXBuildFile; fileRef = 18E3625D1A3AB7F00003709A /* AppDelegate.swift */; };
		18E362601A3AB7F00003709A /* ViewController.swift in Sources */ = {isa = PBXBuildFile; fileRef = 18E3625F1A3AB7F00003709A /* ViewController.swift */; };
		18E362631A3AB7F10003709A /* Main.storyboard in Resources */ = {isa = PBXBuildFile; fileRef = 18E362611A3AB7F00003709A /* Main.storyboard */; };
		18E362651A3AB7F10003709A /* Images.xcassets in Resources */ = {isa = PBXBuildFile; fileRef = 18E362641A3AB7F10003709A /* Images.xcassets */; };
		18E362681A3AB7F10003709A /* LaunchScreen.xib in Resources */ = {isa = PBXBuildFile; fileRef = 18E362661A3AB7F10003709A /* LaunchScreen.xib */; };
		18E362741A3AB7F10003709A /* Learning_MapsTests.swift in Sources */ = {isa = PBXBuildFile; fileRef = 18E362731A3AB7F10003709A /* Learning_MapsTests.swift */; };
/* End PBXBuildFile section */

/* Begin PBXContainerItemProxy section */
		18E3626E1A3AB7F10003709A /* PBXContainerItemProxy */ = {
			isa = PBXContainerItemProxy;
			containerPortal = 18E362501A3AB7F00003709A /* Project object */;
			proxyType = 1;
			remoteGlobalIDString = 18E362571A3AB7F00003709A;
			remoteInfo = "Learning Maps";
		};
/* End PBXContainerItemProxy section */

/* Begin PBXFileReference section */
		18E362581A3AB7F00003709A /* Learning Maps.app */ = {isa = PBXFileReference; explicitFileType = wrapper.application; includeInIndex = 0; path = "Learning Maps.app"; sourceTree = BUILT_PRODUCTS_DIR; };
		18E3625C1A3AB7F00003709A /* Info.plist */ = {isa = PBXFileReference; lastKnownFileType = text.plist.xml; path = Info.plist; sourceTree = "<group>"; };
		18E3625D1A3AB7F00003709A /* AppDelegate.swift */ = {isa = PBXFileReference; lastKnownFileType = sourcecode.swift; path = AppDelegate.swift; sourceTree = "<group>"; };
		18E3625F1A3AB7F00003709A /* ViewController.swift */ = {isa = PBXFileReference; lastKnownFileType = sourcecode.swift; path = ViewController.swift; sourceTree = "<group>"; };
		18E362621A3AB7F00003709A /* Base */ = {isa = PBXFileReference; lastKnownFileType = file.storyboard; name = Base; path = Base.lproj/Main.storyboard; sourceTree = "<group>"; };
		18E362641A3AB7F10003709A /* Images.xcassets */ = {isa = PBXFileReference; lastKnownFileType = folder.assetcatalog; path = Images.xcassets; sourceTree = "<group>"; };
		18E362671A3AB7F10003709A /* Base */ = {isa = PBXFileReference; lastKnownFileType = file.xib; name = Base; path = Base.lproj/LaunchScreen.xib; sourceTree = "<group>"; };
		18E3626D1A3AB7F10003709A /* Learning MapsTests.xctest */ = {isa = PBXFileReference; explicitFileType = wrapper.cfbundle; includeInIndex = 0; path = "Learning MapsTests.xctest"; sourceTree = BUILT_PRODUCTS_DIR; };
		18E362721A3AB7F10003709A /* Info.plist */ = {isa = PBXFileReference; lastKnownFileType = text.plist.xml; path = Info.plist; sourceTree = "<group>"; };
		18E362731A3AB7F10003709A /* Learning_MapsTests.swift */ = {isa = PBXFileReference; lastKnownFileType = sourcecode.swift; path = Learning_MapsTests.swift; sourceTree = "<group>"; };
/* End PBXFileReference section */

/* Begin PBXFrameworksBuildPhase section */
		18E362551A3AB7F00003709A /* Frameworks */ = {
			isa = PBXFrameworksBuildPhase;
			buildActionMask = 2147483647;
			files = (
			);
			runOnlyForDeploymentPostprocessing = 0;
		};
		18E3626A1A3AB7F10003709A /* Frameworks */ = {
			isa = PBXFrameworksBuildPhase;
			buildActionMask = 2147483647;
			files = (
			);
			runOnlyForDeploymentPostprocessing = 0;
		};
/* End PBXFrameworksBuildPhase section */

/* Begin PBXGroup section */
		18E3624F1A3AB7F00003709A = {
			isa = PBXGroup;
			children = (
				18E3625A1A3AB7F00003709A /* Learning Maps */,
				18E362701A3AB7F10003709A /* Learning MapsTests */,
				18E362591A3AB7F00003709A /* Products */,
			);
			sourceTree = "<group>";
		};
		18E362591A3AB7F00003709A /* Products */ = {
			isa = PBXGroup;
			children = (
				18E362581A3AB7F00003709A /* Learning Maps.app */,
				18E3626D1A3AB7F10003709A /* Learning MapsTests.xctest */,
			);
			name = Products;
			sourceTree = "<group>";
		};
		18E3625A1A3AB7F00003709A /* Learning Maps */ = {
			isa = PBXGroup;
			children = (
				18E3625D1A3AB7F00003709A /* AppDelegate.swift */,
				18E3625F1A3AB7F00003709A /* ViewController.swift */,
				18E362611A3AB7F00003709A /* Main.storyboard */,
				18E362641A3AB7F10003709A /* Images.xcassets */,
				18E362661A3AB7F10003709A /* LaunchScreen.xib */,
				18E3625B1A3AB7F00003709A /* Supporting Files */,
			);
			path = "Learning Maps";
			sourceTree = "<group>";
		};
		18E3625B1A3AB7F00003709A /* Supporting Files */ = {
			isa = PBXGroup;
			children = (
				18E3625C1A3AB7F00003709A /* Info.plist */,
			);
			name = "Supporting Files";
			sourceTree = "<group>";
		};
		18E362701A3AB7F10003709A /* Learning MapsTests */ = {
			isa = PBXGroup;
			children = (
				18E362731A3AB7F10003709A /* Learning_MapsTests.swift */,
				18E362711A3AB7F10003709A /* Supporting Files */,
			);
			path = "Learning MapsTests";
			sourceTree = "<group>";
		};
		18E362711A3AB7F10003709A /* Supporting Files */ = {
			isa = PBXGroup;
			children = (
				18E362721A3AB7F10003709A /* Info.plist */,
			);
			name = "Supporting Files";
			sourceTree = "<group>";
		};
/* End PBXGroup section */

/* Begin PBXNativeTarget section */
		18E362571A3AB7F00003709A /* Learning Maps */ = {
			isa = PBXNativeTarget;
			buildConfigurationList = 18E362771A3AB7F10003709A /* Build configuration list for PBXNativeTarget "Learning Maps" */;
			buildPhases = (
				18E362541A3AB7F00003709A /* Sources */,
				18E362551A3AB7F00003709A /* Frameworks */,
				18E362561A3AB7F00003709A /* Resources */,
			);
			buildRules = (
			);
			dependencies = (
			);
			name = "Learning Maps";
			productName = "Learning Maps";
			productReference = 18E362581A3AB7F00003709A /* Learning Maps.app */;
			productType = "com.apple.product-type.application";
		};
		18E3626C1A3AB7F10003709A /* Learning MapsTests */ = {
			isa = PBXNativeTarget;
			buildConfigurationList = 18E3627A1A3AB7F10003709A /* Build configuration list for PBXNativeTarget "Learning MapsTests" */;
			buildPhases = (
				18E362691A3AB7F10003709A /* Sources */,
				18E3626A1A3AB7F10003709A /* Frameworks */,
				18E3626B1A3AB7F10003709A /* Resources */,
			);
			buildRules = (
			);
			dependencies = (
				18E3626F1A3AB7F10003709A /* PBXTargetDependency */,
			);
			name = "Learning MapsTests";
			productName = "Learning MapsTests";
			productReference = 18E3626D1A3AB7F10003709A /* Learning MapsTests.xctest */;
			productType = "com.apple.product-type.bundle.unit-test";
		};
/* End PBXNativeTarget section */

/* Begin PBXProject section */
		18E362501A3AB7F00003709A /* Project object */ = {
			isa = PBXProject;
			attributes = {
				LastUpgradeCheck = 0610;
				ORGANIZATIONNAME = Appfish;
				TargetAttributes = {
					18E362571A3AB7F00003709A = {
						CreatedOnToolsVersion = 6.1.1;
					};
					18E3626C1A3AB7F10003709A = {
						CreatedOnToolsVersion = 6.1.1;
						TestTargetID = 18E362571A3AB7F00003709A;
					};
				};
			};
			buildConfigurationList = 18E362531A3AB7F00003709A /* Build configuration list for PBXProject "Learning Maps" */;
			compatibilityVersion = "Xcode 3.2";
			developmentRegion = English;
			hasScannedForEncodings = 0;
			knownRegions = (
				en,
				Base,
			);
			mainGroup = 18E3624F1A3AB7F00003709A;
			productRefGroup = 18E362591A3AB7F00003709A /* Products */;
			projectDirPath = "";
			projectRoot = "";
			targets = (
				18E362571A3AB7F00003709A /* Learning Maps */,
				18E3626C1A3AB7F10003709A /* Learning MapsTests */,
			);
		};
/* End PBXProject section */

/* Begin PBXResourcesBuildPhase section */
		18E362561A3AB7F00003709A /* Resources */ = {
			isa = PBXResourcesBuildPhase;
			buildActionMask = 2147483647;
			files = (
				18E362631A3AB7F10003709A /* Main.storyboard in Resources */,
				18E362681A3AB7F10003709A /* LaunchScreen.xib in Resources */,
				18E362651A3AB7F10003709A /* Images.xcassets in Resources */,
			);
			runOnlyForDeploymentPostprocessing = 0;
		};
		18E3626B1A3AB7F10003709A /* Resources */ = {
			isa = PBXResourcesBuildPhase;
			buildActionMask = 2147483647;
			files = (
			);
			runOnlyForDeploymentPostprocessing = 0;
		};
/* End PBXResourcesBuildPhase section */

/* Begin PBXSourcesBuildPhase section */
		18E362541A3AB7F00003709A /* Sources */ = {
			isa = PBXSourcesBuildPhase;
			buildActionMask = 2147483647;
			files = (
				18E362601A3AB7F00003709A /* ViewController.swift in Sources */,
				18E3625E1A3AB7F00003709A /* AppDelegate.swift in Sources */,
			);
			runOnlyForDeploymentPostprocessing = 0;
		};
		18E362691A3AB7F10003709A /* Sources */ = {
			isa = PBXSourcesBuildPhase;
			buildActionMask = 2147483647;
			files = (
				18E362741A3AB7F10003709A /* Learning_MapsTests.swift in Sources */,
			);
			runOnlyForDeploymentPostprocessing = 0;
		};
/* End PBXSourcesBuildPhase section */

/* Begin PBXTargetDependency section */
		18E3626F1A3AB7F10003709A /* PBXTargetDependency */ = {
			isa = PBXTargetDependency;
			target = 18E362571A3AB7F00003709A /* Learning Maps */;
			targetProxy = 18E3626E1A3AB7F10003709A /* PBXContainerItemProxy */;
		};
/* End PBXTargetDependency section */

/* Begin PBXVariantGroup section */
		18E362611A3AB7F00003709A /* Main.storyboard */ = {
			isa = PBXVariantGroup;
			children = (
				18E362621A3AB7F00003709A /* Base */,
			);
			name = Main.storyboard;
			sourceTree = "<group>";
		};
		18E362661A3AB7F10003709A /* LaunchScreen.xib */ = {
			isa = PBXVariantGroup;
			children = (
				18E362671A3AB7F10003709A /* Base */,
			);
			name = LaunchScreen.xib;
			sourceTree = "<group>";
		};
/* End PBXVariantGroup section */

/* Begin XCBuildConfiguration section */
		18E362751A3AB7F10003709A /* Debug */ = {
			isa = XCBuildConfiguration;
			buildSettings = {
				ALWAYS_SEARCH_USER_PATHS = NO;
				CLANG_CXX_LANGUAGE_STANDARD = "gnu++0x";
				CLANG_CXX_LIBRARY = "libc++";
				CLANG_ENABLE_MODULES = YES;
				CLANG_ENABLE_OBJC_ARC = YES;
				CLANG_WARN_BOOL_CONVERSION = YES;
				CLANG_WARN_CONSTANT_CONVERSION = YES;
				CLANG_WARN_DIRECT_OBJC_ISA_USAGE = YES_ERROR;
				CLANG_WARN_EMPTY_BODY = YES;
				CLANG_WARN_ENUM_CONVERSION = YES;
				CLANG_WARN_INT_CONVERSION = YES;
				CLANG_WARN_OBJC_ROOT_CLASS = YES_ERROR;
				CLANG_WARN_UNREACHABLE_CODE = YES;
				CLANG_WARN__DUPLICATE_METHOD_MATCH = YES;
				"CODE_SIGN_IDENTITY[sdk=iphoneos*]" = "iPhone Developer";
				COPY_PHASE_STRIP = NO;
				ENABLE_STRICT_OBJC_MSGSEND = YES;
				GCC_C_LANGUAGE_STANDARD = gnu99;
				GCC_DYNAMIC_NO_PIC = NO;
				GCC_OPTIMIZATION_LEVEL = 0;
				GCC_PREPROCESSOR_DEFINITIONS = (
					"DEBUG=1",
					"$(inherited)",
				);
				GCC_SYMBOLS_PRIVATE_EXTERN = NO;
				GCC_WARN_64_TO_32_BIT_CONVERSION = YES;
				GCC_WARN_ABOUT_RETURN_TYPE = YES_ERROR;
				GCC_WARN_UNDECLARED_SELECTOR = YES;
				GCC_WARN_UNINITIALIZED_AUTOS = YES_AGGRESSIVE;
				GCC_WARN_UNUSED_FUNCTION = YES;
				GCC_WARN_UNUSED_VARIABLE = YES;
				IPHONEOS_DEPLOYMENT_TARGET = 8.1;
				MTL_ENABLE_DEBUG_INFO = YES;
				ONLY_ACTIVE_ARCH = YES;
				SDKROOT = iphoneos;
				SWIFT_OPTIMIZATION_LEVEL = "-Onone";
			};
			name = Debug;
		};
		18E362761A3AB7F10003709A /* Release */ = {
			isa = XCBuildConfiguration;
			buildSettings = {
				ALWAYS_SEARCH_USER_PATHS = NO;
				CLANG_CXX_LANGUAGE_STANDARD = "gnu++0x";
				CLANG_CXX_LIBRARY = "libc++";
				CLANG_ENABLE_MODULES = YES;
				CLANG_ENABLE_OBJC_ARC = YES;
				CLANG_WARN_BOOL_CONVERSION = YES;
				CLANG_WARN_CONSTANT_CONVERSION = YES;
				CLANG_WARN_DIRECT_OBJC_ISA_USAGE = YES_ERROR;
				CLANG_WARN_EMPTY_BODY = YES;
				CLANG_WARN_ENUM_CONVERSION = YES;
				CLANG_WARN_INT_CONVERSION = YES;
				CLANG_WARN_OBJC_ROOT_CLASS = YES_ERROR;
				CLANG_WARN_UNREACHABLE_CODE = YES;
				CLANG_WARN__DUPLICATE_METHOD_MATCH = YES;
				"CODE_SIGN_IDENTITY[sdk=iphoneos*]" = "iPhone Developer";
				COPY_PHASE_STRIP = YES;
				ENABLE_NS_ASSERTIONS = NO;
				ENABLE_STRICT_OBJC_MSGSEND = YES;
				GCC_C_LANGUAGE_STANDARD = gnu99;
				GCC_WARN_64_TO_32_BIT_CONVERSION = YES;
				GCC_WARN_ABOUT_RETURN_TYPE = YES_ERROR;
				GCC_WARN_UNDECLARED_SELECTOR = YES;
				GCC_WARN_UNINITIALIZED_AUTOS = YES_AGGRESSIVE;
				GCC_WARN_UNUSED_FUNCTION = YES;
				GCC_WARN_UNUSED_VARIABLE = YES;
				IPHONEOS_DEPLOYMENT_TARGET = 8.1;
				MTL_ENABLE_DEBUG_INFO = NO;
				SDKROOT = iphoneos;
				VALIDATE_PRODUCT = YES;
			};
			name = Release;
		};
		18E362781A3AB7F10003709A /* Debug */ = {
			isa = XCBuildConfiguration;
			buildSettings = {
				ASSETCATALOG_COMPILER_APPICON_NAME = AppIcon;
				INFOPLIST_FILE = "Learning Maps/Info.plist";
				LD_RUNPATH_SEARCH_PATHS = "$(inherited) @executable_path/Frameworks";
				PRODUCT_NAME = "$(TARGET_NAME)";
			};
			name = Debug;
		};
		18E362791A3AB7F10003709A /* Release */ = {
			isa = XCBuildConfiguration;
			buildSettings = {
				ASSETCATALOG_COMPILER_APPICON_NAME = AppIcon;
				INFOPLIST_FILE = "Learning Maps/Info.plist";
				LD_RUNPATH_SEARCH_PATHS = "$(inherited) @executable_path/Frameworks";
				PRODUCT_NAME = "$(TARGET_NAME)";
			};
			name = Release;
		};
		18E3627B1A3AB7F10003709A /* Debug */ = {
			isa = XCBuildConfiguration;
			buildSettings = {
				BUNDLE_LOADER = "$(TEST_HOST)";
				FRAMEWORK_SEARCH_PATHS = (
					"$(SDKROOT)/Developer/Library/Frameworks",
					"$(inherited)",
				);
				GCC_PREPROCESSOR_DEFINITIONS = (
					"DEBUG=1",
					"$(inherited)",
				);
				INFOPLIST_FILE = "Learning MapsTests/Info.plist";
				LD_RUNPATH_SEARCH_PATHS = "$(inherited) @executable_path/Frameworks @loader_path/Frameworks";
				PRODUCT_NAME = "$(TARGET_NAME)";
				TEST_HOST = "$(BUILT_PRODUCTS_DIR)/Learning Maps.app/Learning Maps";
			};
			name = Debug;
		};
		18E3627C1A3AB7F10003709A /* Release */ = {
			isa = XCBuildConfiguration;
			buildSettings = {
				BUNDLE_LOADER = "$(TEST_HOST)";
				FRAMEWORK_SEARCH_PATHS = (
					"$(SDKROOT)/Developer/Library/Frameworks",
					"$(inherited)",
				);
				INFOPLIST_FILE = "Learning MapsTests/Info.plist";
				LD_RUNPATH_SEARCH_PATHS = "$(inherited) @executable_path/Frameworks @loader_path/Frameworks";
				PRODUCT_NAME = "$(TARGET_NAME)";
				TEST_HOST = "$(BUILT_PRODUCTS_DIR)/Learning Maps.app/Learning Maps";
			};
			name = Release;
		};
/* End XCBuildConfiguration section */

/* Begin XCConfigurationList section */
		18E362531A3AB7F00003709A /* Build configuration list for PBXProject "Learning Maps" */ = {
			isa = XCConfigurationList;
			buildConfigurations = (
				18E362751A3AB7F10003709A /* Debug */,
				18E362761A3AB7F10003709A /* Release */,
			);
			defaultConfigurationIsVisible = 0;
			defaultConfigurationName = Release;
		};
		18E362771A3AB7F10003709A /* Build configuration list for PBXNativeTarget "Learning Maps" */ = {
			isa = XCConfigurationList;
			buildConfigurations = (
				18E362781A3AB7F10003709A /* Debug */,
				18E362791A3AB7F10003709A /* Release */,
			);
			defaultConfigurationIsVisible = 0;
		};
		18E3627A1A3AB7F10003709A /* Build configuration list for PBXNativeTarget "Learning MapsTests" */ = {
			isa = XCConfigurationList;
			buildConfigurations = (
				18E3627B1A3AB7F10003709A /* Debug */,
				18E3627C1A3AB7F10003709A /* Release */,
			);
			defaultConfigurationIsVisible = 0;
		};
/* End XCConfigurationList section */
	};
	rootObject = 18E362501A3AB7F00003709A /* Project object */;
}
