// !$*UTF8*$!
{
	archiveVersion = 1;
	classes = {
	};
	objectVersion = 46;
	objects = {

/* Begin PBXBuildFile section */
		185D9D951A38406D00043067 /* AppDelegate.swift in Sources */ = {isa = PBXBuildFile; fileRef = 185D9D941A38406D00043067 /* AppDelegate.swift */; };
		185D9D971A38406D00043067 /* ViewController.swift in Sources */ = {isa = PBXBuildFile; fileRef = 185D9D961A38406D00043067 /* ViewController.swift */; };
		185D9D9A1A38406D00043067 /* Main.storyboard in Resources */ = {isa = PBXBuildFile; fileRef = 185D9D981A38406D00043067 /* Main.storyboard */; };
		185D9D9C1A38406D00043067 /* Images.xcassets in Resources */ = {isa = PBXBuildFile; fileRef = 185D9D9B1A38406D00043067 /* Images.xcassets */; };
		185D9D9F1A38406D00043067 /* LaunchScreen.xib in Resources */ = {isa = PBXBuildFile; fileRef = 185D9D9D1A38406D00043067 /* LaunchScreen.xib */; };
		185D9DAB1A38406D00043067 /* Manage_The_KeyboardTests.swift in Sources */ = {isa = PBXBuildFile; fileRef = 185D9DAA1A38406D00043067 /* Manage_The_KeyboardTests.swift */; };
/* End PBXBuildFile section */

/* Begin PBXContainerItemProxy section */
		185D9DA51A38406D00043067 /* PBXContainerItemProxy */ = {
			isa = PBXContainerItemProxy;
			containerPortal = 185D9D871A38406D00043067 /* Project object */;
			proxyType = 1;
			remoteGlobalIDString = 185D9D8E1A38406D00043067;
			remoteInfo = "Manage The Keyboard";
		};
/* End PBXContainerItemProxy section */

/* Begin PBXFileReference section */
		185D9D8F1A38406D00043067 /* Manage The Keyboard.app */ = {isa = PBXFileReference; explicitFileType = wrapper.application; includeInIndex = 0; path = "Manage The Keyboard.app"; sourceTree = BUILT_PRODUCTS_DIR; };
		185D9D931A38406D00043067 /* Info.plist */ = {isa = PBXFileReference; lastKnownFileType = text.plist.xml; path = Info.plist; sourceTree = "<group>"; };
		185D9D941A38406D00043067 /* AppDelegate.swift */ = {isa = PBXFileReference; lastKnownFileType = sourcecode.swift; path = AppDelegate.swift; sourceTree = "<group>"; };
		185D9D961A38406D00043067 /* ViewController.swift */ = {isa = PBXFileReference; lastKnownFileType = sourcecode.swift; path = ViewController.swift; sourceTree = "<group>"; };
		185D9D991A38406D00043067 /* Base */ = {isa = PBXFileReference; lastKnownFileType = file.storyboard; name = Base; path = Base.lproj/Main.storyboard; sourceTree = "<group>"; };
		185D9D9B1A38406D00043067 /* Images.xcassets */ = {isa = PBXFileReference; lastKnownFileType = folder.assetcatalog; path = Images.xcassets; sourceTree = "<group>"; };
		185D9D9E1A38406D00043067 /* Base */ = {isa = PBXFileReference; lastKnownFileType = file.xib; name = Base; path = Base.lproj/LaunchScreen.xib; sourceTree = "<group>"; };
		185D9DA41A38406D00043067 /* Manage The KeyboardTests.xctest */ = {isa = PBXFileReference; explicitFileType = wrapper.cfbundle; includeInIndex = 0; path = "Manage The KeyboardTests.xctest"; sourceTree = BUILT_PRODUCTS_DIR; };
		185D9DA91A38406D00043067 /* Info.plist */ = {isa = PBXFileReference; lastKnownFileType = text.plist.xml; path = Info.plist; sourceTree = "<group>"; };
		185D9DAA1A38406D00043067 /* Manage_The_KeyboardTests.swift */ = {isa = PBXFileReference; lastKnownFileType = sourcecode.swift; path = Manage_The_KeyboardTests.swift; sourceTree = "<group>"; };
/* End PBXFileReference section */

/* Begin PBXFrameworksBuildPhase section */
		185D9D8C1A38406D00043067 /* Frameworks */ = {
			isa = PBXFrameworksBuildPhase;
			buildActionMask = 2147483647;
			files = (
			);
			runOnlyForDeploymentPostprocessing = 0;
		};
		185D9DA11A38406D00043067 /* Frameworks */ = {
			isa = PBXFrameworksBuildPhase;
			buildActionMask = 2147483647;
			files = (
			);
			runOnlyForDeploymentPostprocessing = 0;
		};
/* End PBXFrameworksBuildPhase section */

/* Begin PBXGroup section */
		185D9D861A38406D00043067 = {
			isa = PBXGroup;
			children = (
				185D9D911A38406D00043067 /* Manage The Keyboard */,
				185D9DA71A38406D00043067 /* Manage The KeyboardTests */,
				185D9D901A38406D00043067 /* Products */,
			);
			sourceTree = "<group>";
		};
		185D9D901A38406D00043067 /* Products */ = {
			isa = PBXGroup;
			children = (
				185D9D8F1A38406D00043067 /* Manage The Keyboard.app */,
				185D9DA41A38406D00043067 /* Manage The KeyboardTests.xctest */,
			);
			name = Products;
			sourceTree = "<group>";
		};
		185D9D911A38406D00043067 /* Manage The Keyboard */ = {
			isa = PBXGroup;
			children = (
				185D9D941A38406D00043067 /* AppDelegate.swift */,
				185D9D961A38406D00043067 /* ViewController.swift */,
				185D9D981A38406D00043067 /* Main.storyboard */,
				185D9D9B1A38406D00043067 /* Images.xcassets */,
				185D9D9D1A38406D00043067 /* LaunchScreen.xib */,
				185D9D921A38406D00043067 /* Supporting Files */,
			);
			path = "Manage The Keyboard";
			sourceTree = "<group>";
		};
		185D9D921A38406D00043067 /* Supporting Files */ = {
			isa = PBXGroup;
			children = (
				185D9D931A38406D00043067 /* Info.plist */,
			);
			name = "Supporting Files";
			sourceTree = "<group>";
		};
		185D9DA71A38406D00043067 /* Manage The KeyboardTests */ = {
			isa = PBXGroup;
			children = (
				185D9DAA1A38406D00043067 /* Manage_The_KeyboardTests.swift */,
				185D9DA81A38406D00043067 /* Supporting Files */,
			);
			path = "Manage The KeyboardTests";
			sourceTree = "<group>";
		};
		185D9DA81A38406D00043067 /* Supporting Files */ = {
			isa = PBXGroup;
			children = (
				185D9DA91A38406D00043067 /* Info.plist */,
			);
			name = "Supporting Files";
			sourceTree = "<group>";
		};
/* End PBXGroup section */

/* Begin PBXNativeTarget section */
		185D9D8E1A38406D00043067 /* Manage The Keyboard */ = {
			isa = PBXNativeTarget;
			buildConfigurationList = 185D9DAE1A38406D00043067 /* Build configuration list for PBXNativeTarget "Manage The Keyboard" */;
			buildPhases = (
				185D9D8B1A38406D00043067 /* Sources */,
				185D9D8C1A38406D00043067 /* Frameworks */,
				185D9D8D1A38406D00043067 /* Resources */,
			);
			buildRules = (
			);
			dependencies = (
			);
			name = "Manage The Keyboard";
			productName = "Manage The Keyboard";
			productReference = 185D9D8F1A38406D00043067 /* Manage The Keyboard.app */;
			productType = "com.apple.product-type.application";
		};
		185D9DA31A38406D00043067 /* Manage The KeyboardTests */ = {
			isa = PBXNativeTarget;
			buildConfigurationList = 185D9DB11A38406D00043067 /* Build configuration list for PBXNativeTarget "Manage The KeyboardTests" */;
			buildPhases = (
				185D9DA01A38406D00043067 /* Sources */,
				185D9DA11A38406D00043067 /* Frameworks */,
				185D9DA21A38406D00043067 /* Resources */,
			);
			buildRules = (
			);
			dependencies = (
				185D9DA61A38406D00043067 /* PBXTargetDependency */,
			);
			name = "Manage The KeyboardTests";
			productName = "Manage The KeyboardTests";
			productReference = 185D9DA41A38406D00043067 /* Manage The KeyboardTests.xctest */;
			productType = "com.apple.product-type.bundle.unit-test";
		};
/* End PBXNativeTarget section */

/* Begin PBXProject section */
		185D9D871A38406D00043067 /* Project object */ = {
			isa = PBXProject;
			attributes = {
				LastUpgradeCheck = 0610;
				ORGANIZATIONNAME = Appfish;
				TargetAttributes = {
					185D9D8E1A38406D00043067 = {
						CreatedOnToolsVersion = 6.1.1;
					};
					185D9DA31A38406D00043067 = {
						CreatedOnToolsVersion = 6.1.1;
						TestTargetID = 185D9D8E1A38406D00043067;
					};
				};
			};
			buildConfigurationList = 185D9D8A1A38406D00043067 /* Build configuration list for PBXProject "Manage The Keyboard" */;
			compatibilityVersion = "Xcode 3.2";
			developmentRegion = English;
			hasScannedForEncodings = 0;
			knownRegions = (
				en,
				Base,
			);
			mainGroup = 185D9D861A38406D00043067;
			productRefGroup = 185D9D901A38406D00043067 /* Products */;
			projectDirPath = "";
			projectRoot = "";
			targets = (
				185D9D8E1A38406D00043067 /* Manage The Keyboard */,
				185D9DA31A38406D00043067 /* Manage The KeyboardTests */,
			);
		};
/* End PBXProject section */

/* Begin PBXResourcesBuildPhase section */
		185D9D8D1A38406D00043067 /* Resources */ = {
			isa = PBXResourcesBuildPhase;
			buildActionMask = 2147483647;
			files = (
				185D9D9A1A38406D00043067 /* Main.storyboard in Resources */,
				185D9D9F1A38406D00043067 /* LaunchScreen.xib in Resources */,
				185D9D9C1A38406D00043067 /* Images.xcassets in Resources */,
			);
			runOnlyForDeploymentPostprocessing = 0;
		};
		185D9DA21A38406D00043067 /* Resources */ = {
			isa = PBXResourcesBuildPhase;
			buildActionMask = 2147483647;
			files = (
			);
			runOnlyForDeploymentPostprocessing = 0;
		};
/* End PBXResourcesBuildPhase section */

/* Begin PBXSourcesBuildPhase section */
		185D9D8B1A38406D00043067 /* Sources */ = {
			isa = PBXSourcesBuildPhase;
			buildActionMask = 2147483647;
			files = (
				185D9D971A38406D00043067 /* ViewController.swift in Sources */,
				185D9D951A38406D00043067 /* AppDelegate.swift in Sources */,
			);
			runOnlyForDeploymentPostprocessing = 0;
		};
		185D9DA01A38406D00043067 /* Sources */ = {
			isa = PBXSourcesBuildPhase;
			buildActionMask = 2147483647;
			files = (
				185D9DAB1A38406D00043067 /* Manage_The_KeyboardTests.swift in Sources */,
			);
			runOnlyForDeploymentPostprocessing = 0;
		};
/* End PBXSourcesBuildPhase section */

/* Begin PBXTargetDependency section */
		185D9DA61A38406D00043067 /* PBXTargetDependency */ = {
			isa = PBXTargetDependency;
			target = 185D9D8E1A38406D00043067 /* Manage The Keyboard */;
			targetProxy = 185D9DA51A38406D00043067 /* PBXContainerItemProxy */;
		};
/* End PBXTargetDependency section */

/* Begin PBXVariantGroup section */
		185D9D981A38406D00043067 /* Main.storyboard */ = {
			isa = PBXVariantGroup;
			children = (
				185D9D991A38406D00043067 /* Base */,
			);
			name = Main.storyboard;
			sourceTree = "<group>";
		};
		185D9D9D1A38406D00043067 /* LaunchScreen.xib */ = {
			isa = PBXVariantGroup;
			children = (
				185D9D9E1A38406D00043067 /* Base */,
			);
			name = LaunchScreen.xib;
			sourceTree = "<group>";
		};
/* End PBXVariantGroup section */

/* Begin XCBuildConfiguration section */
		185D9DAC1A38406D00043067 /* Debug */ = {
			isa = XCBuildConfiguration;
			buildSettings = {
				ALWAYS_SEARCH_USER_PATHS = NO;
				CLANG_CXX_LANGUAGE_STANDARD = "gnu++0x";
				CLANG_CXX_LIBRARY = "libc++";
				CLANG_ENABLE_MODULES = YES;
				CLANG_ENABLE_OBJC_ARC = YES;
				CLANG_WARN_BOOL_CONVERSION = YES;
				CLANG_WARN_CONSTANT_CONVERSION = YES;
				CLANG_WARN_DIRECT_OBJC_ISA_USAGE = YES_ERROR;
				CLANG_WARN_EMPTY_BODY = YES;
				CLANG_WARN_ENUM_CONVERSION = YES;
				CLANG_WARN_INT_CONVERSION = YES;
				CLANG_WARN_OBJC_ROOT_CLASS = YES_ERROR;
				CLANG_WARN_UNREACHABLE_CODE = YES;
				CLANG_WARN__DUPLICATE_METHOD_MATCH = YES;
				"CODE_SIGN_IDENTITY[sdk=iphoneos*]" = "iPhone Developer";
				COPY_PHASE_STRIP = NO;
				ENABLE_STRICT_OBJC_MSGSEND = YES;
				GCC_C_LANGUAGE_STANDARD = gnu99;
				GCC_DYNAMIC_NO_PIC = NO;
				GCC_OPTIMIZATION_LEVEL = 0;
				GCC_PREPROCESSOR_DEFINITIONS = (
					"DEBUG=1",
					"$(inherited)",
				);
				GCC_SYMBOLS_PRIVATE_EXTERN = NO;
				GCC_WARN_64_TO_32_BIT_CONVERSION = YES;
				GCC_WARN_ABOUT_RETURN_TYPE = YES_ERROR;
				GCC_WARN_UNDECLARED_SELECTOR = YES;
				GCC_WARN_UNINITIALIZED_AUTOS = YES_AGGRESSIVE;
				GCC_WARN_UNUSED_FUNCTION = YES;
				GCC_WARN_UNUSED_VARIABLE = YES;
				IPHONEOS_DEPLOYMENT_TARGET = 8.1;
				MTL_ENABLE_DEBUG_INFO = YES;
				ONLY_ACTIVE_ARCH = YES;
				SDKROOT = iphoneos;
				SWIFT_OPTIMIZATION_LEVEL = "-Onone";
			};
			name = Debug;
		};
		185D9DAD1A38406D00043067 /* Release */ = {
			isa = XCBuildConfiguration;
			buildSettings = {
				ALWAYS_SEARCH_USER_PATHS = NO;
				CLANG_CXX_LANGUAGE_STANDARD = "gnu++0x";
				CLANG_CXX_LIBRARY = "libc++";
				CLANG_ENABLE_MODULES = YES;
				CLANG_ENABLE_OBJC_ARC = YES;
				CLANG_WARN_BOOL_CONVERSION = YES;
				CLANG_WARN_CONSTANT_CONVERSION = YES;
				CLANG_WARN_DIRECT_OBJC_ISA_USAGE = YES_ERROR;
				CLANG_WARN_EMPTY_BODY = YES;
				CLANG_WARN_ENUM_CONVERSION = YES;
				CLANG_WARN_INT_CONVERSION = YES;
				CLANG_WARN_OBJC_ROOT_CLASS = YES_ERROR;
				CLANG_WARN_UNREACHABLE_CODE = YES;
				CLANG_WARN__DUPLICATE_METHOD_MATCH = YES;
				"CODE_SIGN_IDENTITY[sdk=iphoneos*]" = "iPhone Developer";
				COPY_PHASE_STRIP = YES;
				ENABLE_NS_ASSERTIONS = NO;
				ENABLE_STRICT_OBJC_MSGSEND = YES;
				GCC_C_LANGUAGE_STANDARD = gnu99;
				GCC_WARN_64_TO_32_BIT_CONVERSION = YES;
				GCC_WARN_ABOUT_RETURN_TYPE = YES_ERROR;
				GCC_WARN_UNDECLARED_SELECTOR = YES;
				GCC_WARN_UNINITIALIZED_AUTOS = YES_AGGRESSIVE;
				GCC_WARN_UNUSED_FUNCTION = YES;
				GCC_WARN_UNUSED_VARIABLE = YES;
				IPHONEOS_DEPLOYMENT_TARGET = 8.1;
				MTL_ENABLE_DEBUG_INFO = NO;
				SDKROOT = iphoneos;
				VALIDATE_PRODUCT = YES;
			};
			name = Release;
		};
		185D9DAF1A38406D00043067 /* Debug */ = {
			isa = XCBuildConfiguration;
			buildSettings = {
				ASSETCATALOG_COMPILER_APPICON_NAME = AppIcon;
				INFOPLIST_FILE = "Manage The Keyboard/Info.plist";
				LD_RUNPATH_SEARCH_PATHS = "$(inherited) @executable_path/Frameworks";
				PRODUCT_NAME = "$(TARGET_NAME)";
			};
			name = Debug;
		};
		185D9DB01A38406D00043067 /* Release */ = {
			isa = XCBuildConfiguration;
			buildSettings = {
				ASSETCATALOG_COMPILER_APPICON_NAME = AppIcon;
				INFOPLIST_FILE = "Manage The Keyboard/Info.plist";
				LD_RUNPATH_SEARCH_PATHS = "$(inherited) @executable_path/Frameworks";
				PRODUCT_NAME = "$(TARGET_NAME)";
			};
			name = Release;
		};
		185D9DB21A38406D00043067 /* Debug */ = {
			isa = XCBuildConfiguration;
			buildSettings = {
				BUNDLE_LOADER = "$(TEST_HOST)";
				FRAMEWORK_SEARCH_PATHS = (
					"$(SDKROOT)/Developer/Library/Frameworks",
					"$(inherited)",
				);
				GCC_PREPROCESSOR_DEFINITIONS = (
					"DEBUG=1",
					"$(inherited)",
				);
				INFOPLIST_FILE = "Manage The KeyboardTests/Info.plist";
				LD_RUNPATH_SEARCH_PATHS = "$(inherited) @executable_path/Frameworks @loader_path/Frameworks";
				PRODUCT_NAME = "$(TARGET_NAME)";
				TEST_HOST = "$(BUILT_PRODUCTS_DIR)/Manage The Keyboard.app/Manage The Keyboard";
			};
			name = Debug;
		};
		185D9DB31A38406D00043067 /* Release */ = {
			isa = XCBuildConfiguration;
			buildSettings = {
				BUNDLE_LOADER = "$(TEST_HOST)";
				FRAMEWORK_SEARCH_PATHS = (
					"$(SDKROOT)/Developer/Library/Frameworks",
					"$(inherited)",
				);
				INFOPLIST_FILE = "Manage The KeyboardTests/Info.plist";
				LD_RUNPATH_SEARCH_PATHS = "$(inherited) @executable_path/Frameworks @loader_path/Frameworks";
				PRODUCT_NAME = "$(TARGET_NAME)";
				TEST_HOST = "$(BUILT_PRODUCTS_DIR)/Manage The Keyboard.app/Manage The Keyboard";
			};
			name = Release;
		};
/* End XCBuildConfiguration section */

/* Begin XCConfigurationList section */
		185D9D8A1A38406D00043067 /* Build configuration list for PBXProject "Manage The Keyboard" */ = {
			isa = XCConfigurationList;
			buildConfigurations = (
				185D9DAC1A38406D00043067 /* Debug */,
				185D9DAD1A38406D00043067 /* Release */,
			);
			defaultConfigurationIsVisible = 0;
			defaultConfigurationName = Release;
		};
		185D9DAE1A38406D00043067 /* Build configuration list for PBXNativeTarget "Manage The Keyboard" */ = {
			isa = XCConfigurationList;
			buildConfigurations = (
				185D9DAF1A38406D00043067 /* Debug */,
				185D9DB01A38406D00043067 /* Release */,
			);
			defaultConfigurationIsVisible = 0;
		};
		185D9DB11A38406D00043067 /* Build configuration list for PBXNativeTarget "Manage The KeyboardTests" */ = {
			isa = XCConfigurationList;
			buildConfigurations = (
				185D9DB21A38406D00043067 /* Debug */,
				185D9DB31A38406D00043067 /* Release */,
			);
			defaultConfigurationIsVisible = 0;
		};
/* End XCConfigurationList section */
	};
	rootObject = 185D9D871A38406D00043067 /* Project object */;
}
