// !$*UTF8*$!
{
	archiveVersion = 1;
	classes = {
	};
	objectVersion = 46;
	objects = {

/* Begin PBXBuildFile section */
		185D9D091A382CB600043067 /* AppDelegate.swift in Sources */ = {isa = PBXBuildFile; fileRef = 185D9D081A382CB600043067 /* AppDelegate.swift */; };
		185D9D0B1A382CB600043067 /* ViewController.swift in Sources */ = {isa = PBXBuildFile; fileRef = 185D9D0A1A382CB600043067 /* ViewController.swift */; };
		185D9D0E1A382CB600043067 /* Main.storyboard in Resources */ = {isa = PBXBuildFile; fileRef = 185D9D0C1A382CB600043067 /* Main.storyboard */; };
		185D9D101A382CB600043067 /* Images.xcassets in Resources */ = {isa = PBXBuildFile; fileRef = 185D9D0F1A382CB600043067 /* Images.xcassets */; };
		185D9D131A382CB600043067 /* LaunchScreen.xib in Resources */ = {isa = PBXBuildFile; fileRef = 185D9D111A382CB600043067 /* LaunchScreen.xib */; };
		185D9D1F1A382CB600043067 /* Table_ViewsTests.swift in Sources */ = {isa = PBXBuildFile; fileRef = 185D9D1E1A382CB600043067 /* Table_ViewsTests.swift */; };
/* End PBXBuildFile section */

/* Begin PBXContainerItemProxy section */
		185D9D191A382CB600043067 /* PBXContainerItemProxy */ = {
			isa = PBXContainerItemProxy;
			containerPortal = 185D9CFB1A382CB600043067 /* Project object */;
			proxyType = 1;
			remoteGlobalIDString = 185D9D021A382CB600043067;
			remoteInfo = "Table Views";
		};
/* End PBXContainerItemProxy section */

/* Begin PBXFileReference section */
		185D9D031A382CB600043067 /* Table Views.app */ = {isa = PBXFileReference; explicitFileType = wrapper.application; includeInIndex = 0; path = "Table Views.app"; sourceTree = BUILT_PRODUCTS_DIR; };
		185D9D071A382CB600043067 /* Info.plist */ = {isa = PBXFileReference; lastKnownFileType = text.plist.xml; path = Info.plist; sourceTree = "<group>"; };
		185D9D081A382CB600043067 /* AppDelegate.swift */ = {isa = PBXFileReference; lastKnownFileType = sourcecode.swift; path = AppDelegate.swift; sourceTree = "<group>"; };
		185D9D0A1A382CB600043067 /* ViewController.swift */ = {isa = PBXFileReference; lastKnownFileType = sourcecode.swift; path = ViewController.swift; sourceTree = "<group>"; };
		185D9D0D1A382CB600043067 /* Base */ = {isa = PBXFileReference; lastKnownFileType = file.storyboard; name = Base; path = Base.lproj/Main.storyboard; sourceTree = "<group>"; };
		185D9D0F1A382CB600043067 /* Images.xcassets */ = {isa = PBXFileReference; lastKnownFileType = folder.assetcatalog; path = Images.xcassets; sourceTree = "<group>"; };
		185D9D121A382CB600043067 /* Base */ = {isa = PBXFileReference; lastKnownFileType = file.xib; name = Base; path = Base.lproj/LaunchScreen.xib; sourceTree = "<group>"; };
		185D9D181A382CB600043067 /* Table ViewsTests.xctest */ = {isa = PBXFileReference; explicitFileType = wrapper.cfbundle; includeInIndex = 0; path = "Table ViewsTests.xctest"; sourceTree = BUILT_PRODUCTS_DIR; };
		185D9D1D1A382CB600043067 /* Info.plist */ = {isa = PBXFileReference; lastKnownFileType = text.plist.xml; path = Info.plist; sourceTree = "<group>"; };
		185D9D1E1A382CB600043067 /* Table_ViewsTests.swift */ = {isa = PBXFileReference; lastKnownFileType = sourcecode.swift; path = Table_ViewsTests.swift; sourceTree = "<group>"; };
/* End PBXFileReference section */

/* Begin PBXFrameworksBuildPhase section */
		185D9D001A382CB600043067 /* Frameworks */ = {
			isa = PBXFrameworksBuildPhase;
			buildActionMask = 2147483647;
			files = (
			);
			runOnlyForDeploymentPostprocessing = 0;
		};
		185D9D151A382CB600043067 /* Frameworks */ = {
			isa = PBXFrameworksBuildPhase;
			buildActionMask = 2147483647;
			files = (
			);
			runOnlyForDeploymentPostprocessing = 0;
		};
/* End PBXFrameworksBuildPhase section */

/* Begin PBXGroup section */
		185D9CFA1A382CB600043067 = {
			isa = PBXGroup;
			children = (
				185D9D051A382CB600043067 /* Table Views */,
				185D9D1B1A382CB600043067 /* Table ViewsTests */,
				185D9D041A382CB600043067 /* Products */,
			);
			sourceTree = "<group>";
		};
		185D9D041A382CB600043067 /* Products */ = {
			isa = PBXGroup;
			children = (
				185D9D031A382CB600043067 /* Table Views.app */,
				185D9D181A382CB600043067 /* Table ViewsTests.xctest */,
			);
			name = Products;
			sourceTree = "<group>";
		};
		185D9D051A382CB600043067 /* Table Views */ = {
			isa = PBXGroup;
			children = (
				185D9D081A382CB600043067 /* AppDelegate.swift */,
				185D9D0A1A382CB600043067 /* ViewController.swift */,
				185D9D0C1A382CB600043067 /* Main.storyboard */,
				185D9D0F1A382CB600043067 /* Images.xcassets */,
				185D9D111A382CB600043067 /* LaunchScreen.xib */,
				185D9D061A382CB600043067 /* Supporting Files */,
			);
			path = "Table Views";
			sourceTree = "<group>";
		};
		185D9D061A382CB600043067 /* Supporting Files */ = {
			isa = PBXGroup;
			children = (
				185D9D071A382CB600043067 /* Info.plist */,
			);
			name = "Supporting Files";
			sourceTree = "<group>";
		};
		185D9D1B1A382CB600043067 /* Table ViewsTests */ = {
			isa = PBXGroup;
			children = (
				185D9D1E1A382CB600043067 /* Table_ViewsTests.swift */,
				185D9D1C1A382CB600043067 /* Supporting Files */,
			);
			path = "Table ViewsTests";
			sourceTree = "<group>";
		};
		185D9D1C1A382CB600043067 /* Supporting Files */ = {
			isa = PBXGroup;
			children = (
				185D9D1D1A382CB600043067 /* Info.plist */,
			);
			name = "Supporting Files";
			sourceTree = "<group>";
		};
/* End PBXGroup section */

/* Begin PBXNativeTarget section */
		185D9D021A382CB600043067 /* Table Views */ = {
			isa = PBXNativeTarget;
			buildConfigurationList = 185D9D221A382CB600043067 /* Build configuration list for PBXNativeTarget "Table Views" */;
			buildPhases = (
				185D9CFF1A382CB600043067 /* Sources */,
				185D9D001A382CB600043067 /* Frameworks */,
				185D9D011A382CB600043067 /* Resources */,
			);
			buildRules = (
			);
			dependencies = (
			);
			name = "Table Views";
			productName = "Table Views";
			productReference = 185D9D031A382CB600043067 /* Table Views.app */;
			productType = "com.apple.product-type.application";
		};
		185D9D171A382CB600043067 /* Table ViewsTests */ = {
			isa = PBXNativeTarget;
			buildConfigurationList = 185D9D251A382CB600043067 /* Build configuration list for PBXNativeTarget "Table ViewsTests" */;
			buildPhases = (
				185D9D141A382CB600043067 /* Sources */,
				185D9D151A382CB600043067 /* Frameworks */,
				185D9D161A382CB600043067 /* Resources */,
			);
			buildRules = (
			);
			dependencies = (
				185D9D1A1A382CB600043067 /* PBXTargetDependency */,
			);
			name = "Table ViewsTests";
			productName = "Table ViewsTests";
			productReference = 185D9D181A382CB600043067 /* Table ViewsTests.xctest */;
			productType = "com.apple.product-type.bundle.unit-test";
		};
/* End PBXNativeTarget section */

/* Begin PBXProject section */
		185D9CFB1A382CB600043067 /* Project object */ = {
			isa = PBXProject;
			attributes = {
				LastUpgradeCheck = 0610;
				ORGANIZATIONNAME = Appfish;
				TargetAttributes = {
					185D9D021A382CB600043067 = {
						CreatedOnToolsVersion = 6.1.1;
					};
					185D9D171A382CB600043067 = {
						CreatedOnToolsVersion = 6.1.1;
						TestTargetID = 185D9D021A382CB600043067;
					};
				};
			};
			buildConfigurationList = 185D9CFE1A382CB600043067 /* Build configuration list for PBXProject "Table Views" */;
			compatibilityVersion = "Xcode 3.2";
			developmentRegion = English;
			hasScannedForEncodings = 0;
			knownRegions = (
				en,
				Base,
			);
			mainGroup = 185D9CFA1A382CB600043067;
			productRefGroup = 185D9D041A382CB600043067 /* Products */;
			projectDirPath = "";
			projectRoot = "";
			targets = (
				185D9D021A382CB600043067 /* Table Views */,
				185D9D171A382CB600043067 /* Table ViewsTests */,
			);
		};
/* End PBXProject section */

/* Begin PBXResourcesBuildPhase section */
		185D9D011A382CB600043067 /* Resources */ = {
			isa = PBXResourcesBuildPhase;
			buildActionMask = 2147483647;
			files = (
				185D9D0E1A382CB600043067 /* Main.storyboard in Resources */,
				185D9D131A382CB600043067 /* LaunchScreen.xib in Resources */,
				185D9D101A382CB600043067 /* Images.xcassets in Resources */,
			);
			runOnlyForDeploymentPostprocessing = 0;
		};
		185D9D161A382CB600043067 /* Resources */ = {
			isa = PBXResourcesBuildPhase;
			buildActionMask = 2147483647;
			files = (
			);
			runOnlyForDeploymentPostprocessing = 0;
		};
/* End PBXResourcesBuildPhase section */

/* Begin PBXSourcesBuildPhase section */
		185D9CFF1A382CB600043067 /* Sources */ = {
			isa = PBXSourcesBuildPhase;
			buildActionMask = 2147483647;
			files = (
				185D9D0B1A382CB600043067 /* ViewController.swift in Sources */,
				185D9D091A382CB600043067 /* AppDelegate.swift in Sources */,
			);
			runOnlyForDeploymentPostprocessing = 0;
		};
		185D9D141A382CB600043067 /* Sources */ = {
			isa = PBXSourcesBuildPhase;
			buildActionMask = 2147483647;
			files = (
				185D9D1F1A382CB600043067 /* Table_ViewsTests.swift in Sources */,
			);
			runOnlyForDeploymentPostprocessing = 0;
		};
/* End PBXSourcesBuildPhase section */

/* Begin PBXTargetDependency section */
		185D9D1A1A382CB600043067 /* PBXTargetDependency */ = {
			isa = PBXTargetDependency;
			target = 185D9D021A382CB600043067 /* Table Views */;
			targetProxy = 185D9D191A382CB600043067 /* PBXContainerItemProxy */;
		};
/* End PBXTargetDependency section */

/* Begin PBXVariantGroup section */
		185D9D0C1A382CB600043067 /* Main.storyboard */ = {
			isa = PBXVariantGroup;
			children = (
				185D9D0D1A382CB600043067 /* Base */,
			);
			name = Main.storyboard;
			sourceTree = "<group>";
		};
		185D9D111A382CB600043067 /* LaunchScreen.xib */ = {
			isa = PBXVariantGroup;
			children = (
				185D9D121A382CB600043067 /* Base */,
			);
			name = LaunchScreen.xib;
			sourceTree = "<group>";
		};
/* End PBXVariantGroup section */

/* Begin XCBuildConfiguration section */
		185D9D201A382CB600043067 /* Debug */ = {
			isa = XCBuildConfiguration;
			buildSettings = {
				ALWAYS_SEARCH_USER_PATHS = NO;
				CLANG_CXX_LANGUAGE_STANDARD = "gnu++0x";
				CLANG_CXX_LIBRARY = "libc++";
				CLANG_ENABLE_MODULES = YES;
				CLANG_ENABLE_OBJC_ARC = YES;
				CLANG_WARN_BOOL_CONVERSION = YES;
				CLANG_WARN_CONSTANT_CONVERSION = YES;
				CLANG_WARN_DIRECT_OBJC_ISA_USAGE = YES_ERROR;
				CLANG_WARN_EMPTY_BODY = YES;
				CLANG_WARN_ENUM_CONVERSION = YES;
				CLANG_WARN_INT_CONVERSION = YES;
				CLANG_WARN_OBJC_ROOT_CLASS = YES_ERROR;
				CLANG_WARN_UNREACHABLE_CODE = YES;
				CLANG_WARN__DUPLICATE_METHOD_MATCH = YES;
				"CODE_SIGN_IDENTITY[sdk=iphoneos*]" = "iPhone Developer";
				COPY_PHASE_STRIP = NO;
				ENABLE_STRICT_OBJC_MSGSEND = YES;
				GCC_C_LANGUAGE_STANDARD = gnu99;
				GCC_DYNAMIC_NO_PIC = NO;
				GCC_OPTIMIZATION_LEVEL = 0;
				GCC_PREPROCESSOR_DEFINITIONS = (
					"DEBUG=1",
					"$(inherited)",
				);
				GCC_SYMBOLS_PRIVATE_EXTERN = NO;
				GCC_WARN_64_TO_32_BIT_CONVERSION = YES;
				GCC_WARN_ABOUT_RETURN_TYPE = YES_ERROR;
				GCC_WARN_UNDECLARED_SELECTOR = YES;
				GCC_WARN_UNINITIALIZED_AUTOS = YES_AGGRESSIVE;
				GCC_WARN_UNUSED_FUNCTION = YES;
				GCC_WARN_UNUSED_VARIABLE = YES;
				IPHONEOS_DEPLOYMENT_TARGET = 8.1;
				MTL_ENABLE_DEBUG_INFO = YES;
				ONLY_ACTIVE_ARCH = YES;
				SDKROOT = iphoneos;
				SWIFT_OPTIMIZATION_LEVEL = "-Onone";
			};
			name = Debug;
		};
		185D9D211A382CB600043067 /* Release */ = {
			isa = XCBuildConfiguration;
			buildSettings = {
				ALWAYS_SEARCH_USER_PATHS = NO;
				CLANG_CXX_LANGUAGE_STANDARD = "gnu++0x";
				CLANG_CXX_LIBRARY = "libc++";
				CLANG_ENABLE_MODULES = YES;
				CLANG_ENABLE_OBJC_ARC = YES;
				CLANG_WARN_BOOL_CONVERSION = YES;
				CLANG_WARN_CONSTANT_CONVERSION = YES;
				CLANG_WARN_DIRECT_OBJC_ISA_USAGE = YES_ERROR;
				CLANG_WARN_EMPTY_BODY = YES;
				CLANG_WARN_ENUM_CONVERSION = YES;
				CLANG_WARN_INT_CONVERSION = YES;
				CLANG_WARN_OBJC_ROOT_CLASS = YES_ERROR;
				CLANG_WARN_UNREACHABLE_CODE = YES;
				CLANG_WARN__DUPLICATE_METHOD_MATCH = YES;
				"CODE_SIGN_IDENTITY[sdk=iphoneos*]" = "iPhone Developer";
				COPY_PHASE_STRIP = YES;
				ENABLE_NS_ASSERTIONS = NO;
				ENABLE_STRICT_OBJC_MSGSEND = YES;
				GCC_C_LANGUAGE_STANDARD = gnu99;
				GCC_WARN_64_TO_32_BIT_CONVERSION = YES;
				GCC_WARN_ABOUT_RETURN_TYPE = YES_ERROR;
				GCC_WARN_UNDECLARED_SELECTOR = YES;
				GCC_WARN_UNINITIALIZED_AUTOS = YES_AGGRESSIVE;
				GCC_WARN_UNUSED_FUNCTION = YES;
				GCC_WARN_UNUSED_VARIABLE = YES;
				IPHONEOS_DEPLOYMENT_TARGET = 8.1;
				MTL_ENABLE_DEBUG_INFO = NO;
				SDKROOT = iphoneos;
				VALIDATE_PRODUCT = YES;
			};
			name = Release;
		};
		185D9D231A382CB600043067 /* Debug */ = {
			isa = XCBuildConfiguration;
			buildSettings = {
				ASSETCATALOG_COMPILER_APPICON_NAME = AppIcon;
				INFOPLIST_FILE = "Table Views/Info.plist";
				LD_RUNPATH_SEARCH_PATHS = "$(inherited) @executable_path/Frameworks";
				PRODUCT_NAME = "$(TARGET_NAME)";
			};
			name = Debug;
		};
		185D9D241A382CB600043067 /* Release */ = {
			isa = XCBuildConfiguration;
			buildSettings = {
				ASSETCATALOG_COMPILER_APPICON_NAME = AppIcon;
				INFOPLIST_FILE = "Table Views/Info.plist";
				LD_RUNPATH_SEARCH_PATHS = "$(inherited) @executable_path/Frameworks";
				PRODUCT_NAME = "$(TARGET_NAME)";
			};
			name = Release;
		};
		185D9D261A382CB600043067 /* Debug */ = {
			isa = XCBuildConfiguration;
			buildSettings = {
				BUNDLE_LOADER = "$(TEST_HOST)";
				FRAMEWORK_SEARCH_PATHS = (
					"$(SDKROOT)/Developer/Library/Frameworks",
					"$(inherited)",
				);
				GCC_PREPROCESSOR_DEFINITIONS = (
					"DEBUG=1",
					"$(inherited)",
				);
				INFOPLIST_FILE = "Table ViewsTests/Info.plist";
				LD_RUNPATH_SEARCH_PATHS = "$(inherited) @executable_path/Frameworks @loader_path/Frameworks";
				PRODUCT_NAME = "$(TARGET_NAME)";
				TEST_HOST = "$(BUILT_PRODUCTS_DIR)/Table Views.app/Table Views";
			};
			name = Debug;
		};
		185D9D271A382CB600043067 /* Release */ = {
			isa = XCBuildConfiguration;
			buildSettings = {
				BUNDLE_LOADER = "$(TEST_HOST)";
				FRAMEWORK_SEARCH_PATHS = (
					"$(SDKROOT)/Developer/Library/Frameworks",
					"$(inherited)",
				);
				INFOPLIST_FILE = "Table ViewsTests/Info.plist";
				LD_RUNPATH_SEARCH_PATHS = "$(inherited) @executable_path/Frameworks @loader_path/Frameworks";
				PRODUCT_NAME = "$(TARGET_NAME)";
				TEST_HOST = "$(BUILT_PRODUCTS_DIR)/Table Views.app/Table Views";
			};
			name = Release;
		};
/* End XCBuildConfiguration section */

/* Begin XCConfigurationList section */
		185D9CFE1A382CB600043067 /* Build configuration list for PBXProject "Table Views" */ = {
			isa = XCConfigurationList;
			buildConfigurations = (
				185D9D201A382CB600043067 /* Debug */,
				185D9D211A382CB600043067 /* Release */,
			);
			defaultConfigurationIsVisible = 0;
			defaultConfigurationName = Release;
		};
		185D9D221A382CB600043067 /* Build configuration list for PBXNativeTarget "Table Views" */ = {
			isa = XCConfigurationList;
			buildConfigurations = (
				185D9D231A382CB600043067 /* Debug */,
				185D9D241A382CB600043067 /* Release */,
			);
			defaultConfigurationIsVisible = 0;
		};
		185D9D251A382CB600043067 /* Build configuration list for PBXNativeTarget "Table ViewsTests" */ = {
			isa = XCConfigurationList;
			buildConfigurations = (
				185D9D261A382CB600043067 /* Debug */,
				185D9D271A382CB600043067 /* Release */,
			);
			defaultConfigurationIsVisible = 0;
		};
/* End XCConfigurationList section */
	};
	rootObject = 185D9CFB1A382CB600043067 /* Project object */;
}
