// !$*UTF8*$!
{
	archiveVersion = 1;
	classes = {
	};
	objectVersion = 46;
	objects = {

/* Begin PBXBuildFile section */
		186C896B1A35E41E00051DEE /* AppDelegate.swift in Sources */ = {isa = PBXBuildFile; fileRef = 186C896A1A35E41E00051DEE /* AppDelegate.swift */; };
		186C896D1A35E41E00051DEE /* ViewController.swift in Sources */ = {isa = PBXBuildFile; fileRef = 186C896C1A35E41E00051DEE /* ViewController.swift */; };
		186C89701A35E41E00051DEE /* Main.storyboard in Resources */ = {isa = PBXBuildFile; fileRef = 186C896E1A35E41E00051DEE /* Main.storyboard */; };
		186C89721A35E41E00051DEE /* Images.xcassets in Resources */ = {isa = PBXBuildFile; fileRef = 186C89711A35E41E00051DEE /* Images.xcassets */; };
		186C89751A35E41E00051DEE /* LaunchScreen.xib in Resources */ = {isa = PBXBuildFile; fileRef = 186C89731A35E41E00051DEE /* LaunchScreen.xib */; };
		186C89811A35E41E00051DEE /* Example_AppTests.swift in Sources */ = {isa = PBXBuildFile; fileRef = 186C89801A35E41E00051DEE /* Example_AppTests.swift */; };
/* End PBXBuildFile section */

/* Begin PBXContainerItemProxy section */
		186C897B1A35E41E00051DEE /* PBXContainerItemProxy */ = {
			isa = PBXContainerItemProxy;
			containerPortal = 186C895D1A35E41E00051DEE /* Project object */;
			proxyType = 1;
			remoteGlobalIDString = 186C89641A35E41E00051DEE;
			remoteInfo = "Example App";
		};
/* End PBXContainerItemProxy section */

/* Begin PBXFileReference section */
		186C89651A35E41E00051DEE /* Example App.app */ = {isa = PBXFileReference; explicitFileType = wrapper.application; includeInIndex = 0; path = "Example App.app"; sourceTree = BUILT_PRODUCTS_DIR; };
		186C89691A35E41E00051DEE /* Info.plist */ = {isa = PBXFileReference; lastKnownFileType = text.plist.xml; path = Info.plist; sourceTree = "<group>"; };
		186C896A1A35E41E00051DEE /* AppDelegate.swift */ = {isa = PBXFileReference; lastKnownFileType = sourcecode.swift; path = AppDelegate.swift; sourceTree = "<group>"; };
		186C896C1A35E41E00051DEE /* ViewController.swift */ = {isa = PBXFileReference; lastKnownFileType = sourcecode.swift; path = ViewController.swift; sourceTree = "<group>"; };
		186C896F1A35E41E00051DEE /* Base */ = {isa = PBXFileReference; lastKnownFileType = file.storyboard; name = Base; path = Base.lproj/Main.storyboard; sourceTree = "<group>"; };
		186C89711A35E41E00051DEE /* Images.xcassets */ = {isa = PBXFileReference; lastKnownFileType = folder.assetcatalog; path = Images.xcassets; sourceTree = "<group>"; };
		186C89741A35E41E00051DEE /* Base */ = {isa = PBXFileReference; lastKnownFileType = file.xib; name = Base; path = Base.lproj/LaunchScreen.xib; sourceTree = "<group>"; };
		186C897A1A35E41E00051DEE /* Example AppTests.xctest */ = {isa = PBXFileReference; explicitFileType = wrapper.cfbundle; includeInIndex = 0; path = "Example AppTests.xctest"; sourceTree = BUILT_PRODUCTS_DIR; };
		186C897F1A35E41E00051DEE /* Info.plist */ = {isa = PBXFileReference; lastKnownFileType = text.plist.xml; path = Info.plist; sourceTree = "<group>"; };
		186C89801A35E41E00051DEE /* Example_AppTests.swift */ = {isa = PBXFileReference; lastKnownFileType = sourcecode.swift; path = Example_AppTests.swift; sourceTree = "<group>"; };
/* End PBXFileReference section */

/* Begin PBXFrameworksBuildPhase section */
		186C89621A35E41E00051DEE /* Frameworks */ = {
			isa = PBXFrameworksBuildPhase;
			buildActionMask = 2147483647;
			files = (
			);
			runOnlyForDeploymentPostprocessing = 0;
		};
		186C89771A35E41E00051DEE /* Frameworks */ = {
			isa = PBXFrameworksBuildPhase;
			buildActionMask = 2147483647;
			files = (
			);
			runOnlyForDeploymentPostprocessing = 0;
		};
/* End PBXFrameworksBuildPhase section */

/* Begin PBXGroup section */
		186C895C1A35E41E00051DEE = {
			isa = PBXGroup;
			children = (
				186C89671A35E41E00051DEE /* Example App */,
				186C897D1A35E41E00051DEE /* Example AppTests */,
				186C89661A35E41E00051DEE /* Products */,
			);
			sourceTree = "<group>";
		};
		186C89661A35E41E00051DEE /* Products */ = {
			isa = PBXGroup;
			children = (
				186C89651A35E41E00051DEE /* Example App.app */,
				186C897A1A35E41E00051DEE /* Example AppTests.xctest */,
			);
			name = Products;
			sourceTree = "<group>";
		};
		186C89671A35E41E00051DEE /* Example App */ = {
			isa = PBXGroup;
			children = (
				186C896A1A35E41E00051DEE /* AppDelegate.swift */,
				186C896C1A35E41E00051DEE /* ViewController.swift */,
				186C896E1A35E41E00051DEE /* Main.storyboard */,
				186C89711A35E41E00051DEE /* Images.xcassets */,
				186C89731A35E41E00051DEE /* LaunchScreen.xib */,
				186C89681A35E41E00051DEE /* Supporting Files */,
			);
			path = "Example App";
			sourceTree = "<group>";
		};
		186C89681A35E41E00051DEE /* Supporting Files */ = {
			isa = PBXGroup;
			children = (
				186C89691A35E41E00051DEE /* Info.plist */,
			);
			name = "Supporting Files";
			sourceTree = "<group>";
		};
		186C897D1A35E41E00051DEE /* Example AppTests */ = {
			isa = PBXGroup;
			children = (
				186C89801A35E41E00051DEE /* Example_AppTests.swift */,
				186C897E1A35E41E00051DEE /* Supporting Files */,
			);
			path = "Example AppTests";
			sourceTree = "<group>";
		};
		186C897E1A35E41E00051DEE /* Supporting Files */ = {
			isa = PBXGroup;
			children = (
				186C897F1A35E41E00051DEE /* Info.plist */,
			);
			name = "Supporting Files";
			sourceTree = "<group>";
		};
/* End PBXGroup section */

/* Begin PBXNativeTarget section */
		186C89641A35E41E00051DEE /* Example App */ = {
			isa = PBXNativeTarget;
			buildConfigurationList = 186C89841A35E41E00051DEE /* Build configuration list for PBXNativeTarget "Example App" */;
			buildPhases = (
				186C89611A35E41E00051DEE /* Sources */,
				186C89621A35E41E00051DEE /* Frameworks */,
				186C89631A35E41E00051DEE /* Resources */,
			);
			buildRules = (
			);
			dependencies = (
			);
			name = "Example App";
			productName = "Example App";
			productReference = 186C89651A35E41E00051DEE /* Example App.app */;
			productType = "com.apple.product-type.application";
		};
		186C89791A35E41E00051DEE /* Example AppTests */ = {
			isa = PBXNativeTarget;
			buildConfigurationList = 186C89871A35E41E00051DEE /* Build configuration list for PBXNativeTarget "Example AppTests" */;
			buildPhases = (
				186C89761A35E41E00051DEE /* Sources */,
				186C89771A35E41E00051DEE /* Frameworks */,
				186C89781A35E41E00051DEE /* Resources */,
			);
			buildRules = (
			);
			dependencies = (
				186C897C1A35E41E00051DEE /* PBXTargetDependency */,
			);
			name = "Example AppTests";
			productName = "Example AppTests";
			productReference = 186C897A1A35E41E00051DEE /* Example AppTests.xctest */;
			productType = "com.apple.product-type.bundle.unit-test";
		};
/* End PBXNativeTarget section */

/* Begin PBXProject section */
		186C895D1A35E41E00051DEE /* Project object */ = {
			isa = PBXProject;
			attributes = {
				LastUpgradeCheck = 0610;
				ORGANIZATIONNAME = Appfish;
				TargetAttributes = {
					186C89641A35E41E00051DEE = {
						CreatedOnToolsVersion = 6.1.1;
					};
					186C89791A35E41E00051DEE = {
						CreatedOnToolsVersion = 6.1.1;
						TestTargetID = 186C89641A35E41E00051DEE;
					};
				};
			};
			buildConfigurationList = 186C89601A35E41E00051DEE /* Build configuration list for PBXProject "Example App" */;
			compatibilityVersion = "Xcode 3.2";
			developmentRegion = English;
			hasScannedForEncodings = 0;
			knownRegions = (
				en,
				Base,
			);
			mainGroup = 186C895C1A35E41E00051DEE;
			productRefGroup = 186C89661A35E41E00051DEE /* Products */;
			projectDirPath = "";
			projectRoot = "";
			targets = (
				186C89641A35E41E00051DEE /* Example App */,
				186C89791A35E41E00051DEE /* Example AppTests */,
			);
		};
/* End PBXProject section */

/* Begin PBXResourcesBuildPhase section */
		186C89631A35E41E00051DEE /* Resources */ = {
			isa = PBXResourcesBuildPhase;
			buildActionMask = 2147483647;
			files = (
				186C89701A35E41E00051DEE /* Main.storyboard in Resources */,
				186C89751A35E41E00051DEE /* LaunchScreen.xib in Resources */,
				186C89721A35E41E00051DEE /* Images.xcassets in Resources */,
			);
			runOnlyForDeploymentPostprocessing = 0;
		};
		186C89781A35E41E00051DEE /* Resources */ = {
			isa = PBXResourcesBuildPhase;
			buildActionMask = 2147483647;
			files = (
			);
			runOnlyForDeploymentPostprocessing = 0;
		};
/* End PBXResourcesBuildPhase section */

/* Begin PBXSourcesBuildPhase section */
		186C89611A35E41E00051DEE /* Sources */ = {
			isa = PBXSourcesBuildPhase;
			buildActionMask = 2147483647;
			files = (
				186C896D1A35E41E00051DEE /* ViewController.swift in Sources */,
				186C896B1A35E41E00051DEE /* AppDelegate.swift in Sources */,
			);
			runOnlyForDeploymentPostprocessing = 0;
		};
		186C89761A35E41E00051DEE /* Sources */ = {
			isa = PBXSourcesBuildPhase;
			buildActionMask = 2147483647;
			files = (
				186C89811A35E41E00051DEE /* Example_AppTests.swift in Sources */,
			);
			runOnlyForDeploymentPostprocessing = 0;
		};
/* End PBXSourcesBuildPhase section */

/* Begin PBXTargetDependency section */
		186C897C1A35E41E00051DEE /* PBXTargetDependency */ = {
			isa = PBXTargetDependency;
			target = 186C89641A35E41E00051DEE /* Example App */;
			targetProxy = 186C897B1A35E41E00051DEE /* PBXContainerItemProxy */;
		};
/* End PBXTargetDependency section */

/* Begin PBXVariantGroup section */
		186C896E1A35E41E00051DEE /* Main.storyboard */ = {
			isa = PBXVariantGroup;
			children = (
				186C896F1A35E41E00051DEE /* Base */,
			);
			name = Main.storyboard;
			sourceTree = "<group>";
		};
		186C89731A35E41E00051DEE /* LaunchScreen.xib */ = {
			isa = PBXVariantGroup;
			children = (
				186C89741A35E41E00051DEE /* Base */,
			);
			name = LaunchScreen.xib;
			sourceTree = "<group>";
		};
/* End PBXVariantGroup section */

/* Begin XCBuildConfiguration section */
		186C89821A35E41E00051DEE /* Debug */ = {
			isa = XCBuildConfiguration;
			buildSettings = {
				ALWAYS_SEARCH_USER_PATHS = NO;
				CLANG_CXX_LANGUAGE_STANDARD = "gnu++0x";
				CLANG_CXX_LIBRARY = "libc++";
				CLANG_ENABLE_MODULES = YES;
				CLANG_ENABLE_OBJC_ARC = YES;
				CLANG_WARN_BOOL_CONVERSION = YES;
				CLANG_WARN_CONSTANT_CONVERSION = YES;
				CLANG_WARN_DIRECT_OBJC_ISA_USAGE = YES_ERROR;
				CLANG_WARN_EMPTY_BODY = YES;
				CLANG_WARN_ENUM_CONVERSION = YES;
				CLANG_WARN_INT_CONVERSION = YES;
				CLANG_WARN_OBJC_ROOT_CLASS = YES_ERROR;
				CLANG_WARN_UNREACHABLE_CODE = YES;
				CLANG_WARN__DUPLICATE_METHOD_MATCH = YES;
				"CODE_SIGN_IDENTITY[sdk=iphoneos*]" = "iPhone Developer";
				COPY_PHASE_STRIP = NO;
				ENABLE_STRICT_OBJC_MSGSEND = YES;
				GCC_C_LANGUAGE_STANDARD = gnu99;
				GCC_DYNAMIC_NO_PIC = NO;
				GCC_OPTIMIZATION_LEVEL = 0;
				GCC_PREPROCESSOR_DEFINITIONS = (
					"DEBUG=1",
					"$(inherited)",
				);
				GCC_SYMBOLS_PRIVATE_EXTERN = NO;
				GCC_WARN_64_TO_32_BIT_CONVERSION = YES;
				GCC_WARN_ABOUT_RETURN_TYPE = YES_ERROR;
				GCC_WARN_UNDECLARED_SELECTOR = YES;
				GCC_WARN_UNINITIALIZED_AUTOS = YES_AGGRESSIVE;
				GCC_WARN_UNUSED_FUNCTION = YES;
				GCC_WARN_UNUSED_VARIABLE = YES;
				IPHONEOS_DEPLOYMENT_TARGET = 8.1;
				MTL_ENABLE_DEBUG_INFO = YES;
				ONLY_ACTIVE_ARCH = YES;
				SDKROOT = iphoneos;
				SWIFT_OPTIMIZATION_LEVEL = "-Onone";
			};
			name = Debug;
		};
		186C89831A35E41E00051DEE /* Release */ = {
			isa = XCBuildConfiguration;
			buildSettings = {
				ALWAYS_SEARCH_USER_PATHS = NO;
				CLANG_CXX_LANGUAGE_STANDARD = "gnu++0x";
				CLANG_CXX_LIBRARY = "libc++";
				CLANG_ENABLE_MODULES = YES;
				CLANG_ENABLE_OBJC_ARC = YES;
				CLANG_WARN_BOOL_CONVERSION = YES;
				CLANG_WARN_CONSTANT_CONVERSION = YES;
				CLANG_WARN_DIRECT_OBJC_ISA_USAGE = YES_ERROR;
				CLANG_WARN_EMPTY_BODY = YES;
				CLANG_WARN_ENUM_CONVERSION = YES;
				CLANG_WARN_INT_CONVERSION = YES;
				CLANG_WARN_OBJC_ROOT_CLASS = YES_ERROR;
				CLANG_WARN_UNREACHABLE_CODE = YES;
				CLANG_WARN__DUPLICATE_METHOD_MATCH = YES;
				"CODE_SIGN_IDENTITY[sdk=iphoneos*]" = "iPhone Developer";
				COPY_PHASE_STRIP = YES;
				ENABLE_NS_ASSERTIONS = NO;
				ENABLE_STRICT_OBJC_MSGSEND = YES;
				GCC_C_LANGUAGE_STANDARD = gnu99;
				GCC_WARN_64_TO_32_BIT_CONVERSION = YES;
				GCC_WARN_ABOUT_RETURN_TYPE = YES_ERROR;
				GCC_WARN_UNDECLARED_SELECTOR = YES;
				GCC_WARN_UNINITIALIZED_AUTOS = YES_AGGRESSIVE;
				GCC_WARN_UNUSED_FUNCTION = YES;
				GCC_WARN_UNUSED_VARIABLE = YES;
				IPHONEOS_DEPLOYMENT_TARGET = 8.1;
				MTL_ENABLE_DEBUG_INFO = NO;
				SDKROOT = iphoneos;
				VALIDATE_PRODUCT = YES;
			};
			name = Release;
		};
		186C89851A35E41E00051DEE /* Debug */ = {
			isa = XCBuildConfiguration;
			buildSettings = {
				ASSETCATALOG_COMPILER_APPICON_NAME = AppIcon;
				INFOPLIST_FILE = "Example App/Info.plist";
				LD_RUNPATH_SEARCH_PATHS = "$(inherited) @executable_path/Frameworks";
				PRODUCT_NAME = "$(TARGET_NAME)";
			};
			name = Debug;
		};
		186C89861A35E41E00051DEE /* Release */ = {
			isa = XCBuildConfiguration;
			buildSettings = {
				ASSETCATALOG_COMPILER_APPICON_NAME = AppIcon;
				INFOPLIST_FILE = "Example App/Info.plist";
				LD_RUNPATH_SEARCH_PATHS = "$(inherited) @executable_path/Frameworks";
				PRODUCT_NAME = "$(TARGET_NAME)";
			};
			name = Release;
		};
		186C89881A35E41E00051DEE /* Debug */ = {
			isa = XCBuildConfiguration;
			buildSettings = {
				BUNDLE_LOADER = "$(TEST_HOST)";
				FRAMEWORK_SEARCH_PATHS = (
					"$(SDKROOT)/Developer/Library/Frameworks",
					"$(inherited)",
				);
				GCC_PREPROCESSOR_DEFINITIONS = (
					"DEBUG=1",
					"$(inherited)",
				);
				INFOPLIST_FILE = "Example AppTests/Info.plist";
				LD_RUNPATH_SEARCH_PATHS = "$(inherited) @executable_path/Frameworks @loader_path/Frameworks";
				PRODUCT_NAME = "$(TARGET_NAME)";
				TEST_HOST = "$(BUILT_PRODUCTS_DIR)/Example App.app/Example App";
			};
			name = Debug;
		};
		186C89891A35E41E00051DEE /* Release */ = {
			isa = XCBuildConfiguration;
			buildSettings = {
				BUNDLE_LOADER = "$(TEST_HOST)";
				FRAMEWORK_SEARCH_PATHS = (
					"$(SDKROOT)/Developer/Library/Frameworks",
					"$(inherited)",
				);
				INFOPLIST_FILE = "Example AppTests/Info.plist";
				LD_RUNPATH_SEARCH_PATHS = "$(inherited) @executable_path/Frameworks @loader_path/Frameworks";
				PRODUCT_NAME = "$(TARGET_NAME)";
				TEST_HOST = "$(BUILT_PRODUCTS_DIR)/Example App.app/Example App";
			};
			name = Release;
		};
/* End XCBuildConfiguration section */

/* Begin XCConfigurationList section */
		186C89601A35E41E00051DEE /* Build configuration list for PBXProject "Example App" */ = {
			isa = XCConfigurationList;
			buildConfigurations = (
				186C89821A35E41E00051DEE /* Debug */,
				186C89831A35E41E00051DEE /* Release */,
			);
			defaultConfigurationIsVisible = 0;
			defaultConfigurationName = Release;
		};
		186C89841A35E41E00051DEE /* Build configuration list for PBXNativeTarget "Example App" */ = {
			isa = XCConfigurationList;
			buildConfigurations = (
				186C89851A35E41E00051DEE /* Debug */,
				186C89861A35E41E00051DEE /* Release */,
			);
			defaultConfigurationIsVisible = 0;
		};
		186C89871A35E41E00051DEE /* Build configuration list for PBXNativeTarget "Example AppTests" */ = {
			isa = XCConfigurationList;
			buildConfigurations = (
				186C89881A35E41E00051DEE /* Debug */,
				186C89891A35E41E00051DEE /* Release */,
			);
			defaultConfigurationIsVisible = 0;
		};
/* End XCConfigurationList section */
	};
	rootObject = 186C895D1A35E41E00051DEE /* Project object */;
}
