// !$*UTF8*$!
{
	archiveVersion = 1;
	classes = {
	};
	objectVersion = 46;
	objects = {

/* Begin PBXBuildFile section */
		18CE4AF61A3933FA00452545 /* AppDelegate.swift in Sources */ = {isa = PBXBuildFile; fileRef = 18CE4AF51A3933FA00452545 /* AppDelegate.swift */; };
		18CE4AF81A3933FA00452545 /* ViewController.swift in Sources */ = {isa = PBXBuildFile; fileRef = 18CE4AF71A3933FA00452545 /* ViewController.swift */; };
		18CE4AFB1A3933FA00452545 /* Main.storyboard in Resources */ = {isa = PBXBuildFile; fileRef = 18CE4AF91A3933FA00452545 /* Main.storyboard */; };
		18CE4AFD1A3933FA00452545 /* Images.xcassets in Resources */ = {isa = PBXBuildFile; fileRef = 18CE4AFC1A3933FA00452545 /* Images.xcassets */; };
		18CE4B001A3933FA00452545 /* LaunchScreen.xib in Resources */ = {isa = PBXBuildFile; fileRef = 18CE4AFE1A3933FA00452545 /* LaunchScreen.xib */; };
		18CE4B0C1A3933FA00452545 /* Web_ContentTests.swift in Sources */ = {isa = PBXBuildFile; fileRef = 18CE4B0B1A3933FA00452545 /* Web_ContentTests.swift */; };
/* End PBXBuildFile section */

/* Begin PBXContainerItemProxy section */
		18CE4B061A3933FA00452545 /* PBXContainerItemProxy */ = {
			isa = PBXContainerItemProxy;
			containerPortal = 18CE4AE81A3933FA00452545 /* Project object */;
			proxyType = 1;
			remoteGlobalIDString = 18CE4AEF1A3933FA00452545;
			remoteInfo = "Web Content";
		};
/* End PBXContainerItemProxy section */

/* Begin PBXFileReference section */
		18CE4AF01A3933FA00452545 /* Web Content.app */ = {isa = PBXFileReference; explicitFileType = wrapper.application; includeInIndex = 0; path = "Web Content.app"; sourceTree = BUILT_PRODUCTS_DIR; };
		18CE4AF41A3933FA00452545 /* Info.plist */ = {isa = PBXFileReference; lastKnownFileType = text.plist.xml; path = Info.plist; sourceTree = "<group>"; };
		18CE4AF51A3933FA00452545 /* AppDelegate.swift */ = {isa = PBXFileReference; lastKnownFileType = sourcecode.swift; path = AppDelegate.swift; sourceTree = "<group>"; };
		18CE4AF71A3933FA00452545 /* ViewController.swift */ = {isa = PBXFileReference; lastKnownFileType = sourcecode.swift; path = ViewController.swift; sourceTree = "<group>"; };
		18CE4AFA1A3933FA00452545 /* Base */ = {isa = PBXFileReference; lastKnownFileType = file.storyboard; name = Base; path = Base.lproj/Main.storyboard; sourceTree = "<group>"; };
		18CE4AFC1A3933FA00452545 /* Images.xcassets */ = {isa = PBXFileReference; lastKnownFileType = folder.assetcatalog; path = Images.xcassets; sourceTree = "<group>"; };
		18CE4AFF1A3933FA00452545 /* Base */ = {isa = PBXFileReference; lastKnownFileType = file.xib; name = Base; path = Base.lproj/LaunchScreen.xib; sourceTree = "<group>"; };
		18CE4B051A3933FA00452545 /* Web ContentTests.xctest */ = {isa = PBXFileReference; explicitFileType = wrapper.cfbundle; includeInIndex = 0; path = "Web ContentTests.xctest"; sourceTree = BUILT_PRODUCTS_DIR; };
		18CE4B0A1A3933FA00452545 /* Info.plist */ = {isa = PBXFileReference; lastKnownFileType = text.plist.xml; path = Info.plist; sourceTree = "<group>"; };
		18CE4B0B1A3933FA00452545 /* Web_ContentTests.swift */ = {isa = PBXFileReference; lastKnownFileType = sourcecode.swift; path = Web_ContentTests.swift; sourceTree = "<group>"; };
		18CE4B151A39381800452545 /* MyPlayground.playground */ = {isa = PBXFileReference; lastKnownFileType = file.playground; path = MyPlayground.playground; sourceTree = "<group>"; };
/* End PBXFileReference section */

/* Begin PBXFrameworksBuildPhase section */
		18CE4AED1A3933FA00452545 /* Frameworks */ = {
			isa = PBXFrameworksBuildPhase;
			buildActionMask = 2147483647;
			files = (
			);
			runOnlyForDeploymentPostprocessing = 0;
		};
		18CE4B021A3933FA00452545 /* Frameworks */ = {
			isa = PBXFrameworksBuildPhase;
			buildActionMask = 2147483647;
			files = (
			);
			runOnlyForDeploymentPostprocessing = 0;
		};
/* End PBXFrameworksBuildPhase section */

/* Begin PBXGroup section */
		18CE4AE71A3933FA00452545 = {
			isa = PBXGroup;
			children = (
				18CE4AF21A3933FA00452545 /* Web Content */,
				18CE4B081A3933FA00452545 /* Web ContentTests */,
				18CE4AF11A3933FA00452545 /* Products */,
			);
			sourceTree = "<group>";
		};
		18CE4AF11A3933FA00452545 /* Products */ = {
			isa = PBXGroup;
			children = (
				18CE4AF01A3933FA00452545 /* Web Content.app */,
				18CE4B051A3933FA00452545 /* Web ContentTests.xctest */,
			);
			name = Products;
			sourceTree = "<group>";
		};
		18CE4AF21A3933FA00452545 /* Web Content */ = {
			isa = PBXGroup;
			children = (
				18CE4AF51A3933FA00452545 /* AppDelegate.swift */,
				18CE4AF71A3933FA00452545 /* ViewController.swift */,
				18CE4B151A39381800452545 /* MyPlayground.playground */,
				18CE4AF91A3933FA00452545 /* Main.storyboard */,
				18CE4AFC1A3933FA00452545 /* Images.xcassets */,
				18CE4AFE1A3933FA00452545 /* LaunchScreen.xib */,
				18CE4AF31A3933FA00452545 /* Supporting Files */,
			);
			path = "Web Content";
			sourceTree = "<group>";
		};
		18CE4AF31A3933FA00452545 /* Supporting Files */ = {
			isa = PBXGroup;
			children = (
				18CE4AF41A3933FA00452545 /* Info.plist */,
			);
			name = "Supporting Files";
			sourceTree = "<group>";
		};
		18CE4B081A3933FA00452545 /* Web ContentTests */ = {
			isa = PBXGroup;
			children = (
				18CE4B0B1A3933FA00452545 /* Web_ContentTests.swift */,
				18CE4B091A3933FA00452545 /* Supporting Files */,
			);
			path = "Web ContentTests";
			sourceTree = "<group>";
		};
		18CE4B091A3933FA00452545 /* Supporting Files */ = {
			isa = PBXGroup;
			children = (
				18CE4B0A1A3933FA00452545 /* Info.plist */,
			);
			name = "Supporting Files";
			sourceTree = "<group>";
		};
/* End PBXGroup section */

/* Begin PBXNativeTarget section */
		18CE4AEF1A3933FA00452545 /* Web Content */ = {
			isa = PBXNativeTarget;
			buildConfigurationList = 18CE4B0F1A3933FA00452545 /* Build configuration list for PBXNativeTarget "Web Content" */;
			buildPhases = (
				18CE4AEC1A3933FA00452545 /* Sources */,
				18CE4AED1A3933FA00452545 /* Frameworks */,
				18CE4AEE1A3933FA00452545 /* Resources */,
			);
			buildRules = (
			);
			dependencies = (
			);
			name = "Web Content";
			productName = "Web Content";
			productReference = 18CE4AF01A3933FA00452545 /* Web Content.app */;
			productType = "com.apple.product-type.application";
		};
		18CE4B041A3933FA00452545 /* Web ContentTests */ = {
			isa = PBXNativeTarget;
			buildConfigurationList = 18CE4B121A3933FA00452545 /* Build configuration list for PBXNativeTarget "Web ContentTests" */;
			buildPhases = (
				18CE4B011A3933FA00452545 /* Sources */,
				18CE4B021A3933FA00452545 /* Frameworks */,
				18CE4B031A3933FA00452545 /* Resources */,
			);
			buildRules = (
			);
			dependencies = (
				18CE4B071A3933FA00452545 /* PBXTargetDependency */,
			);
			name = "Web ContentTests";
			productName = "Web ContentTests";
			productReference = 18CE4B051A3933FA00452545 /* Web ContentTests.xctest */;
			productType = "com.apple.product-type.bundle.unit-test";
		};
/* End PBXNativeTarget section */

/* Begin PBXProject section */
		18CE4AE81A3933FA00452545 /* Project object */ = {
			isa = PBXProject;
			attributes = {
				LastUpgradeCheck = 0610;
				ORGANIZATIONNAME = Appfish;
				TargetAttributes = {
					18CE4AEF1A3933FA00452545 = {
						CreatedOnToolsVersion = 6.1.1;
					};
					18CE4B041A3933FA00452545 = {
						CreatedOnToolsVersion = 6.1.1;
						TestTargetID = 18CE4AEF1A3933FA00452545;
					};
				};
			};
			buildConfigurationList = 18CE4AEB1A3933FA00452545 /* Build configuration list for PBXProject "Web Content" */;
			compatibilityVersion = "Xcode 3.2";
			developmentRegion = English;
			hasScannedForEncodings = 0;
			knownRegions = (
				en,
				Base,
			);
			mainGroup = 18CE4AE71A3933FA00452545;
			productRefGroup = 18CE4AF11A3933FA00452545 /* Products */;
			projectDirPath = "";
			projectRoot = "";
			targets = (
				18CE4AEF1A3933FA00452545 /* Web Content */,
				18CE4B041A3933FA00452545 /* Web ContentTests */,
			);
		};
/* End PBXProject section */

/* Begin PBXResourcesBuildPhase section */
		18CE4AEE1A3933FA00452545 /* Resources */ = {
			isa = PBXResourcesBuildPhase;
			buildActionMask = 2147483647;
			files = (
				18CE4AFB1A3933FA00452545 /* Main.storyboard in Resources */,
				18CE4B001A3933FA00452545 /* LaunchScreen.xib in Resources */,
				18CE4AFD1A3933FA00452545 /* Images.xcassets in Resources */,
			);
			runOnlyForDeploymentPostprocessing = 0;
		};
		18CE4B031A3933FA00452545 /* Resources */ = {
			isa = PBXResourcesBuildPhase;
			buildActionMask = 2147483647;
			files = (
			);
			runOnlyForDeploymentPostprocessing = 0;
		};
/* End PBXResourcesBuildPhase section */

/* Begin PBXSourcesBuildPhase section */
		18CE4AEC1A3933FA00452545 /* Sources */ = {
			isa = PBXSourcesBuildPhase;
			buildActionMask = 2147483647;
			files = (
				18CE4AF81A3933FA00452545 /* ViewController.swift in Sources */,
				18CE4AF61A3933FA00452545 /* AppDelegate.swift in Sources */,
			);
			runOnlyForDeploymentPostprocessing = 0;
		};
		18CE4B011A3933FA00452545 /* Sources */ = {
			isa = PBXSourcesBuildPhase;
			buildActionMask = 2147483647;
			files = (
				18CE4B0C1A3933FA00452545 /* Web_ContentTests.swift in Sources */,
			);
			runOnlyForDeploymentPostprocessing = 0;
		};
/* End PBXSourcesBuildPhase section */

/* Begin PBXTargetDependency section */
		18CE4B071A3933FA00452545 /* PBXTargetDependency */ = {
			isa = PBXTargetDependency;
			target = 18CE4AEF1A3933FA00452545 /* Web Content */;
			targetProxy = 18CE4B061A3933FA00452545 /* PBXContainerItemProxy */;
		};
/* End PBXTargetDependency section */

/* Begin PBXVariantGroup section */
		18CE4AF91A3933FA00452545 /* Main.storyboard */ = {
			isa = PBXVariantGroup;
			children = (
				18CE4AFA1A3933FA00452545 /* Base */,
			);
			name = Main.storyboard;
			sourceTree = "<group>";
		};
		18CE4AFE1A3933FA00452545 /* LaunchScreen.xib */ = {
			isa = PBXVariantGroup;
			children = (
				18CE4AFF1A3933FA00452545 /* Base */,
			);
			name = LaunchScreen.xib;
			sourceTree = "<group>";
		};
/* End PBXVariantGroup section */

/* Begin XCBuildConfiguration section */
		18CE4B0D1A3933FA00452545 /* Debug */ = {
			isa = XCBuildConfiguration;
			buildSettings = {
				ALWAYS_SEARCH_USER_PATHS = NO;
				CLANG_CXX_LANGUAGE_STANDARD = "gnu++0x";
				CLANG_CXX_LIBRARY = "libc++";
				CLANG_ENABLE_MODULES = YES;
				CLANG_ENABLE_OBJC_ARC = YES;
				CLANG_WARN_BOOL_CONVERSION = YES;
				CLANG_WARN_CONSTANT_CONVERSION = YES;
				CLANG_WARN_DIRECT_OBJC_ISA_USAGE = YES_ERROR;
				CLANG_WARN_EMPTY_BODY = YES;
				CLANG_WARN_ENUM_CONVERSION = YES;
				CLANG_WARN_INT_CONVERSION = YES;
				CLANG_WARN_OBJC_ROOT_CLASS = YES_ERROR;
				CLANG_WARN_UNREACHABLE_CODE = YES;
				CLANG_WARN__DUPLICATE_METHOD_MATCH = YES;
				"CODE_SIGN_IDENTITY[sdk=iphoneos*]" = "iPhone Developer";
				COPY_PHASE_STRIP = NO;
				ENABLE_STRICT_OBJC_MSGSEND = YES;
				GCC_C_LANGUAGE_STANDARD = gnu99;
				GCC_DYNAMIC_NO_PIC = NO;
				GCC_OPTIMIZATION_LEVEL = 0;
				GCC_PREPROCESSOR_DEFINITIONS = (
					"DEBUG=1",
					"$(inherited)",
				);
				GCC_SYMBOLS_PRIVATE_EXTERN = NO;
				GCC_WARN_64_TO_32_BIT_CONVERSION = YES;
				GCC_WARN_ABOUT_RETURN_TYPE = YES_ERROR;
				GCC_WARN_UNDECLARED_SELECTOR = YES;
				GCC_WARN_UNINITIALIZED_AUTOS = YES_AGGRESSIVE;
				GCC_WARN_UNUSED_FUNCTION = YES;
				GCC_WARN_UNUSED_VARIABLE = YES;
				IPHONEOS_DEPLOYMENT_TARGET = 8.1;
				MTL_ENABLE_DEBUG_INFO = YES;
				ONLY_ACTIVE_ARCH = YES;
				SDKROOT = iphoneos;
				SWIFT_OPTIMIZATION_LEVEL = "-Onone";
			};
			name = Debug;
		};
		18CE4B0E1A3933FA00452545 /* Release */ = {
			isa = XCBuildConfiguration;
			buildSettings = {
				ALWAYS_SEARCH_USER_PATHS = NO;
				CLANG_CXX_LANGUAGE_STANDARD = "gnu++0x";
				CLANG_CXX_LIBRARY = "libc++";
				CLANG_ENABLE_MODULES = YES;
				CLANG_ENABLE_OBJC_ARC = YES;
				CLANG_WARN_BOOL_CONVERSION = YES;
				CLANG_WARN_CONSTANT_CONVERSION = YES;
				CLANG_WARN_DIRECT_OBJC_ISA_USAGE = YES_ERROR;
				CLANG_WARN_EMPTY_BODY = YES;
				CLANG_WARN_ENUM_CONVERSION = YES;
				CLANG_WARN_INT_CONVERSION = YES;
				CLANG_WARN_OBJC_ROOT_CLASS = YES_ERROR;
				CLANG_WARN_UNREACHABLE_CODE = YES;
				CLANG_WARN__DUPLICATE_METHOD_MATCH = YES;
				"CODE_SIGN_IDENTITY[sdk=iphoneos*]" = "iPhone Developer";
				COPY_PHASE_STRIP = YES;
				ENABLE_NS_ASSERTIONS = NO;
				ENABLE_STRICT_OBJC_MSGSEND = YES;
				GCC_C_LANGUAGE_STANDARD = gnu99;
				GCC_WARN_64_TO_32_BIT_CONVERSION = YES;
				GCC_WARN_ABOUT_RETURN_TYPE = YES_ERROR;
				GCC_WARN_UNDECLARED_SELECTOR = YES;
				GCC_WARN_UNINITIALIZED_AUTOS = YES_AGGRESSIVE;
				GCC_WARN_UNUSED_FUNCTION = YES;
				GCC_WARN_UNUSED_VARIABLE = YES;
				IPHONEOS_DEPLOYMENT_TARGET = 8.1;
				MTL_ENABLE_DEBUG_INFO = NO;
				SDKROOT = iphoneos;
				VALIDATE_PRODUCT = YES;
			};
			name = Release;
		};
		18CE4B101A3933FA00452545 /* Debug */ = {
			isa = XCBuildConfiguration;
			buildSettings = {
				ASSETCATALOG_COMPILER_APPICON_NAME = AppIcon;
				INFOPLIST_FILE = "Web Content/Info.plist";
				LD_RUNPATH_SEARCH_PATHS = "$(inherited) @executable_path/Frameworks";
				PRODUCT_NAME = "$(TARGET_NAME)";
			};
			name = Debug;
		};
		18CE4B111A3933FA00452545 /* Release */ = {
			isa = XCBuildConfiguration;
			buildSettings = {
				ASSETCATALOG_COMPILER_APPICON_NAME = AppIcon;
				INFOPLIST_FILE = "Web Content/Info.plist";
				LD_RUNPATH_SEARCH_PATHS = "$(inherited) @executable_path/Frameworks";
				PRODUCT_NAME = "$(TARGET_NAME)";
			};
			name = Release;
		};
		18CE4B131A3933FA00452545 /* Debug */ = {
			isa = XCBuildConfiguration;
			buildSettings = {
				BUNDLE_LOADER = "$(TEST_HOST)";
				FRAMEWORK_SEARCH_PATHS = (
					"$(SDKROOT)/Developer/Library/Frameworks",
					"$(inherited)",
				);
				GCC_PREPROCESSOR_DEFINITIONS = (
					"DEBUG=1",
					"$(inherited)",
				);
				INFOPLIST_FILE = "Web ContentTests/Info.plist";
				LD_RUNPATH_SEARCH_PATHS = "$(inherited) @executable_path/Frameworks @loader_path/Frameworks";
				PRODUCT_NAME = "$(TARGET_NAME)";
				TEST_HOST = "$(BUILT_PRODUCTS_DIR)/Web Content.app/Web Content";
			};
			name = Debug;
		};
		18CE4B141A3933FA00452545 /* Release */ = {
			isa = XCBuildConfiguration;
			buildSettings = {
				BUNDLE_LOADER = "$(TEST_HOST)";
				FRAMEWORK_SEARCH_PATHS = (
					"$(SDKROOT)/Developer/Library/Frameworks",
					"$(inherited)",
				);
				INFOPLIST_FILE = "Web ContentTests/Info.plist";
				LD_RUNPATH_SEARCH_PATHS = "$(inherited) @executable_path/Frameworks @loader_path/Frameworks";
				PRODUCT_NAME = "$(TARGET_NAME)";
				TEST_HOST = "$(BUILT_PRODUCTS_DIR)/Web Content.app/Web Content";
			};
			name = Release;
		};
/* End XCBuildConfiguration section */

/* Begin XCConfigurationList section */
		18CE4AEB1A3933FA00452545 /* Build configuration list for PBXProject "Web Content" */ = {
			isa = XCConfigurationList;
			buildConfigurations = (
				18CE4B0D1A3933FA00452545 /* Debug */,
				18CE4B0E1A3933FA00452545 /* Release */,
			);
			defaultConfigurationIsVisible = 0;
			defaultConfigurationName = Release;
		};
		18CE4B0F1A3933FA00452545 /* Build configuration list for PBXNativeTarget "Web Content" */ = {
			isa = XCConfigurationList;
			buildConfigurations = (
				18CE4B101A3933FA00452545 /* Debug */,
				18CE4B111A3933FA00452545 /* Release */,
			);
			defaultConfigurationIsVisible = 0;
		};
		18CE4B121A3933FA00452545 /* Build configuration list for PBXNativeTarget "Web ContentTests" */ = {
			isa = XCConfigurationList;
			buildConfigurations = (
				18CE4B131A3933FA00452545 /* Debug */,
				18CE4B141A3933FA00452545 /* Release */,
			);
			defaultConfigurationIsVisible = 0;
		};
/* End XCConfigurationList section */
	};
	rootObject = 18CE4AE81A3933FA00452545 /* Project object */;
}
