// !$*UTF8*$!
{
	archiveVersion = 1;
	classes = {
	};
	objectVersion = 46;
	objects = {

/* Begin PBXBuildFile section */
		18CE04041A36EAA300867E36 /* AppDelegate.swift in Sources */ = {isa = PBXBuildFile; fileRef = 18CE04031A36EAA300867E36 /* AppDelegate.swift */; };
		18CE04061A36EAA300867E36 /* ViewController.swift in Sources */ = {isa = PBXBuildFile; fileRef = 18CE04051A36EAA300867E36 /* ViewController.swift */; };
		18CE04091A36EAA300867E36 /* Main.storyboard in Resources */ = {isa = PBXBuildFile; fileRef = 18CE04071A36EAA300867E36 /* Main.storyboard */; };
		18CE040B1A36EAA300867E36 /* Images.xcassets in Resources */ = {isa = PBXBuildFile; fileRef = 18CE040A1A36EAA300867E36 /* Images.xcassets */; };
		18CE040E1A36EAA300867E36 /* LaunchScreen.xib in Resources */ = {isa = PBXBuildFile; fileRef = 18CE040C1A36EAA300867E36 /* LaunchScreen.xib */; };
		18CE041A1A36EAA400867E36 /* How_Many_FingersTests.swift in Sources */ = {isa = PBXBuildFile; fileRef = 18CE04191A36EAA400867E36 /* How_Many_FingersTests.swift */; };
/* End PBXBuildFile section */

/* Begin PBXContainerItemProxy section */
		18CE04141A36EAA300867E36 /* PBXContainerItemProxy */ = {
			isa = PBXContainerItemProxy;
			containerPortal = 18CE03F61A36EAA300867E36 /* Project object */;
			proxyType = 1;
			remoteGlobalIDString = 18CE03FD1A36EAA300867E36;
			remoteInfo = "How Many Fingers";
		};
/* End PBXContainerItemProxy section */

/* Begin PBXFileReference section */
		18CE03FE1A36EAA300867E36 /* How Many Fingers.app */ = {isa = PBXFileReference; explicitFileType = wrapper.application; includeInIndex = 0; path = "How Many Fingers.app"; sourceTree = BUILT_PRODUCTS_DIR; };
		18CE04021A36EAA300867E36 /* Info.plist */ = {isa = PBXFileReference; lastKnownFileType = text.plist.xml; path = Info.plist; sourceTree = "<group>"; };
		18CE04031A36EAA300867E36 /* AppDelegate.swift */ = {isa = PBXFileReference; lastKnownFileType = sourcecode.swift; path = AppDelegate.swift; sourceTree = "<group>"; };
		18CE04051A36EAA300867E36 /* ViewController.swift */ = {isa = PBXFileReference; lastKnownFileType = sourcecode.swift; path = ViewController.swift; sourceTree = "<group>"; };
		18CE04081A36EAA300867E36 /* Base */ = {isa = PBXFileReference; lastKnownFileType = file.storyboard; name = Base; path = Base.lproj/Main.storyboard; sourceTree = "<group>"; };
		18CE040A1A36EAA300867E36 /* Images.xcassets */ = {isa = PBXFileReference; lastKnownFileType = folder.assetcatalog; path = Images.xcassets; sourceTree = "<group>"; };
		18CE040D1A36EAA300867E36 /* Base */ = {isa = PBXFileReference; lastKnownFileType = file.xib; name = Base; path = Base.lproj/LaunchScreen.xib; sourceTree = "<group>"; };
		18CE04131A36EAA300867E36 /* How Many FingersTests.xctest */ = {isa = PBXFileReference; explicitFileType = wrapper.cfbundle; includeInIndex = 0; path = "How Many FingersTests.xctest"; sourceTree = BUILT_PRODUCTS_DIR; };
		18CE04181A36EAA400867E36 /* Info.plist */ = {isa = PBXFileReference; lastKnownFileType = text.plist.xml; path = Info.plist; sourceTree = "<group>"; };
		18CE04191A36EAA400867E36 /* How_Many_FingersTests.swift */ = {isa = PBXFileReference; lastKnownFileType = sourcecode.swift; path = How_Many_FingersTests.swift; sourceTree = "<group>"; };
/* End PBXFileReference section */

/* Begin PBXFrameworksBuildPhase section */
		18CE03FB1A36EAA300867E36 /* Frameworks */ = {
			isa = PBXFrameworksBuildPhase;
			buildActionMask = 2147483647;
			files = (
			);
			runOnlyForDeploymentPostprocessing = 0;
		};
		18CE04101A36EAA300867E36 /* Frameworks */ = {
			isa = PBXFrameworksBuildPhase;
			buildActionMask = 2147483647;
			files = (
			);
			runOnlyForDeploymentPostprocessing = 0;
		};
/* End PBXFrameworksBuildPhase section */

/* Begin PBXGroup section */
		18CE03F51A36EAA300867E36 = {
			isa = PBXGroup;
			children = (
				18CE04001A36EAA300867E36 /* How Many Fingers */,
				18CE04161A36EAA300867E36 /* How Many FingersTests */,
				18CE03FF1A36EAA300867E36 /* Products */,
			);
			sourceTree = "<group>";
		};
		18CE03FF1A36EAA300867E36 /* Products */ = {
			isa = PBXGroup;
			children = (
				18CE03FE1A36EAA300867E36 /* How Many Fingers.app */,
				18CE04131A36EAA300867E36 /* How Many FingersTests.xctest */,
			);
			name = Products;
			sourceTree = "<group>";
		};
		18CE04001A36EAA300867E36 /* How Many Fingers */ = {
			isa = PBXGroup;
			children = (
				18CE04031A36EAA300867E36 /* AppDelegate.swift */,
				18CE04051A36EAA300867E36 /* ViewController.swift */,
				18CE04071A36EAA300867E36 /* Main.storyboard */,
				18CE040A1A36EAA300867E36 /* Images.xcassets */,
				18CE040C1A36EAA300867E36 /* LaunchScreen.xib */,
				18CE04011A36EAA300867E36 /* Supporting Files */,
			);
			path = "How Many Fingers";
			sourceTree = "<group>";
		};
		18CE04011A36EAA300867E36 /* Supporting Files */ = {
			isa = PBXGroup;
			children = (
				18CE04021A36EAA300867E36 /* Info.plist */,
			);
			name = "Supporting Files";
			sourceTree = "<group>";
		};
		18CE04161A36EAA300867E36 /* How Many FingersTests */ = {
			isa = PBXGroup;
			children = (
				18CE04191A36EAA400867E36 /* How_Many_FingersTests.swift */,
				18CE04171A36EAA400867E36 /* Supporting Files */,
			);
			path = "How Many FingersTests";
			sourceTree = "<group>";
		};
		18CE04171A36EAA400867E36 /* Supporting Files */ = {
			isa = PBXGroup;
			children = (
				18CE04181A36EAA400867E36 /* Info.plist */,
			);
			name = "Supporting Files";
			sourceTree = "<group>";
		};
/* End PBXGroup section */

/* Begin PBXNativeTarget section */
		18CE03FD1A36EAA300867E36 /* How Many Fingers */ = {
			isa = PBXNativeTarget;
			buildConfigurationList = 18CE041D1A36EAA400867E36 /* Build configuration list for PBXNativeTarget "How Many Fingers" */;
			buildPhases = (
				18CE03FA1A36EAA300867E36 /* Sources */,
				18CE03FB1A36EAA300867E36 /* Frameworks */,
				18CE03FC1A36EAA300867E36 /* Resources */,
			);
			buildRules = (
			);
			dependencies = (
			);
			name = "How Many Fingers";
			productName = "How Many Fingers";
			productReference = 18CE03FE1A36EAA300867E36 /* How Many Fingers.app */;
			productType = "com.apple.product-type.application";
		};
		18CE04121A36EAA300867E36 /* How Many FingersTests */ = {
			isa = PBXNativeTarget;
			buildConfigurationList = 18CE04201A36EAA400867E36 /* Build configuration list for PBXNativeTarget "How Many FingersTests" */;
			buildPhases = (
				18CE040F1A36EAA300867E36 /* Sources */,
				18CE04101A36EAA300867E36 /* Frameworks */,
				18CE04111A36EAA300867E36 /* Resources */,
			);
			buildRules = (
			);
			dependencies = (
				18CE04151A36EAA300867E36 /* PBXTargetDependency */,
			);
			name = "How Many FingersTests";
			productName = "How Many FingersTests";
			productReference = 18CE04131A36EAA300867E36 /* How Many FingersTests.xctest */;
			productType = "com.apple.product-type.bundle.unit-test";
		};
/* End PBXNativeTarget section */

/* Begin PBXProject section */
		18CE03F61A36EAA300867E36 /* Project object */ = {
			isa = PBXProject;
			attributes = {
				LastUpgradeCheck = 0610;
				ORGANIZATIONNAME = Appfish;
				TargetAttributes = {
					18CE03FD1A36EAA300867E36 = {
						CreatedOnToolsVersion = 6.1.1;
					};
					18CE04121A36EAA300867E36 = {
						CreatedOnToolsVersion = 6.1.1;
						TestTargetID = 18CE03FD1A36EAA300867E36;
					};
				};
			};
			buildConfigurationList = 18CE03F91A36EAA300867E36 /* Build configuration list for PBXProject "How Many Fingers" */;
			compatibilityVersion = "Xcode 3.2";
			developmentRegion = English;
			hasScannedForEncodings = 0;
			knownRegions = (
				en,
				Base,
			);
			mainGroup = 18CE03F51A36EAA300867E36;
			productRefGroup = 18CE03FF1A36EAA300867E36 /* Products */;
			projectDirPath = "";
			projectRoot = "";
			targets = (
				18CE03FD1A36EAA300867E36 /* How Many Fingers */,
				18CE04121A36EAA300867E36 /* How Many FingersTests */,
			);
		};
/* End PBXProject section */

/* Begin PBXResourcesBuildPhase section */
		18CE03FC1A36EAA300867E36 /* Resources */ = {
			isa = PBXResourcesBuildPhase;
			buildActionMask = 2147483647;
			files = (
				18CE04091A36EAA300867E36 /* Main.storyboard in Resources */,
				18CE040E1A36EAA300867E36 /* LaunchScreen.xib in Resources */,
				18CE040B1A36EAA300867E36 /* Images.xcassets in Resources */,
			);
			runOnlyForDeploymentPostprocessing = 0;
		};
		18CE04111A36EAA300867E36 /* Resources */ = {
			isa = PBXResourcesBuildPhase;
			buildActionMask = 2147483647;
			files = (
			);
			runOnlyForDeploymentPostprocessing = 0;
		};
/* End PBXResourcesBuildPhase section */

/* Begin PBXSourcesBuildPhase section */
		18CE03FA1A36EAA300867E36 /* Sources */ = {
			isa = PBXSourcesBuildPhase;
			buildActionMask = 2147483647;
			files = (
				18CE04061A36EAA300867E36 /* ViewController.swift in Sources */,
				18CE04041A36EAA300867E36 /* AppDelegate.swift in Sources */,
			);
			runOnlyForDeploymentPostprocessing = 0;
		};
		18CE040F1A36EAA300867E36 /* Sources */ = {
			isa = PBXSourcesBuildPhase;
			buildActionMask = 2147483647;
			files = (
				18CE041A1A36EAA400867E36 /* How_Many_FingersTests.swift in Sources */,
			);
			runOnlyForDeploymentPostprocessing = 0;
		};
/* End PBXSourcesBuildPhase section */

/* Begin PBXTargetDependency section */
		18CE04151A36EAA300867E36 /* PBXTargetDependency */ = {
			isa = PBXTargetDependency;
			target = 18CE03FD1A36EAA300867E36 /* How Many Fingers */;
			targetProxy = 18CE04141A36EAA300867E36 /* PBXContainerItemProxy */;
		};
/* End PBXTargetDependency section */

/* Begin PBXVariantGroup section */
		18CE04071A36EAA300867E36 /* Main.storyboard */ = {
			isa = PBXVariantGroup;
			children = (
				18CE04081A36EAA300867E36 /* Base */,
			);
			name = Main.storyboard;
			sourceTree = "<group>";
		};
		18CE040C1A36EAA300867E36 /* LaunchScreen.xib */ = {
			isa = PBXVariantGroup;
			children = (
				18CE040D1A36EAA300867E36 /* Base */,
			);
			name = LaunchScreen.xib;
			sourceTree = "<group>";
		};
/* End PBXVariantGroup section */

/* Begin XCBuildConfiguration section */
		18CE041B1A36EAA400867E36 /* Debug */ = {
			isa = XCBuildConfiguration;
			buildSettings = {
				ALWAYS_SEARCH_USER_PATHS = NO;
				CLANG_CXX_LANGUAGE_STANDARD = "gnu++0x";
				CLANG_CXX_LIBRARY = "libc++";
				CLANG_ENABLE_MODULES = YES;
				CLANG_ENABLE_OBJC_ARC = YES;
				CLANG_WARN_BOOL_CONVERSION = YES;
				CLANG_WARN_CONSTANT_CONVERSION = YES;
				CLANG_WARN_DIRECT_OBJC_ISA_USAGE = YES_ERROR;
				CLANG_WARN_EMPTY_BODY = YES;
				CLANG_WARN_ENUM_CONVERSION = YES;
				CLANG_WARN_INT_CONVERSION = YES;
				CLANG_WARN_OBJC_ROOT_CLASS = YES_ERROR;
				CLANG_WARN_UNREACHABLE_CODE = YES;
				CLANG_WARN__DUPLICATE_METHOD_MATCH = YES;
				"CODE_SIGN_IDENTITY[sdk=iphoneos*]" = "iPhone Developer";
				COPY_PHASE_STRIP = NO;
				ENABLE_STRICT_OBJC_MSGSEND = YES;
				GCC_C_LANGUAGE_STANDARD = gnu99;
				GCC_DYNAMIC_NO_PIC = NO;
				GCC_OPTIMIZATION_LEVEL = 0;
				GCC_PREPROCESSOR_DEFINITIONS = (
					"DEBUG=1",
					"$(inherited)",
				);
				GCC_SYMBOLS_PRIVATE_EXTERN = NO;
				GCC_WARN_64_TO_32_BIT_CONVERSION = YES;
				GCC_WARN_ABOUT_RETURN_TYPE = YES_ERROR;
				GCC_WARN_UNDECLARED_SELECTOR = YES;
				GCC_WARN_UNINITIALIZED_AUTOS = YES_AGGRESSIVE;
				GCC_WARN_UNUSED_FUNCTION = YES;
				GCC_WARN_UNUSED_VARIABLE = YES;
				IPHONEOS_DEPLOYMENT_TARGET = 8.1;
				MTL_ENABLE_DEBUG_INFO = YES;
				ONLY_ACTIVE_ARCH = YES;
				SDKROOT = iphoneos;
				SWIFT_OPTIMIZATION_LEVEL = "-Onone";
			};
			name = Debug;
		};
		18CE041C1A36EAA400867E36 /* Release */ = {
			isa = XCBuildConfiguration;
			buildSettings = {
				ALWAYS_SEARCH_USER_PATHS = NO;
				CLANG_CXX_LANGUAGE_STANDARD = "gnu++0x";
				CLANG_CXX_LIBRARY = "libc++";
				CLANG_ENABLE_MODULES = YES;
				CLANG_ENABLE_OBJC_ARC = YES;
				CLANG_WARN_BOOL_CONVERSION = YES;
				CLANG_WARN_CONSTANT_CONVERSION = YES;
				CLANG_WARN_DIRECT_OBJC_ISA_USAGE = YES_ERROR;
				CLANG_WARN_EMPTY_BODY = YES;
				CLANG_WARN_ENUM_CONVERSION = YES;
				CLANG_WARN_INT_CONVERSION = YES;
				CLANG_WARN_OBJC_ROOT_CLASS = YES_ERROR;
				CLANG_WARN_UNREACHABLE_CODE = YES;
				CLANG_WARN__DUPLICATE_METHOD_MATCH = YES;
				"CODE_SIGN_IDENTITY[sdk=iphoneos*]" = "iPhone Developer";
				COPY_PHASE_STRIP = YES;
				ENABLE_NS_ASSERTIONS = NO;
				ENABLE_STRICT_OBJC_MSGSEND = YES;
				GCC_C_LANGUAGE_STANDARD = gnu99;
				GCC_WARN_64_TO_32_BIT_CONVERSION = YES;
				GCC_WARN_ABOUT_RETURN_TYPE = YES_ERROR;
				GCC_WARN_UNDECLARED_SELECTOR = YES;
				GCC_WARN_UNINITIALIZED_AUTOS = YES_AGGRESSIVE;
				GCC_WARN_UNUSED_FUNCTION = YES;
				GCC_WARN_UNUSED_VARIABLE = YES;
				IPHONEOS_DEPLOYMENT_TARGET = 8.1;
				MTL_ENABLE_DEBUG_INFO = NO;
				SDKROOT = iphoneos;
				VALIDATE_PRODUCT = YES;
			};
			name = Release;
		};
		18CE041E1A36EAA400867E36 /* Debug */ = {
			isa = XCBuildConfiguration;
			buildSettings = {
				ASSETCATALOG_COMPILER_APPICON_NAME = AppIcon;
				INFOPLIST_FILE = "How Many Fingers/Info.plist";
				LD_RUNPATH_SEARCH_PATHS = "$(inherited) @executable_path/Frameworks";
				PRODUCT_NAME = "$(TARGET_NAME)";
			};
			name = Debug;
		};
		18CE041F1A36EAA400867E36 /* Release */ = {
			isa = XCBuildConfiguration;
			buildSettings = {
				ASSETCATALOG_COMPILER_APPICON_NAME = AppIcon;
				INFOPLIST_FILE = "How Many Fingers/Info.plist";
				LD_RUNPATH_SEARCH_PATHS = "$(inherited) @executable_path/Frameworks";
				PRODUCT_NAME = "$(TARGET_NAME)";
			};
			name = Release;
		};
		18CE04211A36EAA400867E36 /* Debug */ = {
			isa = XCBuildConfiguration;
			buildSettings = {
				BUNDLE_LOADER = "$(TEST_HOST)";
				FRAMEWORK_SEARCH_PATHS = (
					"$(SDKROOT)/Developer/Library/Frameworks",
					"$(inherited)",
				);
				GCC_PREPROCESSOR_DEFINITIONS = (
					"DEBUG=1",
					"$(inherited)",
				);
				INFOPLIST_FILE = "How Many FingersTests/Info.plist";
				LD_RUNPATH_SEARCH_PATHS = "$(inherited) @executable_path/Frameworks @loader_path/Frameworks";
				PRODUCT_NAME = "$(TARGET_NAME)";
				TEST_HOST = "$(BUILT_PRODUCTS_DIR)/How Many Fingers.app/How Many Fingers";
			};
			name = Debug;
		};
		18CE04221A36EAA400867E36 /* Release */ = {
			isa = XCBuildConfiguration;
			buildSettings = {
				BUNDLE_LOADER = "$(TEST_HOST)";
				FRAMEWORK_SEARCH_PATHS = (
					"$(SDKROOT)/Developer/Library/Frameworks",
					"$(inherited)",
				);
				INFOPLIST_FILE = "How Many FingersTests/Info.plist";
				LD_RUNPATH_SEARCH_PATHS = "$(inherited) @executable_path/Frameworks @loader_path/Frameworks";
				PRODUCT_NAME = "$(TARGET_NAME)";
				TEST_HOST = "$(BUILT_PRODUCTS_DIR)/How Many Fingers.app/How Many Fingers";
			};
			name = Release;
		};
/* End XCBuildConfiguration section */

/* Begin XCConfigurationList section */
		18CE03F91A36EAA300867E36 /* Build configuration list for PBXProject "How Many Fingers" */ = {
			isa = XCConfigurationList;
			buildConfigurations = (
				18CE041B1A36EAA400867E36 /* Debug */,
				18CE041C1A36EAA400867E36 /* Release */,
			);
			defaultConfigurationIsVisible = 0;
			defaultConfigurationName = Release;
		};
		18CE041D1A36EAA400867E36 /* Build configuration list for PBXNativeTarget "How Many Fingers" */ = {
			isa = XCConfigurationList;
			buildConfigurations = (
				18CE041E1A36EAA400867E36 /* Debug */,
				18CE041F1A36EAA400867E36 /* Release */,
			);
			defaultConfigurationIsVisible = 0;
		};
		18CE04201A36EAA400867E36 /* Build configuration list for PBXNativeTarget "How Many FingersTests" */ = {
			isa = XCConfigurationList;
			buildConfigurations = (
				18CE04211A36EAA400867E36 /* Debug */,
				18CE04221A36EAA400867E36 /* Release */,
			);
			defaultConfigurationIsVisible = 0;
		};
/* End XCConfigurationList section */
	};
	rootObject = 18CE03F61A36EAA300867E36 /* Project object */;
}
