// !$*UTF8*$!
{
	archiveVersion = 1;
	classes = {
	};
	objectVersion = 46;
	objects = {

/* Begin PBXBuildFile section */
		18CE4B251A393E4300452545 /* AppDelegate.swift in Sources */ = {isa = PBXBuildFile; fileRef = 18CE4B241A393E4300452545 /* AppDelegate.swift */; };
		18CE4B271A393E4300452545 /* ViewController.swift in Sources */ = {isa = PBXBuildFile; fileRef = 18CE4B261A393E4300452545 /* ViewController.swift */; };
		18CE4B2A1A393E4300452545 /* Main.storyboard in Resources */ = {isa = PBXBuildFile; fileRef = 18CE4B281A393E4300452545 /* Main.storyboard */; };
		18CE4B2C1A393E4300452545 /* Images.xcassets in Resources */ = {isa = PBXBuildFile; fileRef = 18CE4B2B1A393E4300452545 /* Images.xcassets */; };
		18CE4B2F1A393E4300452545 /* LaunchScreen.xib in Resources */ = {isa = PBXBuildFile; fileRef = 18CE4B2D1A393E4300452545 /* LaunchScreen.xib */; };
		18CE4B3B1A393E4300452545 /* What_s_The_WeatherTests.swift in Sources */ = {isa = PBXBuildFile; fileRef = 18CE4B3A1A393E4300452545 /* What_s_The_WeatherTests.swift */; };
		18CE4B471A39428100452545 /* weather.jpg in Resources */ = {isa = PBXBuildFile; fileRef = 18CE4B461A39428100452545 /* weather.jpg */; };
/* End PBXBuildFile section */

/* Begin PBXContainerItemProxy section */
		18CE4B351A393E4300452545 /* PBXContainerItemProxy */ = {
			isa = PBXContainerItemProxy;
			containerPortal = 18CE4B171A393E4300452545 /* Project object */;
			proxyType = 1;
			remoteGlobalIDString = 18CE4B1E1A393E4300452545;
			remoteInfo = "What's The Weather";
		};
/* End PBXContainerItemProxy section */

/* Begin PBXFileReference section */
		18CE4B1F1A393E4300452545 /* What's The Weather.app */ = {isa = PBXFileReference; explicitFileType = wrapper.application; includeInIndex = 0; path = "What's The Weather.app"; sourceTree = BUILT_PRODUCTS_DIR; };
		18CE4B231A393E4300452545 /* Info.plist */ = {isa = PBXFileReference; lastKnownFileType = text.plist.xml; path = Info.plist; sourceTree = "<group>"; };
		18CE4B241A393E4300452545 /* AppDelegate.swift */ = {isa = PBXFileReference; lastKnownFileType = sourcecode.swift; path = AppDelegate.swift; sourceTree = "<group>"; };
		18CE4B261A393E4300452545 /* ViewController.swift */ = {isa = PBXFileReference; lastKnownFileType = sourcecode.swift; path = ViewController.swift; sourceTree = "<group>"; };
		18CE4B291A393E4300452545 /* Base */ = {isa = PBXFileReference; lastKnownFileType = file.storyboard; name = Base; path = Base.lproj/Main.storyboard; sourceTree = "<group>"; };
		18CE4B2B1A393E4300452545 /* Images.xcassets */ = {isa = PBXFileReference; lastKnownFileType = folder.assetcatalog; path = Images.xcassets; sourceTree = "<group>"; };
		18CE4B2E1A393E4300452545 /* Base */ = {isa = PBXFileReference; lastKnownFileType = file.xib; name = Base; path = Base.lproj/LaunchScreen.xib; sourceTree = "<group>"; };
		18CE4B341A393E4300452545 /* What's The WeatherTests.xctest */ = {isa = PBXFileReference; explicitFileType = wrapper.cfbundle; includeInIndex = 0; path = "What's The WeatherTests.xctest"; sourceTree = BUILT_PRODUCTS_DIR; };
		18CE4B391A393E4300452545 /* Info.plist */ = {isa = PBXFileReference; lastKnownFileType = text.plist.xml; path = Info.plist; sourceTree = "<group>"; };
		18CE4B3A1A393E4300452545 /* What_s_The_WeatherTests.swift */ = {isa = PBXFileReference; lastKnownFileType = sourcecode.swift; path = What_s_The_WeatherTests.swift; sourceTree = "<group>"; };
		18CE4B461A39428100452545 /* weather.jpg */ = {isa = PBXFileReference; lastKnownFileType = image.jpeg; name = weather.jpg; path = ../../../../../Downloads/weather.jpg; sourceTree = "<group>"; };
/* End PBXFileReference section */

/* Begin PBXFrameworksBuildPhase section */
		18CE4B1C1A393E4300452545 /* Frameworks */ = {
			isa = PBXFrameworksBuildPhase;
			buildActionMask = 2147483647;
			files = (
			);
			runOnlyForDeploymentPostprocessing = 0;
		};
		18CE4B311A393E4300452545 /* Frameworks */ = {
			isa = PBXFrameworksBuildPhase;
			buildActionMask = 2147483647;
			files = (
			);
			runOnlyForDeploymentPostprocessing = 0;
		};
/* End PBXFrameworksBuildPhase section */

/* Begin PBXGroup section */
		18CE4B161A393E4300452545 = {
			isa = PBXGroup;
			children = (
				18CE4B211A393E4300452545 /* What's The Weather */,
				18CE4B371A393E4300452545 /* What's The WeatherTests */,
				18CE4B201A393E4300452545 /* Products */,
			);
			sourceTree = "<group>";
		};
		18CE4B201A393E4300452545 /* Products */ = {
			isa = PBXGroup;
			children = (
				18CE4B1F1A393E4300452545 /* What's The Weather.app */,
				18CE4B341A393E4300452545 /* What's The WeatherTests.xctest */,
			);
			name = Products;
			sourceTree = "<group>";
		};
		18CE4B211A393E4300452545 /* What's The Weather */ = {
			isa = PBXGroup;
			children = (
				18CE4B241A393E4300452545 /* AppDelegate.swift */,
				18CE4B261A393E4300452545 /* ViewController.swift */,
				18CE4B281A393E4300452545 /* Main.storyboard */,
				18CE4B461A39428100452545 /* weather.jpg */,
				18CE4B2B1A393E4300452545 /* Images.xcassets */,
				18CE4B2D1A393E4300452545 /* LaunchScreen.xib */,
				18CE4B221A393E4300452545 /* Supporting Files */,
			);
			path = "What's The Weather";
			sourceTree = "<group>";
		};
		18CE4B221A393E4300452545 /* Supporting Files */ = {
			isa = PBXGroup;
			children = (
				18CE4B231A393E4300452545 /* Info.plist */,
			);
			name = "Supporting Files";
			sourceTree = "<group>";
		};
		18CE4B371A393E4300452545 /* What's The WeatherTests */ = {
			isa = PBXGroup;
			children = (
				18CE4B3A1A393E4300452545 /* What_s_The_WeatherTests.swift */,
				18CE4B381A393E4300452545 /* Supporting Files */,
			);
			path = "What's The WeatherTests";
			sourceTree = "<group>";
		};
		18CE4B381A393E4300452545 /* Supporting Files */ = {
			isa = PBXGroup;
			children = (
				18CE4B391A393E4300452545 /* Info.plist */,
			);
			name = "Supporting Files";
			sourceTree = "<group>";
		};
/* End PBXGroup section */

/* Begin PBXNativeTarget section */
		18CE4B1E1A393E4300452545 /* What's The Weather */ = {
			isa = PBXNativeTarget;
			buildConfigurationList = 18CE4B3E1A393E4300452545 /* Build configuration list for PBXNativeTarget "What's The Weather" */;
			buildPhases = (
				18CE4B1B1A393E4300452545 /* Sources */,
				18CE4B1C1A393E4300452545 /* Frameworks */,
				18CE4B1D1A393E4300452545 /* Resources */,
			);
			buildRules = (
			);
			dependencies = (
			);
			name = "What's The Weather";
			productName = "What's The Weather";
			productReference = 18CE4B1F1A393E4300452545 /* What's The Weather.app */;
			productType = "com.apple.product-type.application";
		};
		18CE4B331A393E4300452545 /* What's The WeatherTests */ = {
			isa = PBXNativeTarget;
			buildConfigurationList = 18CE4B411A393E4300452545 /* Build configuration list for PBXNativeTarget "What's The WeatherTests" */;
			buildPhases = (
				18CE4B301A393E4300452545 /* Sources */,
				18CE4B311A393E4300452545 /* Frameworks */,
				18CE4B321A393E4300452545 /* Resources */,
			);
			buildRules = (
			);
			dependencies = (
				18CE4B361A393E4300452545 /* PBXTargetDependency */,
			);
			name = "What's The WeatherTests";
			productName = "What's The WeatherTests";
			productReference = 18CE4B341A393E4300452545 /* What's The WeatherTests.xctest */;
			productType = "com.apple.product-type.bundle.unit-test";
		};
/* End PBXNativeTarget section */

/* Begin PBXProject section */
		18CE4B171A393E4300452545 /* Project object */ = {
			isa = PBXProject;
			attributes = {
				LastUpgradeCheck = 0610;
				ORGANIZATIONNAME = Appfish;
				TargetAttributes = {
					18CE4B1E1A393E4300452545 = {
						CreatedOnToolsVersion = 6.1.1;
					};
					18CE4B331A393E4300452545 = {
						CreatedOnToolsVersion = 6.1.1;
						TestTargetID = 18CE4B1E1A393E4300452545;
					};
				};
			};
			buildConfigurationList = 18CE4B1A1A393E4300452545 /* Build configuration list for PBXProject "What's The Weather" */;
			compatibilityVersion = "Xcode 3.2";
			developmentRegion = English;
			hasScannedForEncodings = 0;
			knownRegions = (
				en,
				Base,
			);
			mainGroup = 18CE4B161A393E4300452545;
			productRefGroup = 18CE4B201A393E4300452545 /* Products */;
			projectDirPath = "";
			projectRoot = "";
			targets = (
				18CE4B1E1A393E4300452545 /* What's The Weather */,
				18CE4B331A393E4300452545 /* What's The WeatherTests */,
			);
		};
/* End PBXProject section */

/* Begin PBXResourcesBuildPhase section */
		18CE4B1D1A393E4300452545 /* Resources */ = {
			isa = PBXResourcesBuildPhase;
			buildActionMask = 2147483647;
			files = (
				18CE4B471A39428100452545 /* weather.jpg in Resources */,
				18CE4B2A1A393E4300452545 /* Main.storyboard in Resources */,
				18CE4B2F1A393E4300452545 /* LaunchScreen.xib in Resources */,
				18CE4B2C1A393E4300452545 /* Images.xcassets in Resources */,
			);
			runOnlyForDeploymentPostprocessing = 0;
		};
		18CE4B321A393E4300452545 /* Resources */ = {
			isa = PBXResourcesBuildPhase;
			buildActionMask = 2147483647;
			files = (
			);
			runOnlyForDeploymentPostprocessing = 0;
		};
/* End PBXResourcesBuildPhase section */

/* Begin PBXSourcesBuildPhase section */
		18CE4B1B1A393E4300452545 /* Sources */ = {
			isa = PBXSourcesBuildPhase;
			buildActionMask = 2147483647;
			files = (
				18CE4B271A393E4300452545 /* ViewController.swift in Sources */,
				18CE4B251A393E4300452545 /* AppDelegate.swift in Sources */,
			);
			runOnlyForDeploymentPostprocessing = 0;
		};
		18CE4B301A393E4300452545 /* Sources */ = {
			isa = PBXSourcesBuildPhase;
			buildActionMask = 2147483647;
			files = (
				18CE4B3B1A393E4300452545 /* What_s_The_WeatherTests.swift in Sources */,
			);
			runOnlyForDeploymentPostprocessing = 0;
		};
/* End PBXSourcesBuildPhase section */

/* Begin PBXTargetDependency section */
		18CE4B361A393E4300452545 /* PBXTargetDependency */ = {
			isa = PBXTargetDependency;
			target = 18CE4B1E1A393E4300452545 /* What's The Weather */;
			targetProxy = 18CE4B351A393E4300452545 /* PBXContainerItemProxy */;
		};
/* End PBXTargetDependency section */

/* Begin PBXVariantGroup section */
		18CE4B281A393E4300452545 /* Main.storyboard */ = {
			isa = PBXVariantGroup;
			children = (
				18CE4B291A393E4300452545 /* Base */,
			);
			name = Main.storyboard;
			sourceTree = "<group>";
		};
		18CE4B2D1A393E4300452545 /* LaunchScreen.xib */ = {
			isa = PBXVariantGroup;
			children = (
				18CE4B2E1A393E4300452545 /* Base */,
			);
			name = LaunchScreen.xib;
			sourceTree = "<group>";
		};
/* End PBXVariantGroup section */

/* Begin XCBuildConfiguration section */
		18CE4B3C1A393E4300452545 /* Debug */ = {
			isa = XCBuildConfiguration;
			buildSettings = {
				ALWAYS_SEARCH_USER_PATHS = NO;
				CLANG_CXX_LANGUAGE_STANDARD = "gnu++0x";
				CLANG_CXX_LIBRARY = "libc++";
				CLANG_ENABLE_MODULES = YES;
				CLANG_ENABLE_OBJC_ARC = YES;
				CLANG_WARN_BOOL_CONVERSION = YES;
				CLANG_WARN_CONSTANT_CONVERSION = YES;
				CLANG_WARN_DIRECT_OBJC_ISA_USAGE = YES_ERROR;
				CLANG_WARN_EMPTY_BODY = YES;
				CLANG_WARN_ENUM_CONVERSION = YES;
				CLANG_WARN_INT_CONVERSION = YES;
				CLANG_WARN_OBJC_ROOT_CLASS = YES_ERROR;
				CLANG_WARN_UNREACHABLE_CODE = YES;
				CLANG_WARN__DUPLICATE_METHOD_MATCH = YES;
				"CODE_SIGN_IDENTITY[sdk=iphoneos*]" = "iPhone Developer";
				COPY_PHASE_STRIP = NO;
				ENABLE_STRICT_OBJC_MSGSEND = YES;
				GCC_C_LANGUAGE_STANDARD = gnu99;
				GCC_DYNAMIC_NO_PIC = NO;
				GCC_OPTIMIZATION_LEVEL = 0;
				GCC_PREPROCESSOR_DEFINITIONS = (
					"DEBUG=1",
					"$(inherited)",
				);
				GCC_SYMBOLS_PRIVATE_EXTERN = NO;
				GCC_WARN_64_TO_32_BIT_CONVERSION = YES;
				GCC_WARN_ABOUT_RETURN_TYPE = YES_ERROR;
				GCC_WARN_UNDECLARED_SELECTOR = YES;
				GCC_WARN_UNINITIALIZED_AUTOS = YES_AGGRESSIVE;
				GCC_WARN_UNUSED_FUNCTION = YES;
				GCC_WARN_UNUSED_VARIABLE = YES;
				IPHONEOS_DEPLOYMENT_TARGET = 8.1;
				MTL_ENABLE_DEBUG_INFO = YES;
				ONLY_ACTIVE_ARCH = YES;
				SDKROOT = iphoneos;
				SWIFT_OPTIMIZATION_LEVEL = "-Onone";
			};
			name = Debug;
		};
		18CE4B3D1A393E4300452545 /* Release */ = {
			isa = XCBuildConfiguration;
			buildSettings = {
				ALWAYS_SEARCH_USER_PATHS = NO;
				CLANG_CXX_LANGUAGE_STANDARD = "gnu++0x";
				CLANG_CXX_LIBRARY = "libc++";
				CLANG_ENABLE_MODULES = YES;
				CLANG_ENABLE_OBJC_ARC = YES;
				CLANG_WARN_BOOL_CONVERSION = YES;
				CLANG_WARN_CONSTANT_CONVERSION = YES;
				CLANG_WARN_DIRECT_OBJC_ISA_USAGE = YES_ERROR;
				CLANG_WARN_EMPTY_BODY = YES;
				CLANG_WARN_ENUM_CONVERSION = YES;
				CLANG_WARN_INT_CONVERSION = YES;
				CLANG_WARN_OBJC_ROOT_CLASS = YES_ERROR;
				CLANG_WARN_UNREACHABLE_CODE = YES;
				CLANG_WARN__DUPLICATE_METHOD_MATCH = YES;
				"CODE_SIGN_IDENTITY[sdk=iphoneos*]" = "iPhone Developer";
				COPY_PHASE_STRIP = YES;
				ENABLE_NS_ASSERTIONS = NO;
				ENABLE_STRICT_OBJC_MSGSEND = YES;
				GCC_C_LANGUAGE_STANDARD = gnu99;
				GCC_WARN_64_TO_32_BIT_CONVERSION = YES;
				GCC_WARN_ABOUT_RETURN_TYPE = YES_ERROR;
				GCC_WARN_UNDECLARED_SELECTOR = YES;
				GCC_WARN_UNINITIALIZED_AUTOS = YES_AGGRESSIVE;
				GCC_WARN_UNUSED_FUNCTION = YES;
				GCC_WARN_UNUSED_VARIABLE = YES;
				IPHONEOS_DEPLOYMENT_TARGET = 8.1;
				MTL_ENABLE_DEBUG_INFO = NO;
				SDKROOT = iphoneos;
				VALIDATE_PRODUCT = YES;
			};
			name = Release;
		};
		18CE4B3F1A393E4300452545 /* Debug */ = {
			isa = XCBuildConfiguration;
			buildSettings = {
				ASSETCATALOG_COMPILER_APPICON_NAME = AppIcon;
				INFOPLIST_FILE = "What's The Weather/Info.plist";
				LD_RUNPATH_SEARCH_PATHS = "$(inherited) @executable_path/Frameworks";
				PRODUCT_NAME = "$(TARGET_NAME)";
			};
			name = Debug;
		};
		18CE4B401A393E4300452545 /* Release */ = {
			isa = XCBuildConfiguration;
			buildSettings = {
				ASSETCATALOG_COMPILER_APPICON_NAME = AppIcon;
				INFOPLIST_FILE = "What's The Weather/Info.plist";
				LD_RUNPATH_SEARCH_PATHS = "$(inherited) @executable_path/Frameworks";
				PRODUCT_NAME = "$(TARGET_NAME)";
			};
			name = Release;
		};
		18CE4B421A393E4300452545 /* Debug */ = {
			isa = XCBuildConfiguration;
			buildSettings = {
				BUNDLE_LOADER = "$(TEST_HOST)";
				FRAMEWORK_SEARCH_PATHS = (
					"$(SDKROOT)/Developer/Library/Frameworks",
					"$(inherited)",
				);
				GCC_PREPROCESSOR_DEFINITIONS = (
					"DEBUG=1",
					"$(inherited)",
				);
				INFOPLIST_FILE = "What's The WeatherTests/Info.plist";
				LD_RUNPATH_SEARCH_PATHS = "$(inherited) @executable_path/Frameworks @loader_path/Frameworks";
				PRODUCT_NAME = "$(TARGET_NAME)";
				TEST_HOST = "$(BUILT_PRODUCTS_DIR)/What's The Weather.app/What's The Weather";
			};
			name = Debug;
		};
		18CE4B431A393E4300452545 /* Release */ = {
			isa = XCBuildConfiguration;
			buildSettings = {
				BUNDLE_LOADER = "$(TEST_HOST)";
				FRAMEWORK_SEARCH_PATHS = (
					"$(SDKROOT)/Developer/Library/Frameworks",
					"$(inherited)",
				);
				INFOPLIST_FILE = "What's The WeatherTests/Info.plist";
				LD_RUNPATH_SEARCH_PATHS = "$(inherited) @executable_path/Frameworks @loader_path/Frameworks";
				PRODUCT_NAME = "$(TARGET_NAME)";
				TEST_HOST = "$(BUILT_PRODUCTS_DIR)/What's The Weather.app/What's The Weather";
			};
			name = Release;
		};
/* End XCBuildConfiguration section */

/* Begin XCConfigurationList section */
		18CE4B1A1A393E4300452545 /* Build configuration list for PBXProject "What's The Weather" */ = {
			isa = XCConfigurationList;
			buildConfigurations = (
				18CE4B3C1A393E4300452545 /* Debug */,
				18CE4B3D1A393E4300452545 /* Release */,
			);
			defaultConfigurationIsVisible = 0;
			defaultConfigurationName = Release;
		};
		18CE4B3E1A393E4300452545 /* Build configuration list for PBXNativeTarget "What's The Weather" */ = {
			isa = XCConfigurationList;
			buildConfigurations = (
				18CE4B3F1A393E4300452545 /* Debug */,
				18CE4B401A393E4300452545 /* Release */,
			);
			defaultConfigurationIsVisible = 0;
		};
		18CE4B411A393E4300452545 /* Build configuration list for PBXNativeTarget "What's The WeatherTests" */ = {
			isa = XCConfigurationList;
			buildConfigurations = (
				18CE4B421A393E4300452545 /* Debug */,
				18CE4B431A393E4300452545 /* Release */,
			);
			defaultConfigurationIsVisible = 0;
		};
/* End XCConfigurationList section */
	};
	rootObject = 18CE4B171A393E4300452545 /* Project object */;
}
