// !$*UTF8*$!
{
	archiveVersion = 1;
	classes = {
	};
	objectVersion = 46;
	objects = {

/* Begin PBXBuildFile section */
		184BF4BB1A4009A300CFDF46 /* AppDelegate.swift in Sources */ = {isa = PBXBuildFile; fileRef = 184BF4BA1A4009A300CFDF46 /* AppDelegate.swift */; };
		184BF4BD1A4009A300CFDF46 /* ViewController.swift in Sources */ = {isa = PBXBuildFile; fileRef = 184BF4BC1A4009A300CFDF46 /* ViewController.swift */; };
		184BF4C01A4009A300CFDF46 /* Main.storyboard in Resources */ = {isa = PBXBuildFile; fileRef = 184BF4BE1A4009A300CFDF46 /* Main.storyboard */; };
		184BF4C21A4009A300CFDF46 /* Images.xcassets in Resources */ = {isa = PBXBuildFile; fileRef = 184BF4C11A4009A300CFDF46 /* Images.xcassets */; };
		184BF4C51A4009A300CFDF46 /* LaunchScreen.xib in Resources */ = {isa = PBXBuildFile; fileRef = 184BF4C31A4009A300CFDF46 /* LaunchScreen.xib */; };
		184BF4D11A4009A300CFDF46 /* MusicTests.swift in Sources */ = {isa = PBXBuildFile; fileRef = 184BF4D01A4009A300CFDF46 /* MusicTests.swift */; };
		184BF4DD1A400B6A00CFDF46 /* naxienian.mp3 in Resources */ = {isa = PBXBuildFile; fileRef = 184BF4DC1A400B6A00CFDF46 /* naxienian.mp3 */; };
		184BF4DF1A400B9E00CFDF46 /* AVFoundation.framework in Frameworks */ = {isa = PBXBuildFile; fileRef = 184BF4DE1A400B9E00CFDF46 /* AVFoundation.framework */; };
		189983281A4017650000EF2B /* shuye.png in Resources */ = {isa = PBXBuildFile; fileRef = 189983271A4017650000EF2B /* shuye.png */; };
/* End PBXBuildFile section */

/* Begin PBXContainerItemProxy section */
		184BF4CB1A4009A300CFDF46 /* PBXContainerItemProxy */ = {
			isa = PBXContainerItemProxy;
			containerPortal = 184BF4AD1A4009A300CFDF46 /* Project object */;
			proxyType = 1;
			remoteGlobalIDString = 184BF4B41A4009A300CFDF46;
			remoteInfo = Music;
		};
/* End PBXContainerItemProxy section */

/* Begin PBXFileReference section */
		184BF4B51A4009A300CFDF46 /* Music.app */ = {isa = PBXFileReference; explicitFileType = wrapper.application; includeInIndex = 0; path = Music.app; sourceTree = BUILT_PRODUCTS_DIR; };
		184BF4B91A4009A300CFDF46 /* Info.plist */ = {isa = PBXFileReference; lastKnownFileType = text.plist.xml; path = Info.plist; sourceTree = "<group>"; };
		184BF4BA1A4009A300CFDF46 /* AppDelegate.swift */ = {isa = PBXFileReference; lastKnownFileType = sourcecode.swift; path = AppDelegate.swift; sourceTree = "<group>"; };
		184BF4BC1A4009A300CFDF46 /* ViewController.swift */ = {isa = PBXFileReference; lastKnownFileType = sourcecode.swift; path = ViewController.swift; sourceTree = "<group>"; };
		184BF4BF1A4009A300CFDF46 /* Base */ = {isa = PBXFileReference; lastKnownFileType = file.storyboard; name = Base; path = Base.lproj/Main.storyboard; sourceTree = "<group>"; };
		184BF4C11A4009A300CFDF46 /* Images.xcassets */ = {isa = PBXFileReference; lastKnownFileType = folder.assetcatalog; path = Images.xcassets; sourceTree = "<group>"; };
		184BF4C41A4009A300CFDF46 /* Base */ = {isa = PBXFileReference; lastKnownFileType = file.xib; name = Base; path = Base.lproj/LaunchScreen.xib; sourceTree = "<group>"; };
		184BF4CA1A4009A300CFDF46 /* MusicTests.xctest */ = {isa = PBXFileReference; explicitFileType = wrapper.cfbundle; includeInIndex = 0; path = MusicTests.xctest; sourceTree = BUILT_PRODUCTS_DIR; };
		184BF4CF1A4009A300CFDF46 /* Info.plist */ = {isa = PBXFileReference; lastKnownFileType = text.plist.xml; path = Info.plist; sourceTree = "<group>"; };
		184BF4D01A4009A300CFDF46 /* MusicTests.swift */ = {isa = PBXFileReference; lastKnownFileType = sourcecode.swift; path = MusicTests.swift; sourceTree = "<group>"; };
		184BF4DC1A400B6A00CFDF46 /* naxienian.mp3 */ = {isa = PBXFileReference; lastKnownFileType = audio.mp3; path = naxienian.mp3; sourceTree = "<group>"; };
		184BF4DE1A400B9E00CFDF46 /* AVFoundation.framework */ = {isa = PBXFileReference; lastKnownFileType = wrapper.framework; name = AVFoundation.framework; path = System/Library/Frameworks/AVFoundation.framework; sourceTree = SDKROOT; };
		189983271A4017650000EF2B /* shuye.png */ = {isa = PBXFileReference; lastKnownFileType = image.png; path = shuye.png; sourceTree = "<group>"; };
/* End PBXFileReference section */

/* Begin PBXFrameworksBuildPhase section */
		184BF4B21A4009A300CFDF46 /* Frameworks */ = {
			isa = PBXFrameworksBuildPhase;
			buildActionMask = 2147483647;
			files = (
				184BF4DF1A400B9E00CFDF46 /* AVFoundation.framework in Frameworks */,
			);
			runOnlyForDeploymentPostprocessing = 0;
		};
		184BF4C71A4009A300CFDF46 /* Frameworks */ = {
			isa = PBXFrameworksBuildPhase;
			buildActionMask = 2147483647;
			files = (
			);
			runOnlyForDeploymentPostprocessing = 0;
		};
/* End PBXFrameworksBuildPhase section */

/* Begin PBXGroup section */
		184BF4AC1A4009A300CFDF46 = {
			isa = PBXGroup;
			children = (
				184BF4DE1A400B9E00CFDF46 /* AVFoundation.framework */,
				184BF4B71A4009A300CFDF46 /* Music */,
				184BF4CD1A4009A300CFDF46 /* MusicTests */,
				184BF4B61A4009A300CFDF46 /* Products */,
			);
			sourceTree = "<group>";
		};
		184BF4B61A4009A300CFDF46 /* Products */ = {
			isa = PBXGroup;
			children = (
				184BF4B51A4009A300CFDF46 /* Music.app */,
				184BF4CA1A4009A300CFDF46 /* MusicTests.xctest */,
			);
			name = Products;
			sourceTree = "<group>";
		};
		184BF4B71A4009A300CFDF46 /* Music */ = {
			isa = PBXGroup;
			children = (
				189983271A4017650000EF2B /* shuye.png */,
				184BF4DC1A400B6A00CFDF46 /* naxienian.mp3 */,
				184BF4BA1A4009A300CFDF46 /* AppDelegate.swift */,
				184BF4BC1A4009A300CFDF46 /* ViewController.swift */,
				184BF4BE1A4009A300CFDF46 /* Main.storyboard */,
				184BF4C11A4009A300CFDF46 /* Images.xcassets */,
				184BF4C31A4009A300CFDF46 /* LaunchScreen.xib */,
				184BF4B81A4009A300CFDF46 /* Supporting Files */,
			);
			path = Music;
			sourceTree = "<group>";
		};
		184BF4B81A4009A300CFDF46 /* Supporting Files */ = {
			isa = PBXGroup;
			children = (
				184BF4B91A4009A300CFDF46 /* Info.plist */,
			);
			name = "Supporting Files";
			sourceTree = "<group>";
		};
		184BF4CD1A4009A300CFDF46 /* MusicTests */ = {
			isa = PBXGroup;
			children = (
				184BF4D01A4009A300CFDF46 /* MusicTests.swift */,
				184BF4CE1A4009A300CFDF46 /* Supporting Files */,
			);
			path = MusicTests;
			sourceTree = "<group>";
		};
		184BF4CE1A4009A300CFDF46 /* Supporting Files */ = {
			isa = PBXGroup;
			children = (
				184BF4CF1A4009A300CFDF46 /* Info.plist */,
			);
			name = "Supporting Files";
			sourceTree = "<group>";
		};
/* End PBXGroup section */

/* Begin PBXNativeTarget section */
		184BF4B41A4009A300CFDF46 /* Music */ = {
			isa = PBXNativeTarget;
			buildConfigurationList = 184BF4D41A4009A300CFDF46 /* Build configuration list for PBXNativeTarget "Music" */;
			buildPhases = (
				184BF4B11A4009A300CFDF46 /* Sources */,
				184BF4B21A4009A300CFDF46 /* Frameworks */,
				184BF4B31A4009A300CFDF46 /* Resources */,
			);
			buildRules = (
			);
			dependencies = (
			);
			name = Music;
			productName = Music;
			productReference = 184BF4B51A4009A300CFDF46 /* Music.app */;
			productType = "com.apple.product-type.application";
		};
		184BF4C91A4009A300CFDF46 /* MusicTests */ = {
			isa = PBXNativeTarget;
			buildConfigurationList = 184BF4D71A4009A300CFDF46 /* Build configuration list for PBXNativeTarget "MusicTests" */;
			buildPhases = (
				184BF4C61A4009A300CFDF46 /* Sources */,
				184BF4C71A4009A300CFDF46 /* Frameworks */,
				184BF4C81A4009A300CFDF46 /* Resources */,
			);
			buildRules = (
			);
			dependencies = (
				184BF4CC1A4009A300CFDF46 /* PBXTargetDependency */,
			);
			name = MusicTests;
			productName = MusicTests;
			productReference = 184BF4CA1A4009A300CFDF46 /* MusicTests.xctest */;
			productType = "com.apple.product-type.bundle.unit-test";
		};
/* End PBXNativeTarget section */

/* Begin PBXProject section */
		184BF4AD1A4009A300CFDF46 /* Project object */ = {
			isa = PBXProject;
			attributes = {
				LastUpgradeCheck = 0610;
				ORGANIZATIONNAME = Appfish;
				TargetAttributes = {
					184BF4B41A4009A300CFDF46 = {
						CreatedOnToolsVersion = 6.1.1;
					};
					184BF4C91A4009A300CFDF46 = {
						CreatedOnToolsVersion = 6.1.1;
						TestTargetID = 184BF4B41A4009A300CFDF46;
					};
				};
			};
			buildConfigurationList = 184BF4B01A4009A300CFDF46 /* Build configuration list for PBXProject "Music" */;
			compatibilityVersion = "Xcode 3.2";
			developmentRegion = English;
			hasScannedForEncodings = 0;
			knownRegions = (
				en,
				Base,
			);
			mainGroup = 184BF4AC1A4009A300CFDF46;
			productRefGroup = 184BF4B61A4009A300CFDF46 /* Products */;
			projectDirPath = "";
			projectRoot = "";
			targets = (
				184BF4B41A4009A300CFDF46 /* Music */,
				184BF4C91A4009A300CFDF46 /* MusicTests */,
			);
		};
/* End PBXProject section */

/* Begin PBXResourcesBuildPhase section */
		184BF4B31A4009A300CFDF46 /* Resources */ = {
			isa = PBXResourcesBuildPhase;
			buildActionMask = 2147483647;
			files = (
				184BF4C01A4009A300CFDF46 /* Main.storyboard in Resources */,
				184BF4C51A4009A300CFDF46 /* LaunchScreen.xib in Resources */,
				189983281A4017650000EF2B /* shuye.png in Resources */,
				184BF4DD1A400B6A00CFDF46 /* naxienian.mp3 in Resources */,
				184BF4C21A4009A300CFDF46 /* Images.xcassets in Resources */,
			);
			runOnlyForDeploymentPostprocessing = 0;
		};
		184BF4C81A4009A300CFDF46 /* Resources */ = {
			isa = PBXResourcesBuildPhase;
			buildActionMask = 2147483647;
			files = (
			);
			runOnlyForDeploymentPostprocessing = 0;
		};
/* End PBXResourcesBuildPhase section */

/* Begin PBXSourcesBuildPhase section */
		184BF4B11A4009A300CFDF46 /* Sources */ = {
			isa = PBXSourcesBuildPhase;
			buildActionMask = 2147483647;
			files = (
				184BF4BD1A4009A300CFDF46 /* ViewController.swift in Sources */,
				184BF4BB1A4009A300CFDF46 /* AppDelegate.swift in Sources */,
			);
			runOnlyForDeploymentPostprocessing = 0;
		};
		184BF4C61A4009A300CFDF46 /* Sources */ = {
			isa = PBXSourcesBuildPhase;
			buildActionMask = 2147483647;
			files = (
				184BF4D11A4009A300CFDF46 /* MusicTests.swift in Sources */,
			);
			runOnlyForDeploymentPostprocessing = 0;
		};
/* End PBXSourcesBuildPhase section */

/* Begin PBXTargetDependency section */
		184BF4CC1A4009A300CFDF46 /* PBXTargetDependency */ = {
			isa = PBXTargetDependency;
			target = 184BF4B41A4009A300CFDF46 /* Music */;
			targetProxy = 184BF4CB1A4009A300CFDF46 /* PBXContainerItemProxy */;
		};
/* End PBXTargetDependency section */

/* Begin PBXVariantGroup section */
		184BF4BE1A4009A300CFDF46 /* Main.storyboard */ = {
			isa = PBXVariantGroup;
			children = (
				184BF4BF1A4009A300CFDF46 /* Base */,
			);
			name = Main.storyboard;
			sourceTree = "<group>";
		};
		184BF4C31A4009A300CFDF46 /* LaunchScreen.xib */ = {
			isa = PBXVariantGroup;
			children = (
				184BF4C41A4009A300CFDF46 /* Base */,
			);
			name = LaunchScreen.xib;
			sourceTree = "<group>";
		};
/* End PBXVariantGroup section */

/* Begin XCBuildConfiguration section */
		184BF4D21A4009A300CFDF46 /* Debug */ = {
			isa = XCBuildConfiguration;
			buildSettings = {
				ALWAYS_SEARCH_USER_PATHS = NO;
				CLANG_CXX_LANGUAGE_STANDARD = "gnu++0x";
				CLANG_CXX_LIBRARY = "libc++";
				CLANG_ENABLE_MODULES = YES;
				CLANG_ENABLE_OBJC_ARC = YES;
				CLANG_WARN_BOOL_CONVERSION = YES;
				CLANG_WARN_CONSTANT_CONVERSION = YES;
				CLANG_WARN_DIRECT_OBJC_ISA_USAGE = YES_ERROR;
				CLANG_WARN_EMPTY_BODY = YES;
				CLANG_WARN_ENUM_CONVERSION = YES;
				CLANG_WARN_INT_CONVERSION = YES;
				CLANG_WARN_OBJC_ROOT_CLASS = YES_ERROR;
				CLANG_WARN_UNREACHABLE_CODE = YES;
				CLANG_WARN__DUPLICATE_METHOD_MATCH = YES;
				"CODE_SIGN_IDENTITY[sdk=iphoneos*]" = "iPhone Developer";
				COPY_PHASE_STRIP = NO;
				ENABLE_STRICT_OBJC_MSGSEND = YES;
				GCC_C_LANGUAGE_STANDARD = gnu99;
				GCC_DYNAMIC_NO_PIC = NO;
				GCC_OPTIMIZATION_LEVEL = 0;
				GCC_PREPROCESSOR_DEFINITIONS = (
					"DEBUG=1",
					"$(inherited)",
				);
				GCC_SYMBOLS_PRIVATE_EXTERN = NO;
				GCC_WARN_64_TO_32_BIT_CONVERSION = YES;
				GCC_WARN_ABOUT_RETURN_TYPE = YES_ERROR;
				GCC_WARN_UNDECLARED_SELECTOR = YES;
				GCC_WARN_UNINITIALIZED_AUTOS = YES_AGGRESSIVE;
				GCC_WARN_UNUSED_FUNCTION = YES;
				GCC_WARN_UNUSED_VARIABLE = YES;
				IPHONEOS_DEPLOYMENT_TARGET = 8.1;
				MTL_ENABLE_DEBUG_INFO = YES;
				ONLY_ACTIVE_ARCH = YES;
				SDKROOT = iphoneos;
				SWIFT_OPTIMIZATION_LEVEL = "-Onone";
			};
			name = Debug;
		};
		184BF4D31A4009A300CFDF46 /* Release */ = {
			isa = XCBuildConfiguration;
			buildSettings = {
				ALWAYS_SEARCH_USER_PATHS = NO;
				CLANG_CXX_LANGUAGE_STANDARD = "gnu++0x";
				CLANG_CXX_LIBRARY = "libc++";
				CLANG_ENABLE_MODULES = YES;
				CLANG_ENABLE_OBJC_ARC = YES;
				CLANG_WARN_BOOL_CONVERSION = YES;
				CLANG_WARN_CONSTANT_CONVERSION = YES;
				CLANG_WARN_DIRECT_OBJC_ISA_USAGE = YES_ERROR;
				CLANG_WARN_EMPTY_BODY = YES;
				CLANG_WARN_ENUM_CONVERSION = YES;
				CLANG_WARN_INT_CONVERSION = YES;
				CLANG_WARN_OBJC_ROOT_CLASS = YES_ERROR;
				CLANG_WARN_UNREACHABLE_CODE = YES;
				CLANG_WARN__DUPLICATE_METHOD_MATCH = YES;
				"CODE_SIGN_IDENTITY[sdk=iphoneos*]" = "iPhone Developer";
				COPY_PHASE_STRIP = YES;
				ENABLE_NS_ASSERTIONS = NO;
				ENABLE_STRICT_OBJC_MSGSEND = YES;
				GCC_C_LANGUAGE_STANDARD = gnu99;
				GCC_WARN_64_TO_32_BIT_CONVERSION = YES;
				GCC_WARN_ABOUT_RETURN_TYPE = YES_ERROR;
				GCC_WARN_UNDECLARED_SELECTOR = YES;
				GCC_WARN_UNINITIALIZED_AUTOS = YES_AGGRESSIVE;
				GCC_WARN_UNUSED_FUNCTION = YES;
				GCC_WARN_UNUSED_VARIABLE = YES;
				IPHONEOS_DEPLOYMENT_TARGET = 8.1;
				MTL_ENABLE_DEBUG_INFO = NO;
				SDKROOT = iphoneos;
				VALIDATE_PRODUCT = YES;
			};
			name = Release;
		};
		184BF4D51A4009A300CFDF46 /* Debug */ = {
			isa = XCBuildConfiguration;
			buildSettings = {
				ASSETCATALOG_COMPILER_APPICON_NAME = AppIcon;
				INFOPLIST_FILE = Music/Info.plist;
				LD_RUNPATH_SEARCH_PATHS = "$(inherited) @executable_path/Frameworks";
				PRODUCT_NAME = "$(TARGET_NAME)";
			};
			name = Debug;
		};
		184BF4D61A4009A300CFDF46 /* Release */ = {
			isa = XCBuildConfiguration;
			buildSettings = {
				ASSETCATALOG_COMPILER_APPICON_NAME = AppIcon;
				INFOPLIST_FILE = Music/Info.plist;
				LD_RUNPATH_SEARCH_PATHS = "$(inherited) @executable_path/Frameworks";
				PRODUCT_NAME = "$(TARGET_NAME)";
			};
			name = Release;
		};
		184BF4D81A4009A300CFDF46 /* Debug */ = {
			isa = XCBuildConfiguration;
			buildSettings = {
				BUNDLE_LOADER = "$(TEST_HOST)";
				FRAMEWORK_SEARCH_PATHS = (
					"$(SDKROOT)/Developer/Library/Frameworks",
					"$(inherited)",
				);
				GCC_PREPROCESSOR_DEFINITIONS = (
					"DEBUG=1",
					"$(inherited)",
				);
				INFOPLIST_FILE = MusicTests/Info.plist;
				LD_RUNPATH_SEARCH_PATHS = "$(inherited) @executable_path/Frameworks @loader_path/Frameworks";
				PRODUCT_NAME = "$(TARGET_NAME)";
				TEST_HOST = "$(BUILT_PRODUCTS_DIR)/Music.app/Music";
			};
			name = Debug;
		};
		184BF4D91A4009A300CFDF46 /* Release */ = {
			isa = XCBuildConfiguration;
			buildSettings = {
				BUNDLE_LOADER = "$(TEST_HOST)";
				FRAMEWORK_SEARCH_PATHS = (
					"$(SDKROOT)/Developer/Library/Frameworks",
					"$(inherited)",
				);
				INFOPLIST_FILE = MusicTests/Info.plist;
				LD_RUNPATH_SEARCH_PATHS = "$(inherited) @executable_path/Frameworks @loader_path/Frameworks";
				PRODUCT_NAME = "$(TARGET_NAME)";
				TEST_HOST = "$(BUILT_PRODUCTS_DIR)/Music.app/Music";
			};
			name = Release;
		};
/* End XCBuildConfiguration section */

/* Begin XCConfigurationList section */
		184BF4B01A4009A300CFDF46 /* Build configuration list for PBXProject "Music" */ = {
			isa = XCConfigurationList;
			buildConfigurations = (
				184BF4D21A4009A300CFDF46 /* Debug */,
				184BF4D31A4009A300CFDF46 /* Release */,
			);
			defaultConfigurationIsVisible = 0;
			defaultConfigurationName = Release;
		};
		184BF4D41A4009A300CFDF46 /* Build configuration list for PBXNativeTarget "Music" */ = {
			isa = XCConfigurationList;
			buildConfigurations = (
				184BF4D51A4009A300CFDF46 /* Debug */,
				184BF4D61A4009A300CFDF46 /* Release */,
			);
			defaultConfigurationIsVisible = 0;
			defaultConfigurationName = Release;
		};
		184BF4D71A4009A300CFDF46 /* Build configuration list for PBXNativeTarget "MusicTests" */ = {
			isa = XCConfigurationList;
			buildConfigurations = (
				184BF4D81A4009A300CFDF46 /* Debug */,
				184BF4D91A4009A300CFDF46 /* Release */,
			);
			defaultConfigurationIsVisible = 0;
			defaultConfigurationName = Release;
		};
/* End XCConfigurationList section */
	};
	rootObject = 184BF4AD1A4009A300CFDF46 /* Project object */;
}
